
Microsoft Visual Studio Solution File, Format Version 12.00
# Visual Studio Version 17
VisualStudioVersion = 17.7.34031.279
MinimumVisualStudioVersion = 10.0.40219.1
Project("{8BC9CEB8-8B4A-11D0-8D11-00A0C91BC942}") = "Bai002", "Bai002\Bai002.vcxproj", "{CE09CAFD-AE80-4E84-9B4F-42812D1A89C7}"
EndProject
Project("{8BC9CEB8-8B4A-11D0-8D11-00A0C91BC942}") = "Bai007", "Bai007\Bai007.vcxproj", "{84B74089-0A75-4B3F-9545-8AE3D0A3E6C8}"
EndProject
Project("{8BC9CEB8-8B4A-11D0-8D11-00A0C91BC942}") = "Bai012", "Bai012\Bai012.vcxproj", "{101B05EB-8FB4-43B9-8682-79290AE29366}"
EndProject
Project("{8BC9CEB8-8B4A-11D0-8D11-00A0C91BC942}") = "Bai017", "Bai017\Bai017.vcxproj", "{EDBDA1F5-8A68-4BDC-A7F7-889A581F5E65}"
EndProject
Project("{8BC9CEB8-8B4A-11D0-8D11-00A0C91BC942}") = "Bai022", "Bai022\Bai022.vcxproj", "{DAC9F0E9-3011-48EA-B556-F809159DE835}"
EndProject
Project("{8BC9CEB8-8B4A-11D0-8D11-00A0C91BC942}") = "Bai027", "Bai027\Bai027.vcxproj", "{0AE7B2CE-0FDB-4761-B07A-AA8C1421EAEC}"
EndProject
Project("{8BC9CEB8-8B4A-11D0-8D11-00A0C91BC942}") = "Bai032", "Bai032\Bai032.vcxproj", "{81A2929E-D37F-453C-A397-FEA8EDA43414}"
EndProject
Project("{8BC9CEB8-8B4A-11D0-8D11-00A0C91BC942}") = "Bai037", "Bai037\Bai037.vcxproj", "{4CCE41EF-4F13-4D88-AD11-4E9B8B6A0CA9}"
EndProject
Project("{8BC9CEB8-8B4A-11D0-8D11-00A0C91BC942}") = "Bai042", "Bai042\Bai042.vcxproj", "{E56D210D-F1BE-4766-87CE-3DA49828484F}"
EndProject
Project("{8BC9CEB8-8B4A-11D0-8D11-00A0C91BC942}") = "Bai047", "Bai047\Bai047.vcxproj", "{89AADB07-66D9-4C78-B55A-1618C1C33336}"
EndProject
Project("{8BC9CEB8-8B4A-11D0-8D11-00A0C91BC942}") = "Bai052", "Bai052\Bai052.vcxproj", "{8EBC7169-31C3-4DCC-80A7-112382C8396F}"
EndProject
Project("{8BC9CEB8-8B4A-11D0-8D11-00A0C91BC942}") = "Bai057", "Bai057\Bai057.vcxproj", "{C769277A-E955-406C-9A2E-B57B565DBBFF}"
EndProject
Project("{8BC9CEB8-8B4A-11D0-8D11-00A0C91BC942}") = "Bai062", "Bai062\Bai062.vcxproj", "{DAB7A625-E6ED-488B-9527-1D1A019AA9C1}"
EndProject
Project("{8BC9CEB8-8B4A-11D0-8D11-00A0C91BC942}") = "Bai067", "Bai067\Bai067.vcxproj", "{3661FD2D-F84E-41A1-8A33-75F5078DF2B3}"
EndProject
Project("{8BC9CEB8-8B4A-11D0-8D11-00A0C91BC942}") = "Bai072", "Bai072\Bai072.vcxproj", "{08BD47B7-C066-4B04-9EF8-A8712281B4BB}"
EndProject
Project("{8BC9CEB8-8B4A-11D0-8D11-00A0C91BC942}") = "Bai077", "Bai077\Bai077.vcxproj", "{F76EAB71-FE16-4673-83EA-9F11E4BC8557}"
EndProject
Project("{8BC9CEB8-8B4A-11D0-8D11-00A0C91BC942}") = "Bai082", "Bai082\Bai082.vcxproj", "{E45A3AB5-B405-4AB3-BB34-C92ECD5745E6}"
EndProject
Project("{8BC9CEB8-8B4A-11D0-8D11-00A0C91BC942}") = "Bai087", "Bai087\Bai087.vcxproj", "{B54F7E36-B65E-4792-92AF-97165254CE01}"
EndProject
Project("{8BC9CEB8-8B4A-11D0-8D11-00A0C91BC942}") = "Bai092", "Bai092\Bai092.vcxproj", "{3196ADCF-5506-4D73-92D0-497B2A92ACF0}"
EndProject
Project("{8BC9CEB8-8B4A-11D0-8D11-00A0C91BC942}") = "Bai097", "Bai097\Bai097.vcxproj", "{9145872D-0008-4C15-8DB7-31EE19852A18}"
EndProject
Project("{8BC9CEB8-8B4A-11D0-8D11-00A0C91BC942}") = "Bai102", "Bai105\Bai105.vcxproj", "{2E6F0EF8-74C2-4596-900A-F6B8B690406E}"
EndProject
Project("{8BC9CEB8-8B4A-11D0-8D11-00A0C91BC942}") = "Bai107", "Bai107\Bai107.vcxproj", "{D7956BDB-2BCE-47FA-8136-C834A3D9C5E4}"
EndProject
Project("{8BC9CEB8-8B4A-11D0-8D11-00A0C91BC942}") = "Bai112", "Bai112\Bai112.vcxproj", "{93DFFFBE-0312-434A-8DD5-10A1ED4B4BB0}"
EndProject
Project("{8BC9CEB8-8B4A-11D0-8D11-00A0C91BC942}") = "Bai117", "Bai117\Bai117.vcxproj", "{1A8EC574-255B-448F-BD7C-6C9BCB6A160E}"
EndProject
Project("{8BC9CEB8-8B4A-11D0-8D11-00A0C91BC942}") = "Bai122", "Bai122\Bai122.vcxproj", "{6F89E96E-35E2-452A-A6CB-36A6E29871C4}"
EndProject
Project("{8BC9CEB8-8B4A-11D0-8D11-00A0C91BC942}") = "Bai127", "Bai127\Bai127.vcxproj", "{18750A0E-0D2D-484C-BCAF-286A8C49682B}"
EndProject
Project("{8BC9CEB8-8B4A-11D0-8D11-00A0C91BC942}") = "Bai132", "Bai132\Bai132.vcxproj", "{EE84AA85-28A3-4F97-AF24-E0C7A985CC34}"
EndProject
Project("{8BC9CEB8-8B4A-11D0-8D11-00A0C91BC942}") = "Bai137", "Bai137\Bai137.vcxproj", "{A2A5A8EF-348B-4DE7-AC63-E1B3F9E7E935}"
EndProject
Project("{8BC9CEB8-8B4A-11D0-8D11-00A0C91BC942}") = "Bai142", "Bai142\Bai142.vcxproj", "{66777731-5C9D-412E-85DB-4F37AF926D90}"
EndProject
Project("{8BC9CEB8-8B4A-11D0-8D11-00A0C91BC942}") = "Bai147", "Bai147\Bai147.vcxproj", "{C102784E-A5D5-48E5-81F1-09F98923395B}"
EndProject
Project("{8BC9CEB8-8B4A-11D0-8D11-00A0C91BC942}") = "Bai152", "Bai152\Bai152.vcxproj", "{1F949F55-4105-4373-A40B-B35F5BB27622}"
EndProject
Project("{8BC9CEB8-8B4A-11D0-8D11-00A0C91BC942}") = "Bai157", "Bai157\Bai157.vcxproj", "{B40CB93B-1BBE-4B16-A131-9BE264D7820D}"
EndProject
Project("{8BC9CEB8-8B4A-11D0-8D11-00A0C91BC942}") = "Bai162", "Bai162\Bai162.vcxproj", "{BDF1787C-C8D9-4C3E-84E7-4B212E52B1CC}"
EndProject
Project("{8BC9CEB8-8B4A-11D0-8D11-00A0C91BC942}") = "Bai167", "Bai167\Bai167.vcxproj", "{9514C719-C720-47B8-A3C4-1135647CEB5F}"
EndProject
Project("{8BC9CEB8-8B4A-11D0-8D11-00A0C91BC942}") = "Bai177", "Bai177\Bai177.vcxproj", "{1F026C0A-76DD-463B-98E9-D66E9E9E7CBA}"
EndProject
Project("{8BC9CEB8-8B4A-11D0-8D11-00A0C91BC942}") = "Bai182", "Bai182\Bai182.vcxproj", "{6645E867-C58D-4A91-8E01-73E297B3648B}"
EndProject
Project("{8BC9CEB8-8B4A-11D0-8D11-00A0C91BC942}") = "Bai187", "Bai187\Bai187.vcxproj", "{F60F4320-11B9-4467-A643-05C39EE3CF5A}"
EndProject
Project("{8BC9CEB8-8B4A-11D0-8D11-00A0C91BC942}") = "Bai192", "Bai192\Bai192.vcxproj", "{9C6E632C-AB8A-4A50-B52C-7DA777896603}"
EndProject
Project("{8BC9CEB8-8B4A-11D0-8D11-00A0C91BC942}") = "Bai197", "Bai197\Bai197.vcxproj", "{B5153357-ACBB-4B41-B943-ECCD4C096749}"
EndProject
Project("{8BC9CEB8-8B4A-11D0-8D11-00A0C91BC942}") = "Bai202", "Bai202\Bai202.vcxproj", "{21C9AF1E-240A-4980-A9F8-C8AF39CF3355}"
EndProject
Project("{8BC9CEB8-8B4A-11D0-8D11-00A0C91BC942}") = "Bai207", "Bai207\Bai207.vcxproj", "{3915EB68-C593-49CB-A654-68B0BF50CE2D}"
EndProject
Project("{8BC9CEB8-8B4A-11D0-8D11-00A0C91BC942}") = "Bai212", "Bai212\Bai212.vcxproj", "{A31DA21F-9CD4-4555-9398-AED5C75B306A}"
EndProject
Project("{8BC9CEB8-8B4A-11D0-8D11-00A0C91BC942}") = "Bai217", "Bai217\Bai217.vcxproj", "{9111A307-AAE4-47B0-A2A3-4E455882B3F1}"
EndProject
Project("{8BC9CEB8-8B4A-11D0-8D11-00A0C91BC942}") = "Bai222", "Bai222\Bai222.vcxproj", "{D0832D8E-8CA5-4CD3-B6DB-A43A9A8703C6}"
EndProject
Project("{8BC9CEB8-8B4A-11D0-8D11-00A0C91BC942}") = "Bai227", "Bai227\Bai227.vcxproj", "{6FC513F7-F6D2-4820-B225-0CA7870456FE}"
EndProject
Project("{8BC9CEB8-8B4A-11D0-8D11-00A0C91BC942}") = "Bai232", "Bai232\Bai232.vcxproj", "{56D3B047-A2C2-4EA5-AD24-41FA6C046C78}"
EndProject
Project("{8BC9CEB8-8B4A-11D0-8D11-00A0C91BC942}") = "Bai237", "Bai237\Bai237.vcxproj", "{45F7A043-A3F0-42D7-A545-A6710D6ECD34}"
EndProject
Project("{8BC9CEB8-8B4A-11D0-8D11-00A0C91BC942}") = "Bai242", "Bai242\Bai242.vcxproj", "{37AC9F18-25EF-4B30-925E-3F5CAD06614C}"
EndProject
Project("{8BC9CEB8-8B4A-11D0-8D11-00A0C91BC942}") = "Bai247", "Bai247\Bai247.vcxproj", "{F1C28018-5A47-4088-8BB6-0AD42A8159E3}"
EndProject
Project("{8BC9CEB8-8B4A-11D0-8D11-00A0C91BC942}") = "Bai252", "Bai252\Bai252.vcxproj", "{813B9990-C1BF-466E-B382-0F908F0843B2}"
EndProject
Project("{8BC9CEB8-8B4A-11D0-8D11-00A0C91BC942}") = "Bai257", "Bai257\Bai257.vcxproj", "{C66E60C2-C39E-4849-82C4-32E0574A3EBB}"
EndProject
Project("{8BC9CEB8-8B4A-11D0-8D11-00A0C91BC942}") = "Bai262", "Bai262\Bai262.vcxproj", "{391654FA-26D1-458A-A594-70053066E5BB}"
EndProject
Project("{8BC9CEB8-8B4A-11D0-8D11-00A0C91BC942}") = "Bai267", "Bai267\Bai267.vcxproj", "{75C32FDA-2E29-4516-89BD-617C09BCF911}"
EndProject
Project("{8BC9CEB8-8B4A-11D0-8D11-00A0C91BC942}") = "Bai272", "Bai272\Bai272.vcxproj", "{9A35ED10-3BCA-4D50-9165-19EE111CEDCB}"
EndProject
Project("{8BC9CEB8-8B4A-11D0-8D11-00A0C91BC942}") = "Bai277", "Bai277\Bai277.vcxproj", "{1199303C-CEF4-4358-B5EA-643812CBC8A9}"
EndProject
Project("{8BC9CEB8-8B4A-11D0-8D11-00A0C91BC942}") = "Bai282", "Bai282\Bai282.vcxproj", "{403E6E1B-344E-40C8-81CF-774F3FAC84A7}"
EndProject
Project("{8BC9CEB8-8B4A-11D0-8D11-00A0C91BC942}") = "Bai287", "Bai287\Bai287.vcxproj", "{ADE115C9-E7DB-47A8-B2AC-7DC2AF998677}"
EndProject
Project("{8BC9CEB8-8B4A-11D0-8D11-00A0C91BC942}") = "Bai172", "Bai172\Bai172.vcxproj", "{26F64DFB-1E21-407B-ABCE-A8020C3ABB4C}"
EndProject
Global
	GlobalSection(SolutionConfigurationPlatforms) = preSolution
		Debug|x64 = Debug|x64
		Debug|x86 = Debug|x86
		Release|x64 = Release|x64
		Release|x86 = Release|x86
	EndGlobalSection
	GlobalSection(ProjectConfigurationPlatforms) = postSolution
		{CE09CAFD-AE80-4E84-9B4F-42812D1A89C7}.Debug|x64.ActiveCfg = Debug|x64
		{CE09CAFD-AE80-4E84-9B4F-42812D1A89C7}.Debug|x64.Build.0 = Debug|x64
		{CE09CAFD-AE80-4E84-9B4F-42812D1A89C7}.Debug|x86.ActiveCfg = Debug|Win32
		{CE09CAFD-AE80-4E84-9B4F-42812D1A89C7}.Debug|x86.Build.0 = Debug|Win32
		{CE09CAFD-AE80-4E84-9B4F-42812D1A89C7}.Release|x64.ActiveCfg = Release|x64
		{CE09CAFD-AE80-4E84-9B4F-42812D1A89C7}.Release|x64.Build.0 = Release|x64
		{CE09CAFD-AE80-4E84-9B4F-42812D1A89C7}.Release|x86.ActiveCfg = Release|Win32
		{CE09CAFD-AE80-4E84-9B4F-42812D1A89C7}.Release|x86.Build.0 = Release|Win32
		{84B74089-0A75-4B3F-9545-8AE3D0A3E6C8}.Debug|x64.ActiveCfg = Debug|x64
		{84B74089-0A75-4B3F-9545-8AE3D0A3E6C8}.Debug|x64.Build.0 = Debug|x64
		{84B74089-0A75-4B3F-9545-8AE3D0A3E6C8}.Debug|x86.ActiveCfg = Debug|Win32
		{84B74089-0A75-4B3F-9545-8AE3D0A3E6C8}.Debug|x86.Build.0 = Debug|Win32
		{84B74089-0A75-4B3F-9545-8AE3D0A3E6C8}.Release|x64.ActiveCfg = Release|x64
		{84B74089-0A75-4B3F-9545-8AE3D0A3E6C8}.Release|x64.Build.0 = Release|x64
		{84B74089-0A75-4B3F-9545-8AE3D0A3E6C8}.Release|x86.ActiveCfg = Release|Win32
		{84B74089-0A75-4B3F-9545-8AE3D0A3E6C8}.Release|x86.Build.0 = Release|Win32
		{101B05EB-8FB4-43B9-8682-79290AE29366}.Debug|x64.ActiveCfg = Debug|x64
		{101B05EB-8FB4-43B9-8682-79290AE29366}.Debug|x64.Build.0 = Debug|x64
		{101B05EB-8FB4-43B9-8682-79290AE29366}.Debug|x86.ActiveCfg = Debug|Win32
		{101B05EB-8FB4-43B9-8682-79290AE29366}.Debug|x86.Build.0 = Debug|Win32
		{101B05EB-8FB4-43B9-8682-79290AE29366}.Release|x64.ActiveCfg = Release|x64
		{101B05EB-8FB4-43B9-8682-79290AE29366}.Release|x64.Build.0 = Release|x64
		{101B05EB-8FB4-43B9-8682-79290AE29366}.Release|x86.ActiveCfg = Release|Win32
		{101B05EB-8FB4-43B9-8682-79290AE29366}.Release|x86.Build.0 = Release|Win32
		{EDBDA1F5-8A68-4BDC-A7F7-889A581F5E65}.Debug|x64.ActiveCfg = Debug|x64
		{EDBDA1F5-8A68-4BDC-A7F7-889A581F5E65}.Debug|x64.Build.0 = Debug|x64
		{EDBDA1F5-8A68-4BDC-A7F7-889A581F5E65}.Debug|x86.ActiveCfg = Debug|Win32
		{EDBDA1F5-8A68-4BDC-A7F7-889A581F5E65}.Debug|x86.Build.0 = Debug|Win32
		{EDBDA1F5-8A68-4BDC-A7F7-889A581F5E65}.Release|x64.ActiveCfg = Release|x64
		{EDBDA1F5-8A68-4BDC-A7F7-889A581F5E65}.Release|x64.Build.0 = Release|x64
		{EDBDA1F5-8A68-4BDC-A7F7-889A581F5E65}.Release|x86.ActiveCfg = Release|Win32
		{EDBDA1F5-8A68-4BDC-A7F7-889A581F5E65}.Release|x86.Build.0 = Release|Win32
		{DAC9F0E9-3011-48EA-B556-F809159DE835}.Debug|x64.ActiveCfg = Debug|x64
		{DAC9F0E9-3011-48EA-B556-F809159DE835}.Debug|x64.Build.0 = Debug|x64
		{DAC9F0E9-3011-48EA-B556-F809159DE835}.Debug|x86.ActiveCfg = Debug|Win32
		{DAC9F0E9-3011-48EA-B556-F809159DE835}.Debug|x86.Build.0 = Debug|Win32
		{DAC9F0E9-3011-48EA-B556-F809159DE835}.Release|x64.ActiveCfg = Release|x64
		{DAC9F0E9-3011-48EA-B556-F809159DE835}.Release|x64.Build.0 = Release|x64
		{DAC9F0E9-3011-48EA-B556-F809159DE835}.Release|x86.ActiveCfg = Release|Win32
		{DAC9F0E9-3011-48EA-B556-F809159DE835}.Release|x86.Build.0 = Release|Win32
		{0AE7B2CE-0FDB-4761-B07A-AA8C1421EAEC}.Debug|x64.ActiveCfg = Debug|x64
		{0AE7B2CE-0FDB-4761-B07A-AA8C1421EAEC}.Debug|x64.Build.0 = Debug|x64
		{0AE7B2CE-0FDB-4761-B07A-AA8C1421EAEC}.Debug|x86.ActiveCfg = Debug|Win32
		{0AE7B2CE-0FDB-4761-B07A-AA8C1421EAEC}.Debug|x86.Build.0 = Debug|Win32
		{0AE7B2CE-0FDB-4761-B07A-AA8C1421EAEC}.Release|x64.ActiveCfg = Release|x64
		{0AE7B2CE-0FDB-4761-B07A-AA8C1421EAEC}.Release|x64.Build.0 = Release|x64
		{0AE7B2CE-0FDB-4761-B07A-AA8C1421EAEC}.Release|x86.ActiveCfg = Release|Win32
		{0AE7B2CE-0FDB-4761-B07A-AA8C1421EAEC}.Release|x86.Build.0 = Release|Win32
		{81A2929E-D37F-453C-A397-FEA8EDA43414}.Debug|x64.ActiveCfg = Debug|x64
		{81A2929E-D37F-453C-A397-FEA8EDA43414}.Debug|x64.Build.0 = Debug|x64
		{81A2929E-D37F-453C-A397-FEA8EDA43414}.Debug|x86.ActiveCfg = Debug|Win32
		{81A2929E-D37F-453C-A397-FEA8EDA43414}.Debug|x86.Build.0 = Debug|Win32
		{81A2929E-D37F-453C-A397-FEA8EDA43414}.Release|x64.ActiveCfg = Release|x64
		{81A2929E-D37F-453C-A397-FEA8EDA43414}.Release|x64.Build.0 = Release|x64
		{81A2929E-D37F-453C-A397-FEA8EDA43414}.Release|x86.ActiveCfg = Release|Win32
		{81A2929E-D37F-453C-A397-FEA8EDA43414}.Release|x86.Build.0 = Release|Win32
		{4CCE41EF-4F13-4D88-AD11-4E9B8B6A0CA9}.Debug|x64.ActiveCfg = Debug|x64
		{4CCE41EF-4F13-4D88-AD11-4E9B8B6A0CA9}.Debug|x64.Build.0 = Debug|x64
		{4CCE41EF-4F13-4D88-AD11-4E9B8B6A0CA9}.Debug|x86.ActiveCfg = Debug|Win32
		{4CCE41EF-4F13-4D88-AD11-4E9B8B6A0CA9}.Debug|x86.Build.0 = Debug|Win32
		{4CCE41EF-4F13-4D88-AD11-4E9B8B6A0CA9}.Release|x64.ActiveCfg = Release|x64
		{4CCE41EF-4F13-4D88-AD11-4E9B8B6A0CA9}.Release|x64.Build.0 = Release|x64
		{4CCE41EF-4F13-4D88-AD11-4E9B8B6A0CA9}.Release|x86.ActiveCfg = Release|Win32
		{4CCE41EF-4F13-4D88-AD11-4E9B8B6A0CA9}.Release|x86.Build.0 = Release|Win32
		{E56D210D-F1BE-4766-87CE-3DA49828484F}.Debug|x64.ActiveCfg = Debug|x64
		{E56D210D-F1BE-4766-87CE-3DA49828484F}.Debug|x64.Build.0 = Debug|x64
		{E56D210D-F1BE-4766-87CE-3DA49828484F}.Debug|x86.ActiveCfg = Debug|Win32
		{E56D210D-F1BE-4766-87CE-3DA49828484F}.Debug|x86.Build.0 = Debug|Win32
		{E56D210D-F1BE-4766-87CE-3DA49828484F}.Release|x64.ActiveCfg = Release|x64
		{E56D210D-F1BE-4766-87CE-3DA49828484F}.Release|x64.Build.0 = Release|x64
		{E56D210D-F1BE-4766-87CE-3DA49828484F}.Release|x86.ActiveCfg = Release|Win32
		{E56D210D-F1BE-4766-87CE-3DA49828484F}.Release|x86.Build.0 = Release|Win32
		{89AADB07-66D9-4C78-B55A-1618C1C33336}.Debug|x64.ActiveCfg = Debug|x64
		{89AADB07-66D9-4C78-B55A-1618C1C33336}.Debug|x64.Build.0 = Debug|x64
		{89AADB07-66D9-4C78-B55A-1618C1C33336}.Debug|x86.ActiveCfg = Debug|Win32
		{89AADB07-66D9-4C78-B55A-1618C1C33336}.Debug|x86.Build.0 = Debug|Win32
		{89AADB07-66D9-4C78-B55A-1618C1C33336}.Release|x64.ActiveCfg = Release|x64
		{89AADB07-66D9-4C78-B55A-1618C1C33336}.Release|x64.Build.0 = Release|x64
		{89AADB07-66D9-4C78-B55A-1618C1C33336}.Release|x86.ActiveCfg = Release|Win32
		{89AADB07-66D9-4C78-B55A-1618C1C33336}.Release|x86.Build.0 = Release|Win32
		{8EBC7169-31C3-4DCC-80A7-112382C8396F}.Debug|x64.ActiveCfg = Debug|x64
		{8EBC7169-31C3-4DCC-80A7-112382C8396F}.Debug|x64.Build.0 = Debug|x64
		{8EBC7169-31C3-4DCC-80A7-112382C8396F}.Debug|x86.ActiveCfg = Debug|Win32
		{8EBC7169-31C3-4DCC-80A7-112382C8396F}.Debug|x86.Build.0 = Debug|Win32
		{8EBC7169-31C3-4DCC-80A7-112382C8396F}.Release|x64.ActiveCfg = Release|x64
		{8EBC7169-31C3-4DCC-80A7-112382C8396F}.Release|x64.Build.0 = Release|x64
		{8EBC7169-31C3-4DCC-80A7-112382C8396F}.Release|x86.ActiveCfg = Release|Win32
		{8EBC7169-31C3-4DCC-80A7-112382C8396F}.Release|x86.Build.0 = Release|Win32
		{C769277A-E955-406C-9A2E-B57B565DBBFF}.Debug|x64.ActiveCfg = Debug|x64
		{C769277A-E955-406C-9A2E-B57B565DBBFF}.Debug|x64.Build.0 = Debug|x64
		{C769277A-E955-406C-9A2E-B57B565DBBFF}.Debug|x86.ActiveCfg = Debug|Win32
		{C769277A-E955-406C-9A2E-B57B565DBBFF}.Debug|x86.Build.0 = Debug|Win32
		{C769277A-E955-406C-9A2E-B57B565DBBFF}.Release|x64.ActiveCfg = Release|x64
		{C769277A-E955-406C-9A2E-B57B565DBBFF}.Release|x64.Build.0 = Release|x64
		{C769277A-E955-406C-9A2E-B57B565DBBFF}.Release|x86.ActiveCfg = Release|Win32
		{C769277A-E955-406C-9A2E-B57B565DBBFF}.Release|x86.Build.0 = Release|Win32
		{DAB7A625-E6ED-488B-9527-1D1A019AA9C1}.Debug|x64.ActiveCfg = Debug|x64
		{DAB7A625-E6ED-488B-9527-1D1A019AA9C1}.Debug|x64.Build.0 = Debug|x64
		{DAB7A625-E6ED-488B-9527-1D1A019AA9C1}.Debug|x86.ActiveCfg = Debug|Win32
		{DAB7A625-E6ED-488B-9527-1D1A019AA9C1}.Debug|x86.Build.0 = Debug|Win32
		{DAB7A625-E6ED-488B-9527-1D1A019AA9C1}.Release|x64.ActiveCfg = Release|x64
		{DAB7A625-E6ED-488B-9527-1D1A019AA9C1}.Release|x64.Build.0 = Release|x64
		{DAB7A625-E6ED-488B-9527-1D1A019AA9C1}.Release|x86.ActiveCfg = Release|Win32
		{DAB7A625-E6ED-488B-9527-1D1A019AA9C1}.Release|x86.Build.0 = Release|Win32
		{3661FD2D-F84E-41A1-8A33-75F5078DF2B3}.Debug|x64.ActiveCfg = Debug|x64
		{3661FD2D-F84E-41A1-8A33-75F5078DF2B3}.Debug|x64.Build.0 = Debug|x64
		{3661FD2D-F84E-41A1-8A33-75F5078DF2B3}.Debug|x86.ActiveCfg = Debug|Win32
		{3661FD2D-F84E-41A1-8A33-75F5078DF2B3}.Debug|x86.Build.0 = Debug|Win32
		{3661FD2D-F84E-41A1-8A33-75F5078DF2B3}.Release|x64.ActiveCfg = Release|x64
		{3661FD2D-F84E-41A1-8A33-75F5078DF2B3}.Release|x64.Build.0 = Release|x64
		{3661FD2D-F84E-41A1-8A33-75F5078DF2B3}.Release|x86.ActiveCfg = Release|Win32
		{3661FD2D-F84E-41A1-8A33-75F5078DF2B3}.Release|x86.Build.0 = Release|Win32
		{08BD47B7-C066-4B04-9EF8-A8712281B4BB}.Debug|x64.ActiveCfg = Debug|x64
		{08BD47B7-C066-4B04-9EF8-A8712281B4BB}.Debug|x64.Build.0 = Debug|x64
		{08BD47B7-C066-4B04-9EF8-A8712281B4BB}.Debug|x86.ActiveCfg = Debug|Win32
		{08BD47B7-C066-4B04-9EF8-A8712281B4BB}.Debug|x86.Build.0 = Debug|Win32
		{08BD47B7-C066-4B04-9EF8-A8712281B4BB}.Release|x64.ActiveCfg = Release|x64
		{08BD47B7-C066-4B04-9EF8-A8712281B4BB}.Release|x64.Build.0 = Release|x64
		{08BD47B7-C066-4B04-9EF8-A8712281B4BB}.Release|x86.ActiveCfg = Release|Win32
		{08BD47B7-C066-4B04-9EF8-A8712281B4BB}.Release|x86.Build.0 = Release|Win32
		{F76EAB71-FE16-4673-83EA-9F11E4BC8557}.Debug|x64.ActiveCfg = Debug|x64
		{F76EAB71-FE16-4673-83EA-9F11E4BC8557}.Debug|x64.Build.0 = Debug|x64
		{F76EAB71-FE16-4673-83EA-9F11E4BC8557}.Debug|x86.ActiveCfg = Debug|Win32
		{F76EAB71-FE16-4673-83EA-9F11E4BC8557}.Debug|x86.Build.0 = Debug|Win32
		{F76EAB71-FE16-4673-83EA-9F11E4BC8557}.Release|x64.ActiveCfg = Release|x64
		{F76EAB71-FE16-4673-83EA-9F11E4BC8557}.Release|x64.Build.0 = Release|x64
		{F76EAB71-FE16-4673-83EA-9F11E4BC8557}.Release|x86.ActiveCfg = Release|Win32
		{F76EAB71-FE16-4673-83EA-9F11E4BC8557}.Release|x86.Build.0 = Release|Win32
		{E45A3AB5-B405-4AB3-BB34-C92ECD5745E6}.Debug|x64.ActiveCfg = Debug|x64
		{E45A3AB5-B405-4AB3-BB34-C92ECD5745E6}.Debug|x64.Build.0 = Debug|x64
		{E45A3AB5-B405-4AB3-BB34-C92ECD5745E6}.Debug|x86.ActiveCfg = Debug|Win32
		{E45A3AB5-B405-4AB3-BB34-C92ECD5745E6}.Debug|x86.Build.0 = Debug|Win32
		{E45A3AB5-B405-4AB3-BB34-C92ECD5745E6}.Release|x64.ActiveCfg = Release|x64
		{E45A3AB5-B405-4AB3-BB34-C92ECD5745E6}.Release|x64.Build.0 = Release|x64
		{E45A3AB5-B405-4AB3-BB34-C92ECD5745E6}.Release|x86.ActiveCfg = Release|Win32
		{E45A3AB5-B405-4AB3-BB34-C92ECD5745E6}.Release|x86.Build.0 = Release|Win32
		{B54F7E36-B65E-4792-92AF-97165254CE01}.Debug|x64.ActiveCfg = Debug|x64
		{B54F7E36-B65E-4792-92AF-97165254CE01}.Debug|x64.Build.0 = Debug|x64
		{B54F7E36-B65E-4792-92AF-97165254CE01}.Debug|x86.ActiveCfg = Debug|Win32
		{B54F7E36-B65E-4792-92AF-97165254CE01}.Debug|x86.Build.0 = Debug|Win32
		{B54F7E36-B65E-4792-92AF-97165254CE01}.Release|x64.ActiveCfg = Release|x64
		{B54F7E36-B65E-4792-92AF-97165254CE01}.Release|x64.Build.0 = Release|x64
		{B54F7E36-B65E-4792-92AF-97165254CE01}.Release|x86.ActiveCfg = Release|Win32
		{B54F7E36-B65E-4792-92AF-97165254CE01}.Release|x86.Build.0 = Release|Win32
		{3196ADCF-5506-4D73-92D0-497B2A92ACF0}.Debug|x64.ActiveCfg = Debug|x64
		{3196ADCF-5506-4D73-92D0-497B2A92ACF0}.Debug|x64.Build.0 = Debug|x64
		{3196ADCF-5506-4D73-92D0-497B2A92ACF0}.Debug|x86.ActiveCfg = Debug|Win32
		{3196ADCF-5506-4D73-92D0-497B2A92ACF0}.Debug|x86.Build.0 = Debug|Win32
		{3196ADCF-5506-4D73-92D0-497B2A92ACF0}.Release|x64.ActiveCfg = Release|x64
		{3196ADCF-5506-4D73-92D0-497B2A92ACF0}.Release|x64.Build.0 = Release|x64
		{3196ADCF-5506-4D73-92D0-497B2A92ACF0}.Release|x86.ActiveCfg = Release|Win32
		{3196ADCF-5506-4D73-92D0-497B2A92ACF0}.Release|x86.Build.0 = Release|Win32
		{9145872D-0008-4C15-8DB7-31EE19852A18}.Debug|x64.ActiveCfg = Debug|x64
		{9145872D-0008-4C15-8DB7-31EE19852A18}.Debug|x64.Build.0 = Debug|x64
		{9145872D-0008-4C15-8DB7-31EE19852A18}.Debug|x86.ActiveCfg = Debug|Win32
		{9145872D-0008-4C15-8DB7-31EE19852A18}.Debug|x86.Build.0 = Debug|Win32
		{9145872D-0008-4C15-8DB7-31EE19852A18}.Release|x64.ActiveCfg = Release|x64
		{9145872D-0008-4C15-8DB7-31EE19852A18}.Release|x64.Build.0 = Release|x64
		{9145872D-0008-4C15-8DB7-31EE19852A18}.Release|x86.ActiveCfg = Release|Win32
		{9145872D-0008-4C15-8DB7-31EE19852A18}.Release|x86.Build.0 = Release|Win32
		{2E6F0EF8-74C2-4596-900A-F6B8B690406E}.Debug|x64.ActiveCfg = Debug|x64
		{2E6F0EF8-74C2-4596-900A-F6B8B690406E}.Debug|x64.Build.0 = Debug|x64
		{2E6F0EF8-74C2-4596-900A-F6B8B690406E}.Debug|x86.ActiveCfg = Debug|Win32
		{2E6F0EF8-74C2-4596-900A-F6B8B690406E}.Debug|x86.Build.0 = Debug|Win32
		{2E6F0EF8-74C2-4596-900A-F6B8B690406E}.Release|x64.ActiveCfg = Release|x64
		{2E6F0EF8-74C2-4596-900A-F6B8B690406E}.Release|x64.Build.0 = Release|x64
		{2E6F0EF8-74C2-4596-900A-F6B8B690406E}.Release|x86.ActiveCfg = Release|Win32
		{2E6F0EF8-74C2-4596-900A-F6B8B690406E}.Release|x86.Build.0 = Release|Win32
		{D7956BDB-2BCE-47FA-8136-C834A3D9C5E4}.Debug|x64.ActiveCfg = Debug|x64
		{D7956BDB-2BCE-47FA-8136-C834A3D9C5E4}.Debug|x64.Build.0 = Debug|x64
		{D7956BDB-2BCE-47FA-8136-C834A3D9C5E4}.Debug|x86.ActiveCfg = Debug|Win32
		{D7956BDB-2BCE-47FA-8136-C834A3D9C5E4}.Debug|x86.Build.0 = Debug|Win32
		{D7956BDB-2BCE-47FA-8136-C834A3D9C5E4}.Release|x64.ActiveCfg = Release|x64
		{D7956BDB-2BCE-47FA-8136-C834A3D9C5E4}.Release|x64.Build.0 = Release|x64
		{D7956BDB-2BCE-47FA-8136-C834A3D9C5E4}.Release|x86.ActiveCfg = Release|Win32
		{D7956BDB-2BCE-47FA-8136-C834A3D9C5E4}.Release|x86.Build.0 = Release|Win32
		{93DFFFBE-0312-434A-8DD5-10A1ED4B4BB0}.Debug|x64.ActiveCfg = Debug|x64
		{93DFFFBE-0312-434A-8DD5-10A1ED4B4BB0}.Debug|x64.Build.0 = Debug|x64
		{93DFFFBE-0312-434A-8DD5-10A1ED4B4BB0}.Debug|x86.ActiveCfg = Debug|Win32
		{93DFFFBE-0312-434A-8DD5-10A1ED4B4BB0}.Debug|x86.Build.0 = Debug|Win32
		{93DFFFBE-0312-434A-8DD5-10A1ED4B4BB0}.Release|x64.ActiveCfg = Release|x64
		{93DFFFBE-0312-434A-8DD5-10A1ED4B4BB0}.Release|x64.Build.0 = Release|x64
		{93DFFFBE-0312-434A-8DD5-10A1ED4B4BB0}.Release|x86.ActiveCfg = Release|Win32
		{93DFFFBE-0312-434A-8DD5-10A1ED4B4BB0}.Release|x86.Build.0 = Release|Win32
		{1A8EC574-255B-448F-BD7C-6C9BCB6A160E}.Debug|x64.ActiveCfg = Debug|x64
		{1A8EC574-255B-448F-BD7C-6C9BCB6A160E}.Debug|x64.Build.0 = Debug|x64
		{1A8EC574-255B-448F-BD7C-6C9BCB6A160E}.Debug|x86.ActiveCfg = Debug|Win32
		{1A8EC574-255B-448F-BD7C-6C9BCB6A160E}.Debug|x86.Build.0 = Debug|Win32
		{1A8EC574-255B-448F-BD7C-6C9BCB6A160E}.Release|x64.ActiveCfg = Release|x64
		{1A8EC574-255B-448F-BD7C-6C9BCB6A160E}.Release|x64.Build.0 = Release|x64
		{1A8EC574-255B-448F-BD7C-6C9BCB6A160E}.Release|x86.ActiveCfg = Release|Win32
		{1A8EC574-255B-448F-BD7C-6C9BCB6A160E}.Release|x86.Build.0 = Release|Win32
		{6F89E96E-35E2-452A-A6CB-36A6E29871C4}.Debug|x64.ActiveCfg = Debug|x64
		{6F89E96E-35E2-452A-A6CB-36A6E29871C4}.Debug|x64.Build.0 = Debug|x64
		{6F89E96E-35E2-452A-A6CB-36A6E29871C4}.Debug|x86.ActiveCfg = Debug|Win32
		{6F89E96E-35E2-452A-A6CB-36A6E29871C4}.Debug|x86.Build.0 = Debug|Win32
		{6F89E96E-35E2-452A-A6CB-36A6E29871C4}.Release|x64.ActiveCfg = Release|x64
		{6F89E96E-35E2-452A-A6CB-36A6E29871C4}.Release|x64.Build.0 = Release|x64
		{6F89E96E-35E2-452A-A6CB-36A6E29871C4}.Release|x86.ActiveCfg = Release|Win32
		{6F89E96E-35E2-452A-A6CB-36A6E29871C4}.Release|x86.Build.0 = Release|Win32
		{18750A0E-0D2D-484C-BCAF-286A8C49682B}.Debug|x64.ActiveCfg = Debug|x64
		{18750A0E-0D2D-484C-BCAF-286A8C49682B}.Debug|x64.Build.0 = Debug|x64
		{18750A0E-0D2D-484C-BCAF-286A8C49682B}.Debug|x86.ActiveCfg = Debug|Win32
		{18750A0E-0D2D-484C-BCAF-286A8C49682B}.Debug|x86.Build.0 = Debug|Win32
		{18750A0E-0D2D-484C-BCAF-286A8C49682B}.Release|x64.ActiveCfg = Release|x64
		{18750A0E-0D2D-484C-BCAF-286A8C49682B}.Release|x64.Build.0 = Release|x64
		{18750A0E-0D2D-484C-BCAF-286A8C49682B}.Release|x86.ActiveCfg = Release|Win32
		{18750A0E-0D2D-484C-BCAF-286A8C49682B}.Release|x86.Build.0 = Release|Win32
		{EE84AA85-28A3-4F97-AF24-E0C7A985CC34}.Debug|x64.ActiveCfg = Debug|x64
		{EE84AA85-28A3-4F97-AF24-E0C7A985CC34}.Debug|x64.Build.0 = Debug|x64
		{EE84AA85-28A3-4F97-AF24-E0C7A985CC34}.Debug|x86.ActiveCfg = Debug|Win32
		{EE84AA85-28A3-4F97-AF24-E0C7A985CC34}.Debug|x86.Build.0 = Debug|Win32
		{EE84AA85-28A3-4F97-AF24-E0C7A985CC34}.Release|x64.ActiveCfg = Release|x64
		{EE84AA85-28A3-4F97-AF24-E0C7A985CC34}.Release|x64.Build.0 = Release|x64
		{EE84AA85-28A3-4F97-AF24-E0C7A985CC34}.Release|x86.ActiveCfg = Release|Win32
		{EE84AA85-28A3-4F97-AF24-E0C7A985CC34}.Release|x86.Build.0 = Release|Win32
		{A2A5A8EF-348B-4DE7-AC63-E1B3F9E7E935}.Debug|x64.ActiveCfg = Debug|x64
		{A2A5A8EF-348B-4DE7-AC63-E1B3F9E7E935}.Debug|x64.Build.0 = Debug|x64
		{A2A5A8EF-348B-4DE7-AC63-E1B3F9E7E935}.Debug|x86.ActiveCfg = Debug|Win32
		{A2A5A8EF-348B-4DE7-AC63-E1B3F9E7E935}.Debug|x86.Build.0 = Debug|Win32
		{A2A5A8EF-348B-4DE7-AC63-E1B3F9E7E935}.Release|x64.ActiveCfg = Release|x64
		{A2A5A8EF-348B-4DE7-AC63-E1B3F9E7E935}.Release|x64.Build.0 = Release|x64
		{A2A5A8EF-348B-4DE7-AC63-E1B3F9E7E935}.Release|x86.ActiveCfg = Release|Win32
		{A2A5A8EF-348B-4DE7-AC63-E1B3F9E7E935}.Release|x86.Build.0 = Release|Win32
		{66777731-5C9D-412E-85DB-4F37AF926D90}.Debug|x64.ActiveCfg = Debug|x64
		{66777731-5C9D-412E-85DB-4F37AF926D90}.Debug|x64.Build.0 = Debug|x64
		{66777731-5C9D-412E-85DB-4F37AF926D90}.Debug|x86.ActiveCfg = Debug|Win32
		{66777731-5C9D-412E-85DB-4F37AF926D90}.Debug|x86.Build.0 = Debug|Win32
		{66777731-5C9D-412E-85DB-4F37AF926D90}.Release|x64.ActiveCfg = Release|x64
		{66777731-5C9D-412E-85DB-4F37AF926D90}.Release|x64.Build.0 = Release|x64
		{66777731-5C9D-412E-85DB-4F37AF926D90}.Release|x86.ActiveCfg = Release|Win32
		{66777731-5C9D-412E-85DB-4F37AF926D90}.Release|x86.Build.0 = Release|Win32
		{C102784E-A5D5-48E5-81F1-09F98923395B}.Debug|x64.ActiveCfg = Debug|x64
		{C102784E-A5D5-48E5-81F1-09F98923395B}.Debug|x64.Build.0 = Debug|x64
		{C102784E-A5D5-48E5-81F1-09F98923395B}.Debug|x86.ActiveCfg = Debug|Win32
		{C102784E-A5D5-48E5-81F1-09F98923395B}.Debug|x86.Build.0 = Debug|Win32
		{C102784E-A5D5-48E5-81F1-09F98923395B}.Release|x64.ActiveCfg = Release|x64
		{C102784E-A5D5-48E5-81F1-09F98923395B}.Release|x64.Build.0 = Release|x64
		{C102784E-A5D5-48E5-81F1-09F98923395B}.Release|x86.ActiveCfg = Release|Win32
		{C102784E-A5D5-48E5-81F1-09F98923395B}.Release|x86.Build.0 = Release|Win32
		{1F949F55-4105-4373-A40B-B35F5BB27622}.Debug|x64.ActiveCfg = Debug|x64
		{1F949F55-4105-4373-A40B-B35F5BB27622}.Debug|x64.Build.0 = Debug|x64
		{1F949F55-4105-4373-A40B-B35F5BB27622}.Debug|x86.ActiveCfg = Debug|Win32
		{1F949F55-4105-4373-A40B-B35F5BB27622}.Debug|x86.Build.0 = Debug|Win32
		{1F949F55-4105-4373-A40B-B35F5BB27622}.Release|x64.ActiveCfg = Release|x64
		{1F949F55-4105-4373-A40B-B35F5BB27622}.Release|x64.Build.0 = Release|x64
		{1F949F55-4105-4373-A40B-B35F5BB27622}.Release|x86.ActiveCfg = Release|Win32
		{1F949F55-4105-4373-A40B-B35F5BB27622}.Release|x86.Build.0 = Release|Win32
		{B40CB93B-1BBE-4B16-A131-9BE264D7820D}.Debug|x64.ActiveCfg = Debug|x64
		{B40CB93B-1BBE-4B16-A131-9BE264D7820D}.Debug|x64.Build.0 = Debug|x64
		{B40CB93B-1BBE-4B16-A131-9BE264D7820D}.Debug|x86.ActiveCfg = Debug|Win32
		{B40CB93B-1BBE-4B16-A131-9BE264D7820D}.Debug|x86.Build.0 = Debug|Win32
		{B40CB93B-1BBE-4B16-A131-9BE264D7820D}.Release|x64.ActiveCfg = Release|x64
		{B40CB93B-1BBE-4B16-A131-9BE264D7820D}.Release|x64.Build.0 = Release|x64
		{B40CB93B-1BBE-4B16-A131-9BE264D7820D}.Release|x86.ActiveCfg = Release|Win32
		{B40CB93B-1BBE-4B16-A131-9BE264D7820D}.Release|x86.Build.0 = Release|Win32
		{BDF1787C-C8D9-4C3E-84E7-4B212E52B1CC}.Debug|x64.ActiveCfg = Debug|x64
		{BDF1787C-C8D9-4C3E-84E7-4B212E52B1CC}.Debug|x64.Build.0 = Debug|x64
		{BDF1787C-C8D9-4C3E-84E7-4B212E52B1CC}.Debug|x86.ActiveCfg = Debug|Win32
		{BDF1787C-C8D9-4C3E-84E7-4B212E52B1CC}.Debug|x86.Build.0 = Debug|Win32
		{BDF1787C-C8D9-4C3E-84E7-4B212E52B1CC}.Release|x64.ActiveCfg = Release|x64
		{BDF1787C-C8D9-4C3E-84E7-4B212E52B1CC}.Release|x64.Build.0 = Release|x64
		{BDF1787C-C8D9-4C3E-84E7-4B212E52B1CC}.Release|x86.ActiveCfg = Release|Win32
		{BDF1787C-C8D9-4C3E-84E7-4B212E52B1CC}.Release|x86.Build.0 = Release|Win32
		{9514C719-C720-47B8-A3C4-1135647CEB5F}.Debug|x64.ActiveCfg = Debug|x64
		{9514C719-C720-47B8-A3C4-1135647CEB5F}.Debug|x64.Build.0 = Debug|x64
		{9514C719-C720-47B8-A3C4-1135647CEB5F}.Debug|x86.ActiveCfg = Debug|Win32
		{9514C719-C720-47B8-A3C4-1135647CEB5F}.Debug|x86.Build.0 = Debug|Win32
		{9514C719-C720-47B8-A3C4-1135647CEB5F}.Release|x64.ActiveCfg = Release|x64
		{9514C719-C720-47B8-A3C4-1135647CEB5F}.Release|x64.Build.0 = Release|x64
		{9514C719-C720-47B8-A3C4-1135647CEB5F}.Release|x86.ActiveCfg = Release|Win32
		{9514C719-C720-47B8-A3C4-1135647CEB5F}.Release|x86.Build.0 = Release|Win32
		{1F026C0A-76DD-463B-98E9-D66E9E9E7CBA}.Debug|x64.ActiveCfg = Debug|x64
		{1F026C0A-76DD-463B-98E9-D66E9E9E7CBA}.Debug|x64.Build.0 = Debug|x64
		{1F026C0A-76DD-463B-98E9-D66E9E9E7CBA}.Debug|x86.ActiveCfg = Debug|Win32
		{1F026C0A-76DD-463B-98E9-D66E9E9E7CBA}.Debug|x86.Build.0 = Debug|Win32
		{1F026C0A-76DD-463B-98E9-D66E9E9E7CBA}.Release|x64.ActiveCfg = Release|x64
		{1F026C0A-76DD-463B-98E9-D66E9E9E7CBA}.Release|x64.Build.0 = Release|x64
		{1F026C0A-76DD-463B-98E9-D66E9E9E7CBA}.Release|x86.ActiveCfg = Release|Win32
		{1F026C0A-76DD-463B-98E9-D66E9E9E7CBA}.Release|x86.Build.0 = Release|Win32
		{6645E867-C58D-4A91-8E01-73E297B3648B}.Debug|x64.ActiveCfg = Debug|x64
		{6645E867-C58D-4A91-8E01-73E297B3648B}.Debug|x64.Build.0 = Debug|x64
		{6645E867-C58D-4A91-8E01-73E297B3648B}.Debug|x86.ActiveCfg = Debug|Win32
		{6645E867-C58D-4A91-8E01-73E297B3648B}.Debug|x86.Build.0 = Debug|Win32
		{6645E867-C58D-4A91-8E01-73E297B3648B}.Release|x64.ActiveCfg = Release|x64
		{6645E867-C58D-4A91-8E01-73E297B3648B}.Release|x64.Build.0 = Release|x64
		{6645E867-C58D-4A91-8E01-73E297B3648B}.Release|x86.ActiveCfg = Release|Win32
		{6645E867-C58D-4A91-8E01-73E297B3648B}.Release|x86.Build.0 = Release|Win32
		{F60F4320-11B9-4467-A643-05C39EE3CF5A}.Debug|x64.ActiveCfg = Debug|x64
		{F60F4320-11B9-4467-A643-05C39EE3CF5A}.Debug|x64.Build.0 = Debug|x64
		{F60F4320-11B9-4467-A643-05C39EE3CF5A}.Debug|x86.ActiveCfg = Debug|Win32
		{F60F4320-11B9-4467-A643-05C39EE3CF5A}.Debug|x86.Build.0 = Debug|Win32
		{F60F4320-11B9-4467-A643-05C39EE3CF5A}.Release|x64.ActiveCfg = Release|x64
		{F60F4320-11B9-4467-A643-05C39EE3CF5A}.Release|x64.Build.0 = Release|x64
		{F60F4320-11B9-4467-A643-05C39EE3CF5A}.Release|x86.ActiveCfg = Release|Win32
		{F60F4320-11B9-4467-A643-05C39EE3CF5A}.Release|x86.Build.0 = Release|Win32
		{9C6E632C-AB8A-4A50-B52C-7DA777896603}.Debug|x64.ActiveCfg = Debug|x64
		{9C6E632C-AB8A-4A50-B52C-7DA777896603}.Debug|x64.Build.0 = Debug|x64
		{9C6E632C-AB8A-4A50-B52C-7DA777896603}.Debug|x86.ActiveCfg = Debug|Win32
		{9C6E632C-AB8A-4A50-B52C-7DA777896603}.Debug|x86.Build.0 = Debug|Win32
		{9C6E632C-AB8A-4A50-B52C-7DA777896603}.Release|x64.ActiveCfg = Release|x64
		{9C6E632C-AB8A-4A50-B52C-7DA777896603}.Release|x64.Build.0 = Release|x64
		{9C6E632C-AB8A-4A50-B52C-7DA777896603}.Release|x86.ActiveCfg = Release|Win32
		{9C6E632C-AB8A-4A50-B52C-7DA777896603}.Release|x86.Build.0 = Release|Win32
		{B5153357-ACBB-4B41-B943-ECCD4C096749}.Debug|x64.ActiveCfg = Debug|x64
		{B5153357-ACBB-4B41-B943-ECCD4C096749}.Debug|x64.Build.0 = Debug|x64
		{B5153357-ACBB-4B41-B943-ECCD4C096749}.Debug|x86.ActiveCfg = Debug|Win32
		{B5153357-ACBB-4B41-B943-ECCD4C096749}.Debug|x86.Build.0 = Debug|Win32
		{B5153357-ACBB-4B41-B943-ECCD4C096749}.Release|x64.ActiveCfg = Release|x64
		{B5153357-ACBB-4B41-B943-ECCD4C096749}.Release|x64.Build.0 = Release|x64
		{B5153357-ACBB-4B41-B943-ECCD4C096749}.Release|x86.ActiveCfg = Release|Win32
		{B5153357-ACBB-4B41-B943-ECCD4C096749}.Release|x86.Build.0 = Release|Win32
		{21C9AF1E-240A-4980-A9F8-C8AF39CF3355}.Debug|x64.ActiveCfg = Debug|x64
		{21C9AF1E-240A-4980-A9F8-C8AF39CF3355}.Debug|x64.Build.0 = Debug|x64
		{21C9AF1E-240A-4980-A9F8-C8AF39CF3355}.Debug|x86.ActiveCfg = Debug|Win32
		{21C9AF1E-240A-4980-A9F8-C8AF39CF3355}.Debug|x86.Build.0 = Debug|Win32
		{21C9AF1E-240A-4980-A9F8-C8AF39CF3355}.Release|x64.ActiveCfg = Release|x64
		{21C9AF1E-240A-4980-A9F8-C8AF39CF3355}.Release|x64.Build.0 = Release|x64
		{21C9AF1E-240A-4980-A9F8-C8AF39CF3355}.Release|x86.ActiveCfg = Release|Win32
		{21C9AF1E-240A-4980-A9F8-C8AF39CF3355}.Release|x86.Build.0 = Release|Win32
		{3915EB68-C593-49CB-A654-68B0BF50CE2D}.Debug|x64.ActiveCfg = Debug|x64
		{3915EB68-C593-49CB-A654-68B0BF50CE2D}.Debug|x64.Build.0 = Debug|x64
		{3915EB68-C593-49CB-A654-68B0BF50CE2D}.Debug|x86.ActiveCfg = Debug|Win32
		{3915EB68-C593-49CB-A654-68B0BF50CE2D}.Debug|x86.Build.0 = Debug|Win32
		{3915EB68-C593-49CB-A654-68B0BF50CE2D}.Release|x64.ActiveCfg = Release|x64
		{3915EB68-C593-49CB-A654-68B0BF50CE2D}.Release|x64.Build.0 = Release|x64
		{3915EB68-C593-49CB-A654-68B0BF50CE2D}.Release|x86.ActiveCfg = Release|Win32
		{3915EB68-C593-49CB-A654-68B0BF50CE2D}.Release|x86.Build.0 = Release|Win32
		{A31DA21F-9CD4-4555-9398-AED5C75B306A}.Debug|x64.ActiveCfg = Debug|x64
		{A31DA21F-9CD4-4555-9398-AED5C75B306A}.Debug|x64.Build.0 = Debug|x64
		{A31DA21F-9CD4-4555-9398-AED5C75B306A}.Debug|x86.ActiveCfg = Debug|Win32
		{A31DA21F-9CD4-4555-9398-AED5C75B306A}.Debug|x86.Build.0 = Debug|Win32
		{A31DA21F-9CD4-4555-9398-AED5C75B306A}.Release|x64.ActiveCfg = Release|x64
		{A31DA21F-9CD4-4555-9398-AED5C75B306A}.Release|x64.Build.0 = Release|x64
		{A31DA21F-9CD4-4555-9398-AED5C75B306A}.Release|x86.ActiveCfg = Release|Win32
		{A31DA21F-9CD4-4555-9398-AED5C75B306A}.Release|x86.Build.0 = Release|Win32
		{9111A307-AAE4-47B0-A2A3-4E455882B3F1}.Debug|x64.ActiveCfg = Debug|x64
		{9111A307-AAE4-47B0-A2A3-4E455882B3F1}.Debug|x64.Build.0 = Debug|x64
		{9111A307-AAE4-47B0-A2A3-4E455882B3F1}.Debug|x86.ActiveCfg = Debug|Win32
		{9111A307-AAE4-47B0-A2A3-4E455882B3F1}.Debug|x86.Build.0 = Debug|Win32
		{9111A307-AAE4-47B0-A2A3-4E455882B3F1}.Release|x64.ActiveCfg = Release|x64
		{9111A307-AAE4-47B0-A2A3-4E455882B3F1}.Release|x64.Build.0 = Release|x64
		{9111A307-AAE4-47B0-A2A3-4E455882B3F1}.Release|x86.ActiveCfg = Release|Win32
		{9111A307-AAE4-47B0-A2A3-4E455882B3F1}.Release|x86.Build.0 = Release|Win32
		{D0832D8E-8CA5-4CD3-B6DB-A43A9A8703C6}.Debug|x64.ActiveCfg = Debug|x64
		{D0832D8E-8CA5-4CD3-B6DB-A43A9A8703C6}.Debug|x64.Build.0 = Debug|x64
		{D0832D8E-8CA5-4CD3-B6DB-A43A9A8703C6}.Debug|x86.ActiveCfg = Debug|Win32
		{D0832D8E-8CA5-4CD3-B6DB-A43A9A8703C6}.Debug|x86.Build.0 = Debug|Win32
		{D0832D8E-8CA5-4CD3-B6DB-A43A9A8703C6}.Release|x64.ActiveCfg = Release|x64
		{D0832D8E-8CA5-4CD3-B6DB-A43A9A8703C6}.Release|x64.Build.0 = Release|x64
		{D0832D8E-8CA5-4CD3-B6DB-A43A9A8703C6}.Release|x86.ActiveCfg = Release|Win32
		{D0832D8E-8CA5-4CD3-B6DB-A43A9A8703C6}.Release|x86.Build.0 = Release|Win32
		{6FC513F7-F6D2-4820-B225-0CA7870456FE}.Debug|x64.ActiveCfg = Debug|x64
		{6FC513F7-F6D2-4820-B225-0CA7870456FE}.Debug|x64.Build.0 = Debug|x64
		{6FC513F7-F6D2-4820-B225-0CA7870456FE}.Debug|x86.ActiveCfg = Debug|Win32
		{6FC513F7-F6D2-4820-B225-0CA7870456FE}.Debug|x86.Build.0 = Debug|Win32
		{6FC513F7-F6D2-4820-B225-0CA7870456FE}.Release|x64.ActiveCfg = Release|x64
		{6FC513F7-F6D2-4820-B225-0CA7870456FE}.Release|x64.Build.0 = Release|x64
		{6FC513F7-F6D2-4820-B225-0CA7870456FE}.Release|x86.ActiveCfg = Release|Win32
		{6FC513F7-F6D2-4820-B225-0CA7870456FE}.Release|x86.Build.0 = Release|Win32
		{56D3B047-A2C2-4EA5-AD24-41FA6C046C78}.Debug|x64.ActiveCfg = Debug|x64
		{56D3B047-A2C2-4EA5-AD24-41FA6C046C78}.Debug|x64.Build.0 = Debug|x64
		{56D3B047-A2C2-4EA5-AD24-41FA6C046C78}.Debug|x86.ActiveCfg = Debug|Win32
		{56D3B047-A2C2-4EA5-AD24-41FA6C046C78}.Debug|x86.Build.0 = Debug|Win32
		{56D3B047-A2C2-4EA5-AD24-41FA6C046C78}.Release|x64.ActiveCfg = Release|x64
		{56D3B047-A2C2-4EA5-AD24-41FA6C046C78}.Release|x64.Build.0 = Release|x64
		{56D3B047-A2C2-4EA5-AD24-41FA6C046C78}.Release|x86.ActiveCfg = Release|Win32
		{56D3B047-A2C2-4EA5-AD24-41FA6C046C78}.Release|x86.Build.0 = Release|Win32
		{45F7A043-A3F0-42D7-A545-A6710D6ECD34}.Debug|x64.ActiveCfg = Debug|x64
		{45F7A043-A3F0-42D7-A545-A6710D6ECD34}.Debug|x64.Build.0 = Debug|x64
		{45F7A043-A3F0-42D7-A545-A6710D6ECD34}.Debug|x86.ActiveCfg = Debug|Win32
		{45F7A043-A3F0-42D7-A545-A6710D6ECD34}.Debug|x86.Build.0 = Debug|Win32
		{45F7A043-A3F0-42D7-A545-A6710D6ECD34}.Release|x64.ActiveCfg = Release|x64
		{45F7A043-A3F0-42D7-A545-A6710D6ECD34}.Release|x64.Build.0 = Release|x64
		{45F7A043-A3F0-42D7-A545-A6710D6ECD34}.Release|x86.ActiveCfg = Release|Win32
		{45F7A043-A3F0-42D7-A545-A6710D6ECD34}.Release|x86.Build.0 = Release|Win32
		{37AC9F18-25EF-4B30-925E-3F5CAD06614C}.Debug|x64.ActiveCfg = Debug|x64
		{37AC9F18-25EF-4B30-925E-3F5CAD06614C}.Debug|x64.Build.0 = Debug|x64
		{37AC9F18-25EF-4B30-925E-3F5CAD06614C}.Debug|x86.ActiveCfg = Debug|Win32
		{37AC9F18-25EF-4B30-925E-3F5CAD06614C}.Debug|x86.Build.0 = Debug|Win32
		{37AC9F18-25EF-4B30-925E-3F5CAD06614C}.Release|x64.ActiveCfg = Release|x64
		{37AC9F18-25EF-4B30-925E-3F5CAD06614C}.Release|x64.Build.0 = Release|x64
		{37AC9F18-25EF-4B30-925E-3F5CAD06614C}.Release|x86.ActiveCfg = Release|Win32
		{37AC9F18-25EF-4B30-925E-3F5CAD06614C}.Release|x86.Build.0 = Release|Win32
		{F1C28018-5A47-4088-8BB6-0AD42A8159E3}.Debug|x64.ActiveCfg = Debug|x64
		{F1C28018-5A47-4088-8BB6-0AD42A8159E3}.Debug|x64.Build.0 = Debug|x64
		{F1C28018-5A47-4088-8BB6-0AD42A8159E3}.Debug|x86.ActiveCfg = Debug|Win32
		{F1C28018-5A47-4088-8BB6-0AD42A8159E3}.Debug|x86.Build.0 = Debug|Win32
		{F1C28018-5A47-4088-8BB6-0AD42A8159E3}.Release|x64.ActiveCfg = Release|x64
		{F1C28018-5A47-4088-8BB6-0AD42A8159E3}.Release|x64.Build.0 = Release|x64
		{F1C28018-5A47-4088-8BB6-0AD42A8159E3}.Release|x86.ActiveCfg = Release|Win32
		{F1C28018-5A47-4088-8BB6-0AD42A8159E3}.Release|x86.Build.0 = Release|Win32
		{813B9990-C1BF-466E-B382-0F908F0843B2}.Debug|x64.ActiveCfg = Debug|x64
		{813B9990-C1BF-466E-B382-0F908F0843B2}.Debug|x64.Build.0 = Debug|x64
		{813B9990-C1BF-466E-B382-0F908F0843B2}.Debug|x86.ActiveCfg = Debug|Win32
		{813B9990-C1BF-466E-B382-0F908F0843B2}.Debug|x86.Build.0 = Debug|Win32
		{813B9990-C1BF-466E-B382-0F908F0843B2}.Release|x64.ActiveCfg = Release|x64
		{813B9990-C1BF-466E-B382-0F908F0843B2}.Release|x64.Build.0 = Release|x64
		{813B9990-C1BF-466E-B382-0F908F0843B2}.Release|x86.ActiveCfg = Release|Win32
		{813B9990-C1BF-466E-B382-0F908F0843B2}.Release|x86.Build.0 = Release|Win32
		{C66E60C2-C39E-4849-82C4-32E0574A3EBB}.Debug|x64.ActiveCfg = Debug|x64
		{C66E60C2-C39E-4849-82C4-32E0574A3EBB}.Debug|x64.Build.0 = Debug|x64
		{C66E60C2-C39E-4849-82C4-32E0574A3EBB}.Debug|x86.ActiveCfg = Debug|Win32
		{C66E60C2-C39E-4849-82C4-32E0574A3EBB}.Debug|x86.Build.0 = Debug|Win32
		{C66E60C2-C39E-4849-82C4-32E0574A3EBB}.Release|x64.ActiveCfg = Release|x64
		{C66E60C2-C39E-4849-82C4-32E0574A3EBB}.Release|x64.Build.0 = Release|x64
		{C66E60C2-C39E-4849-82C4-32E0574A3EBB}.Release|x86.ActiveCfg = Release|Win32
		{C66E60C2-C39E-4849-82C4-32E0574A3EBB}.Release|x86.Build.0 = Release|Win32
		{391654FA-26D1-458A-A594-70053066E5BB}.Debug|x64.ActiveCfg = Debug|x64
		{391654FA-26D1-458A-A594-70053066E5BB}.Debug|x64.Build.0 = Debug|x64
		{391654FA-26D1-458A-A594-70053066E5BB}.Debug|x86.ActiveCfg = Debug|Win32
		{391654FA-26D1-458A-A594-70053066E5BB}.Debug|x86.Build.0 = Debug|Win32
		{391654FA-26D1-458A-A594-70053066E5BB}.Release|x64.ActiveCfg = Release|x64
		{391654FA-26D1-458A-A594-70053066E5BB}.Release|x64.Build.0 = Release|x64
		{391654FA-26D1-458A-A594-70053066E5BB}.Release|x86.ActiveCfg = Release|Win32
		{391654FA-26D1-458A-A594-70053066E5BB}.Release|x86.Build.0 = Release|Win32
		{75C32FDA-2E29-4516-89BD-617C09BCF911}.Debug|x64.ActiveCfg = Debug|x64
		{75C32FDA-2E29-4516-89BD-617C09BCF911}.Debug|x64.Build.0 = Debug|x64
		{75C32FDA-2E29-4516-89BD-617C09BCF911}.Debug|x86.ActiveCfg = Debug|Win32
		{75C32FDA-2E29-4516-89BD-617C09BCF911}.Debug|x86.Build.0 = Debug|Win32
		{75C32FDA-2E29-4516-89BD-617C09BCF911}.Release|x64.ActiveCfg = Release|x64
		{75C32FDA-2E29-4516-89BD-617C09BCF911}.Release|x64.Build.0 = Release|x64
		{75C32FDA-2E29-4516-89BD-617C09BCF911}.Release|x86.ActiveCfg = Release|Win32
		{75C32FDA-2E29-4516-89BD-617C09BCF911}.Release|x86.Build.0 = Release|Win32
		{9A35ED10-3BCA-4D50-9165-19EE111CEDCB}.Debug|x64.ActiveCfg = Debug|x64
		{9A35ED10-3BCA-4D50-9165-19EE111CEDCB}.Debug|x64.Build.0 = Debug|x64
		{9A35ED10-3BCA-4D50-9165-19EE111CEDCB}.Debug|x86.ActiveCfg = Debug|Win32
		{9A35ED10-3BCA-4D50-9165-19EE111CEDCB}.Debug|x86.Build.0 = Debug|Win32
		{9A35ED10-3BCA-4D50-9165-19EE111CEDCB}.Release|x64.ActiveCfg = Release|x64
		{9A35ED10-3BCA-4D50-9165-19EE111CEDCB}.Release|x64.Build.0 = Release|x64
		{9A35ED10-3BCA-4D50-9165-19EE111CEDCB}.Release|x86.ActiveCfg = Release|Win32
		{9A35ED10-3BCA-4D50-9165-19EE111CEDCB}.Release|x86.Build.0 = Release|Win32
		{1199303C-CEF4-4358-B5EA-643812CBC8A9}.Debug|x64.ActiveCfg = Debug|x64
		{1199303C-CEF4-4358-B5EA-643812CBC8A9}.Debug|x64.Build.0 = Debug|x64
		{1199303C-CEF4-4358-B5EA-643812CBC8A9}.Debug|x86.ActiveCfg = Debug|Win32
		{1199303C-CEF4-4358-B5EA-643812CBC8A9}.Debug|x86.Build.0 = Debug|Win32
		{1199303C-CEF4-4358-B5EA-643812CBC8A9}.Release|x64.ActiveCfg = Release|x64
		{1199303C-CEF4-4358-B5EA-643812CBC8A9}.Release|x64.Build.0 = Release|x64
		{1199303C-CEF4-4358-B5EA-643812CBC8A9}.Release|x86.ActiveCfg = Release|Win32
		{1199303C-CEF4-4358-B5EA-643812CBC8A9}.Release|x86.Build.0 = Release|Win32
		{403E6E1B-344E-40C8-81CF-774F3FAC84A7}.Debug|x64.ActiveCfg = Debug|x64
		{403E6E1B-344E-40C8-81CF-774F3FAC84A7}.Debug|x64.Build.0 = Debug|x64
		{403E6E1B-344E-40C8-81CF-774F3FAC84A7}.Debug|x86.ActiveCfg = Debug|Win32
		{403E6E1B-344E-40C8-81CF-774F3FAC84A7}.Debug|x86.Build.0 = Debug|Win32
		{403E6E1B-344E-40C8-81CF-774F3FAC84A7}.Release|x64.ActiveCfg = Release|x64
		{403E6E1B-344E-40C8-81CF-774F3FAC84A7}.Release|x64.Build.0 = Release|x64
		{403E6E1B-344E-40C8-81CF-774F3FAC84A7}.Release|x86.ActiveCfg = Release|Win32
		{403E6E1B-344E-40C8-81CF-774F3FAC84A7}.Release|x86.Build.0 = Release|Win32
		{ADE115C9-E7DB-47A8-B2AC-7DC2AF998677}.Debug|x64.ActiveCfg = Debug|x64
		{ADE115C9-E7DB-47A8-B2AC-7DC2AF998677}.Debug|x64.Build.0 = Debug|x64
		{ADE115C9-E7DB-47A8-B2AC-7DC2AF998677}.Debug|x86.ActiveCfg = Debug|Win32
		{ADE115C9-E7DB-47A8-B2AC-7DC2AF998677}.Debug|x86.Build.0 = Debug|Win32
		{ADE115C9-E7DB-47A8-B2AC-7DC2AF998677}.Release|x64.ActiveCfg = Release|x64
		{ADE115C9-E7DB-47A8-B2AC-7DC2AF998677}.Release|x64.Build.0 = Release|x64
		{ADE115C9-E7DB-47A8-B2AC-7DC2AF998677}.Release|x86.ActiveCfg = Release|Win32
		{ADE115C9-E7DB-47A8-B2AC-7DC2AF998677}.Release|x86.Build.0 = Release|Win32
		{26F64DFB-1E21-407B-ABCE-A8020C3ABB4C}.Debug|x64.ActiveCfg = Debug|x64
		{26F64DFB-1E21-407B-ABCE-A8020C3ABB4C}.Debug|x64.Build.0 = Debug|x64
		{26F64DFB-1E21-407B-ABCE-A8020C3ABB4C}.Debug|x86.ActiveCfg = Debug|Win32
		{26F64DFB-1E21-407B-ABCE-A8020C3ABB4C}.Debug|x86.Build.0 = Debug|Win32
		{26F64DFB-1E21-407B-ABCE-A8020C3ABB4C}.Release|x64.ActiveCfg = Release|x64
		{26F64DFB-1E21-407B-ABCE-A8020C3ABB4C}.Release|x64.Build.0 = Release|x64
		{26F64DFB-1E21-407B-ABCE-A8020C3ABB4C}.Release|x86.ActiveCfg = Release|Win32
		{26F64DFB-1E21-407B-ABCE-A8020C3ABB4C}.Release|x86.Build.0 = Release|Win32
	EndGlobalSection
	GlobalSection(SolutionProperties) = preSolution
		HideSolutionNode = FALSE
	EndGlobalSection
	GlobalSection(ExtensibilityGlobals) = postSolution
		SolutionGuid = {C7169DE4-2397-42D3-A528-C17CE636A01A}
	EndGlobalSection
EndGlobal
