
Microsoft Visual Studio Solution File, Format Version 12.00
# Visual Studio Version 17
VisualStudioVersion = 17.7.34221.43
MinimumVisualStudioVersion = 10.0.40219.1
Project("{8BC9CEB8-8B4A-11D0-8D11-00A0C91BC942}") = "Bai004", "Bai004\Bai004.vcxproj", "{E967E179-5C89-42FF-A29A-120054418A9E}"
EndProject
Project("{8BC9CEB8-8B4A-11D0-8D11-00A0C91BC942}") = "Bai009", "Bai009\Bai009.vcxproj", "{5C010430-345A-4D27-A400-21B54A2148E3}"
EndProject
Project("{8BC9CEB8-8B4A-11D0-8D11-00A0C91BC942}") = "Bai014", "Bai014\Bai014.vcxproj", "{A8134F80-AB68-45A2-84E1-5ADF77AAAFEB}"
EndProject
Project("{8BC9CEB8-8B4A-11D0-8D11-00A0C91BC942}") = "Bai019", "Bai019\Bai019.vcxproj", "{1B5EA849-00CB-441A-B99A-C037435A4133}"
EndProject
Project("{8BC9CEB8-8B4A-11D0-8D11-00A0C91BC942}") = "Bai024", "Bai024\Bai024.vcxproj", "{ECD5C48E-22D2-4EDE-AF78-0BF01AD8E531}"
EndProject
Project("{8BC9CEB8-8B4A-11D0-8D11-00A0C91BC942}") = "Bai029", "Bai029\Bai029.vcxproj", "{EE0D551F-2D60-4036-A800-405996A0FA22}"
EndProject
Project("{8BC9CEB8-8B4A-11D0-8D11-00A0C91BC942}") = "Bai034", "Bai034\Bai034.vcxproj", "{C6A281F9-7A40-497F-BEFC-D229FD9B0D3E}"
EndProject
Project("{8BC9CEB8-8B4A-11D0-8D11-00A0C91BC942}") = "Bai039", "Bai039\Bai039.vcxproj", "{24AB76CB-0BA7-43AF-9510-4EC8DDC62445}"
EndProject
Project("{8BC9CEB8-8B4A-11D0-8D11-00A0C91BC942}") = "Bai044", "Bai044\Bai044.vcxproj", "{A9A0F5BA-8CFC-4DB7-BC92-A1EC08E43B37}"
EndProject
Project("{8BC9CEB8-8B4A-11D0-8D11-00A0C91BC942}") = "Bai049", "Bai049\Bai049.vcxproj", "{174FC5BA-4EC7-41B6-A2FC-0A4533DACAB6}"
EndProject
Project("{8BC9CEB8-8B4A-11D0-8D11-00A0C91BC942}") = "Bai054", "Bai054\Bai054.vcxproj", "{90AD5B60-721D-434D-BF91-B09776027FF9}"
EndProject
Project("{8BC9CEB8-8B4A-11D0-8D11-00A0C91BC942}") = "Bai059", "Bai059\Bai059.vcxproj", "{677CD0B8-667A-4D55-9C69-057039F85672}"
EndProject
Project("{8BC9CEB8-8B4A-11D0-8D11-00A0C91BC942}") = "Bai064", "Bai064\Bai064.vcxproj", "{0249F8F6-C0F9-4D17-A104-68556A1C458E}"
EndProject
Project("{8BC9CEB8-8B4A-11D0-8D11-00A0C91BC942}") = "Bai069", "Bai069\Bai069.vcxproj", "{236FC641-55CD-4F5A-AED3-211F15AB40EF}"
EndProject
Project("{8BC9CEB8-8B4A-11D0-8D11-00A0C91BC942}") = "Bai074", "Bai074\Bai074.vcxproj", "{83AE74DE-9379-4730-A816-A0BBB77CE622}"
EndProject
Project("{8BC9CEB8-8B4A-11D0-8D11-00A0C91BC942}") = "Bai079", "Bai079\Bai079.vcxproj", "{A280E922-E549-4A0E-92AC-B77B4499DF2F}"
EndProject
Project("{8BC9CEB8-8B4A-11D0-8D11-00A0C91BC942}") = "Bai084", "Bai084\Bai084.vcxproj", "{3EC3C2A5-4F44-44B4-9D6A-0F9948D7B047}"
EndProject
Project("{8BC9CEB8-8B4A-11D0-8D11-00A0C91BC942}") = "Bai089", "Bai089\Bai089.vcxproj", "{4908CC75-3DF7-4EB9-8BFC-3F2600718C19}"
EndProject
Project("{8BC9CEB8-8B4A-11D0-8D11-00A0C91BC942}") = "Bai094", "Bai094\Bai094.vcxproj", "{2EA81583-5760-4F64-BE8E-56978CCE5E02}"
EndProject
Project("{8BC9CEB8-8B4A-11D0-8D11-00A0C91BC942}") = "Bai099", "Bai099\Bai099.vcxproj", "{DBD4D5D8-FA9A-458D-A209-B13CC5F011A9}"
EndProject
Project("{8BC9CEB8-8B4A-11D0-8D11-00A0C91BC942}") = "Bai104", "Bai104\Bai104.vcxproj", "{ADC692D0-BC8B-407F-B017-6C5BE532493C}"
EndProject
Project("{8BC9CEB8-8B4A-11D0-8D11-00A0C91BC942}") = "Bai109", "Bai109\Bai109.vcxproj", "{2C03FF1A-2858-4A10-9E05-E6EA9A47839B}"
EndProject
Project("{8BC9CEB8-8B4A-11D0-8D11-00A0C91BC942}") = "Bai114", "Bai114\Bai114.vcxproj", "{21C6D946-7229-4AFD-AB16-962E68C0681D}"
EndProject
Project("{8BC9CEB8-8B4A-11D0-8D11-00A0C91BC942}") = "Bai119", "Bai119\Bai119.vcxproj", "{1C7E95AE-48A3-40F4-98C2-50CBE53D9F60}"
EndProject
Project("{8BC9CEB8-8B4A-11D0-8D11-00A0C91BC942}") = "Bai124", "Bai124\Bai124.vcxproj", "{E8707478-FD05-49BA-B419-955991474890}"
EndProject
Project("{8BC9CEB8-8B4A-11D0-8D11-00A0C91BC942}") = "Bai129", "Bai129\Bai129.vcxproj", "{77E60DC5-9B18-45E9-BEEB-1E5074BE69B9}"
EndProject
Project("{8BC9CEB8-8B4A-11D0-8D11-00A0C91BC942}") = "Bai134", "Bai134\Bai134.vcxproj", "{C2EADE12-95D6-4B70-98CF-D1C27F27D86A}"
EndProject
Project("{8BC9CEB8-8B4A-11D0-8D11-00A0C91BC942}") = "Bai139", "Bai139\Bai139.vcxproj", "{FBFD5618-262A-4499-B1B2-38E4B142411E}"
EndProject
Project("{8BC9CEB8-8B4A-11D0-8D11-00A0C91BC942}") = "Bai144", "Bai144\Bai144.vcxproj", "{729DA887-4BEF-4C2A-8398-46A573A6378D}"
EndProject
Project("{8BC9CEB8-8B4A-11D0-8D11-00A0C91BC942}") = "Bai149", "Bai149\Bai149.vcxproj", "{EBEC83BD-0FCD-4CF6-8FD4-678EE0142602}"
EndProject
Project("{8BC9CEB8-8B4A-11D0-8D11-00A0C91BC942}") = "Bai154", "Bai154\Bai154.vcxproj", "{B8025803-574A-490E-887D-5B651580FB18}"
EndProject
Project("{8BC9CEB8-8B4A-11D0-8D11-00A0C91BC942}") = "Bai159", "Bai159\Bai159.vcxproj", "{9473DB52-BB66-4929-8232-FB1059DE567C}"
EndProject
Project("{8BC9CEB8-8B4A-11D0-8D11-00A0C91BC942}") = "Bai164", "Bai164\Bai164.vcxproj", "{A7AB9669-7418-4D79-9F04-7AF2274ECCCB}"
EndProject
Project("{8BC9CEB8-8B4A-11D0-8D11-00A0C91BC942}") = "Bai169", "Bai169\Bai169.vcxproj", "{181CB2AD-5750-4232-ADC8-8530E77CEFD3}"
EndProject
Project("{8BC9CEB8-8B4A-11D0-8D11-00A0C91BC942}") = "Bai174", "Bai174\Bai174.vcxproj", "{A7F20B22-EC75-4F5F-A415-CFF347C6C1D3}"
EndProject
Project("{8BC9CEB8-8B4A-11D0-8D11-00A0C91BC942}") = "Bai179", "Bai179\Bai179.vcxproj", "{05ADFF35-239A-4B56-8D1A-64E60DDDBCD0}"
EndProject
Project("{8BC9CEB8-8B4A-11D0-8D11-00A0C91BC942}") = "Bai184", "Bai184\Bai184.vcxproj", "{7733D0A6-9FE5-4DD0-80CB-A4773079E72A}"
EndProject
Project("{8BC9CEB8-8B4A-11D0-8D11-00A0C91BC942}") = "Bai194", "Bai194\Bai194.vcxproj", "{F59EFA77-36FA-4083-A011-651198AC204F}"
EndProject
Project("{8BC9CEB8-8B4A-11D0-8D11-00A0C91BC942}") = "Bai199", "Bai199\Bai199.vcxproj", "{9202D48B-7FB3-4FB3-B533-A1FFC8923FA6}"
EndProject
Project("{8BC9CEB8-8B4A-11D0-8D11-00A0C91BC942}") = "Bai204", "Bai204\Bai204.vcxproj", "{0F981FEB-2429-4538-8776-48EB96D2131F}"
EndProject
Project("{8BC9CEB8-8B4A-11D0-8D11-00A0C91BC942}") = "Bai209", "Bai209\Bai209.vcxproj", "{3520D2F4-05E5-47CD-BE57-C97BD2DD9F1D}"
EndProject
Project("{8BC9CEB8-8B4A-11D0-8D11-00A0C91BC942}") = "Bai214", "Bai214\Bai214.vcxproj", "{DDBAFEDD-5BA7-4532-89BB-BB371BBD4EF9}"
EndProject
Project("{8BC9CEB8-8B4A-11D0-8D11-00A0C91BC942}") = "Bai219", "Bai219\Bai219.vcxproj", "{26D78EB2-9DEC-43E8-B5E2-0C4D27BA6B4D}"
EndProject
Project("{8BC9CEB8-8B4A-11D0-8D11-00A0C91BC942}") = "Bai224", "Bai224\Bai224.vcxproj", "{4C999B4F-9F72-4A99-B9FC-9BE3CE34099C}"
EndProject
Project("{8BC9CEB8-8B4A-11D0-8D11-00A0C91BC942}") = "Bai229", "Bai229\Bai229.vcxproj", "{6A63D0E5-8B35-4DCC-A029-27AEA92A5C24}"
EndProject
Project("{8BC9CEB8-8B4A-11D0-8D11-00A0C91BC942}") = "Bai234", "Bai234\Bai234.vcxproj", "{EC4F5AA5-CCC7-4D7E-8F47-4BEC9731F3C8}"
EndProject
Project("{8BC9CEB8-8B4A-11D0-8D11-00A0C91BC942}") = "Bai239", "Bai239\Bai239.vcxproj", "{5705AC8F-C6C3-49FF-BBEB-338F54B4A3AC}"
EndProject
Project("{8BC9CEB8-8B4A-11D0-8D11-00A0C91BC942}") = "Bai244", "Bai244\Bai244.vcxproj", "{7AE32373-886D-4A5D-9DE0-0714D94DF71B}"
EndProject
Project("{8BC9CEB8-8B4A-11D0-8D11-00A0C91BC942}") = "Bai249", "Bai249\Bai249.vcxproj", "{E11F119E-2293-4FA0-AB42-D832965DA855}"
EndProject
Project("{8BC9CEB8-8B4A-11D0-8D11-00A0C91BC942}") = "Bai254", "Bai254\Bai254.vcxproj", "{55497010-3088-497C-A6EA-B3AD8213A9EE}"
EndProject
Project("{8BC9CEB8-8B4A-11D0-8D11-00A0C91BC942}") = "Bai259", "Bai259\Bai259.vcxproj", "{BE51F63A-8FF4-4A5B-B747-E4578725EE70}"
EndProject
Project("{8BC9CEB8-8B4A-11D0-8D11-00A0C91BC942}") = "Bai264", "Bai264\Bai264.vcxproj", "{A7BE330E-E491-488F-BF06-4091D8DE534B}"
EndProject
Project("{8BC9CEB8-8B4A-11D0-8D11-00A0C91BC942}") = "Bai269", "Bai269\Bai269.vcxproj", "{B3AE9AAB-19EF-491F-9434-90C461018C92}"
EndProject
Project("{8BC9CEB8-8B4A-11D0-8D11-00A0C91BC942}") = "Bai274", "Bai274\Bai274.vcxproj", "{14BE45FD-68C9-4891-960B-7F3277237576}"
EndProject
Project("{8BC9CEB8-8B4A-11D0-8D11-00A0C91BC942}") = "Bai279", "Bai279\Bai279.vcxproj", "{ED4B9A70-3130-4927-8792-477035A164FF}"
EndProject
Project("{8BC9CEB8-8B4A-11D0-8D11-00A0C91BC942}") = "Bai284", "Bai284\Bai284.vcxproj", "{09226D83-74F7-4077-B162-807BCAB602C9}"
EndProject
Project("{8BC9CEB8-8B4A-11D0-8D11-00A0C91BC942}") = "Bai289", "Bai289\Bai289.vcxproj", "{0EF815A1-8FBF-46B9-9E2C-85E2EC4FA7F3}"
EndProject
Project("{8BC9CEB8-8B4A-11D0-8D11-00A0C91BC942}") = "Bai189", "Bai189\Bai189.vcxproj", "{B690971E-EB7D-436D-A3D3-631FC330FE30}"
EndProject
Global
	GlobalSection(SolutionConfigurationPlatforms) = preSolution
		Debug|x64 = Debug|x64
		Debug|x86 = Debug|x86
		Release|x64 = Release|x64
		Release|x86 = Release|x86
	EndGlobalSection
	GlobalSection(ProjectConfigurationPlatforms) = postSolution
		{E967E179-5C89-42FF-A29A-120054418A9E}.Debug|x64.ActiveCfg = Debug|x64
		{E967E179-5C89-42FF-A29A-120054418A9E}.Debug|x64.Build.0 = Debug|x64
		{E967E179-5C89-42FF-A29A-120054418A9E}.Debug|x86.ActiveCfg = Debug|Win32
		{E967E179-5C89-42FF-A29A-120054418A9E}.Debug|x86.Build.0 = Debug|Win32
		{E967E179-5C89-42FF-A29A-120054418A9E}.Release|x64.ActiveCfg = Release|x64
		{E967E179-5C89-42FF-A29A-120054418A9E}.Release|x64.Build.0 = Release|x64
		{E967E179-5C89-42FF-A29A-120054418A9E}.Release|x86.ActiveCfg = Release|Win32
		{E967E179-5C89-42FF-A29A-120054418A9E}.Release|x86.Build.0 = Release|Win32
		{5C010430-345A-4D27-A400-21B54A2148E3}.Debug|x64.ActiveCfg = Debug|x64
		{5C010430-345A-4D27-A400-21B54A2148E3}.Debug|x64.Build.0 = Debug|x64
		{5C010430-345A-4D27-A400-21B54A2148E3}.Debug|x86.ActiveCfg = Debug|Win32
		{5C010430-345A-4D27-A400-21B54A2148E3}.Debug|x86.Build.0 = Debug|Win32
		{5C010430-345A-4D27-A400-21B54A2148E3}.Release|x64.ActiveCfg = Release|x64
		{5C010430-345A-4D27-A400-21B54A2148E3}.Release|x64.Build.0 = Release|x64
		{5C010430-345A-4D27-A400-21B54A2148E3}.Release|x86.ActiveCfg = Release|Win32
		{5C010430-345A-4D27-A400-21B54A2148E3}.Release|x86.Build.0 = Release|Win32
		{A8134F80-AB68-45A2-84E1-5ADF77AAAFEB}.Debug|x64.ActiveCfg = Debug|x64
		{A8134F80-AB68-45A2-84E1-5ADF77AAAFEB}.Debug|x64.Build.0 = Debug|x64
		{A8134F80-AB68-45A2-84E1-5ADF77AAAFEB}.Debug|x86.ActiveCfg = Debug|Win32
		{A8134F80-AB68-45A2-84E1-5ADF77AAAFEB}.Debug|x86.Build.0 = Debug|Win32
		{A8134F80-AB68-45A2-84E1-5ADF77AAAFEB}.Release|x64.ActiveCfg = Release|x64
		{A8134F80-AB68-45A2-84E1-5ADF77AAAFEB}.Release|x64.Build.0 = Release|x64
		{A8134F80-AB68-45A2-84E1-5ADF77AAAFEB}.Release|x86.ActiveCfg = Release|Win32
		{A8134F80-AB68-45A2-84E1-5ADF77AAAFEB}.Release|x86.Build.0 = Release|Win32
		{1B5EA849-00CB-441A-B99A-C037435A4133}.Debug|x64.ActiveCfg = Debug|x64
		{1B5EA849-00CB-441A-B99A-C037435A4133}.Debug|x64.Build.0 = Debug|x64
		{1B5EA849-00CB-441A-B99A-C037435A4133}.Debug|x86.ActiveCfg = Debug|Win32
		{1B5EA849-00CB-441A-B99A-C037435A4133}.Debug|x86.Build.0 = Debug|Win32
		{1B5EA849-00CB-441A-B99A-C037435A4133}.Release|x64.ActiveCfg = Release|x64
		{1B5EA849-00CB-441A-B99A-C037435A4133}.Release|x64.Build.0 = Release|x64
		{1B5EA849-00CB-441A-B99A-C037435A4133}.Release|x86.ActiveCfg = Release|Win32
		{1B5EA849-00CB-441A-B99A-C037435A4133}.Release|x86.Build.0 = Release|Win32
		{ECD5C48E-22D2-4EDE-AF78-0BF01AD8E531}.Debug|x64.ActiveCfg = Debug|x64
		{ECD5C48E-22D2-4EDE-AF78-0BF01AD8E531}.Debug|x64.Build.0 = Debug|x64
		{ECD5C48E-22D2-4EDE-AF78-0BF01AD8E531}.Debug|x86.ActiveCfg = Debug|Win32
		{ECD5C48E-22D2-4EDE-AF78-0BF01AD8E531}.Debug|x86.Build.0 = Debug|Win32
		{ECD5C48E-22D2-4EDE-AF78-0BF01AD8E531}.Release|x64.ActiveCfg = Release|x64
		{ECD5C48E-22D2-4EDE-AF78-0BF01AD8E531}.Release|x64.Build.0 = Release|x64
		{ECD5C48E-22D2-4EDE-AF78-0BF01AD8E531}.Release|x86.ActiveCfg = Release|Win32
		{ECD5C48E-22D2-4EDE-AF78-0BF01AD8E531}.Release|x86.Build.0 = Release|Win32
		{EE0D551F-2D60-4036-A800-405996A0FA22}.Debug|x64.ActiveCfg = Debug|x64
		{EE0D551F-2D60-4036-A800-405996A0FA22}.Debug|x64.Build.0 = Debug|x64
		{EE0D551F-2D60-4036-A800-405996A0FA22}.Debug|x86.ActiveCfg = Debug|Win32
		{EE0D551F-2D60-4036-A800-405996A0FA22}.Debug|x86.Build.0 = Debug|Win32
		{EE0D551F-2D60-4036-A800-405996A0FA22}.Release|x64.ActiveCfg = Release|x64
		{EE0D551F-2D60-4036-A800-405996A0FA22}.Release|x64.Build.0 = Release|x64
		{EE0D551F-2D60-4036-A800-405996A0FA22}.Release|x86.ActiveCfg = Release|Win32
		{EE0D551F-2D60-4036-A800-405996A0FA22}.Release|x86.Build.0 = Release|Win32
		{C6A281F9-7A40-497F-BEFC-D229FD9B0D3E}.Debug|x64.ActiveCfg = Debug|x64
		{C6A281F9-7A40-497F-BEFC-D229FD9B0D3E}.Debug|x64.Build.0 = Debug|x64
		{C6A281F9-7A40-497F-BEFC-D229FD9B0D3E}.Debug|x86.ActiveCfg = Debug|Win32
		{C6A281F9-7A40-497F-BEFC-D229FD9B0D3E}.Debug|x86.Build.0 = Debug|Win32
		{C6A281F9-7A40-497F-BEFC-D229FD9B0D3E}.Release|x64.ActiveCfg = Release|x64
		{C6A281F9-7A40-497F-BEFC-D229FD9B0D3E}.Release|x64.Build.0 = Release|x64
		{C6A281F9-7A40-497F-BEFC-D229FD9B0D3E}.Release|x86.ActiveCfg = Release|Win32
		{C6A281F9-7A40-497F-BEFC-D229FD9B0D3E}.Release|x86.Build.0 = Release|Win32
		{24AB76CB-0BA7-43AF-9510-4EC8DDC62445}.Debug|x64.ActiveCfg = Debug|x64
		{24AB76CB-0BA7-43AF-9510-4EC8DDC62445}.Debug|x64.Build.0 = Debug|x64
		{24AB76CB-0BA7-43AF-9510-4EC8DDC62445}.Debug|x86.ActiveCfg = Debug|Win32
		{24AB76CB-0BA7-43AF-9510-4EC8DDC62445}.Debug|x86.Build.0 = Debug|Win32
		{24AB76CB-0BA7-43AF-9510-4EC8DDC62445}.Release|x64.ActiveCfg = Release|x64
		{24AB76CB-0BA7-43AF-9510-4EC8DDC62445}.Release|x64.Build.0 = Release|x64
		{24AB76CB-0BA7-43AF-9510-4EC8DDC62445}.Release|x86.ActiveCfg = Release|Win32
		{24AB76CB-0BA7-43AF-9510-4EC8DDC62445}.Release|x86.Build.0 = Release|Win32
		{A9A0F5BA-8CFC-4DB7-BC92-A1EC08E43B37}.Debug|x64.ActiveCfg = Debug|x64
		{A9A0F5BA-8CFC-4DB7-BC92-A1EC08E43B37}.Debug|x64.Build.0 = Debug|x64
		{A9A0F5BA-8CFC-4DB7-BC92-A1EC08E43B37}.Debug|x86.ActiveCfg = Debug|Win32
		{A9A0F5BA-8CFC-4DB7-BC92-A1EC08E43B37}.Debug|x86.Build.0 = Debug|Win32
		{A9A0F5BA-8CFC-4DB7-BC92-A1EC08E43B37}.Release|x64.ActiveCfg = Release|x64
		{A9A0F5BA-8CFC-4DB7-BC92-A1EC08E43B37}.Release|x64.Build.0 = Release|x64
		{A9A0F5BA-8CFC-4DB7-BC92-A1EC08E43B37}.Release|x86.ActiveCfg = Release|Win32
		{A9A0F5BA-8CFC-4DB7-BC92-A1EC08E43B37}.Release|x86.Build.0 = Release|Win32
		{174FC5BA-4EC7-41B6-A2FC-0A4533DACAB6}.Debug|x64.ActiveCfg = Debug|x64
		{174FC5BA-4EC7-41B6-A2FC-0A4533DACAB6}.Debug|x64.Build.0 = Debug|x64
		{174FC5BA-4EC7-41B6-A2FC-0A4533DACAB6}.Debug|x86.ActiveCfg = Debug|Win32
		{174FC5BA-4EC7-41B6-A2FC-0A4533DACAB6}.Debug|x86.Build.0 = Debug|Win32
		{174FC5BA-4EC7-41B6-A2FC-0A4533DACAB6}.Release|x64.ActiveCfg = Release|x64
		{174FC5BA-4EC7-41B6-A2FC-0A4533DACAB6}.Release|x64.Build.0 = Release|x64
		{174FC5BA-4EC7-41B6-A2FC-0A4533DACAB6}.Release|x86.ActiveCfg = Release|Win32
		{174FC5BA-4EC7-41B6-A2FC-0A4533DACAB6}.Release|x86.Build.0 = Release|Win32
		{90AD5B60-721D-434D-BF91-B09776027FF9}.Debug|x64.ActiveCfg = Debug|x64
		{90AD5B60-721D-434D-BF91-B09776027FF9}.Debug|x64.Build.0 = Debug|x64
		{90AD5B60-721D-434D-BF91-B09776027FF9}.Debug|x86.ActiveCfg = Debug|Win32
		{90AD5B60-721D-434D-BF91-B09776027FF9}.Debug|x86.Build.0 = Debug|Win32
		{90AD5B60-721D-434D-BF91-B09776027FF9}.Release|x64.ActiveCfg = Release|x64
		{90AD5B60-721D-434D-BF91-B09776027FF9}.Release|x64.Build.0 = Release|x64
		{90AD5B60-721D-434D-BF91-B09776027FF9}.Release|x86.ActiveCfg = Release|Win32
		{90AD5B60-721D-434D-BF91-B09776027FF9}.Release|x86.Build.0 = Release|Win32
		{677CD0B8-667A-4D55-9C69-057039F85672}.Debug|x64.ActiveCfg = Debug|x64
		{677CD0B8-667A-4D55-9C69-057039F85672}.Debug|x64.Build.0 = Debug|x64
		{677CD0B8-667A-4D55-9C69-057039F85672}.Debug|x86.ActiveCfg = Debug|Win32
		{677CD0B8-667A-4D55-9C69-057039F85672}.Debug|x86.Build.0 = Debug|Win32
		{677CD0B8-667A-4D55-9C69-057039F85672}.Release|x64.ActiveCfg = Release|x64
		{677CD0B8-667A-4D55-9C69-057039F85672}.Release|x64.Build.0 = Release|x64
		{677CD0B8-667A-4D55-9C69-057039F85672}.Release|x86.ActiveCfg = Release|Win32
		{677CD0B8-667A-4D55-9C69-057039F85672}.Release|x86.Build.0 = Release|Win32
		{0249F8F6-C0F9-4D17-A104-68556A1C458E}.Debug|x64.ActiveCfg = Debug|x64
		{0249F8F6-C0F9-4D17-A104-68556A1C458E}.Debug|x64.Build.0 = Debug|x64
		{0249F8F6-C0F9-4D17-A104-68556A1C458E}.Debug|x86.ActiveCfg = Debug|Win32
		{0249F8F6-C0F9-4D17-A104-68556A1C458E}.Debug|x86.Build.0 = Debug|Win32
		{0249F8F6-C0F9-4D17-A104-68556A1C458E}.Release|x64.ActiveCfg = Release|x64
		{0249F8F6-C0F9-4D17-A104-68556A1C458E}.Release|x64.Build.0 = Release|x64
		{0249F8F6-C0F9-4D17-A104-68556A1C458E}.Release|x86.ActiveCfg = Release|Win32
		{0249F8F6-C0F9-4D17-A104-68556A1C458E}.Release|x86.Build.0 = Release|Win32
		{236FC641-55CD-4F5A-AED3-211F15AB40EF}.Debug|x64.ActiveCfg = Debug|x64
		{236FC641-55CD-4F5A-AED3-211F15AB40EF}.Debug|x64.Build.0 = Debug|x64
		{236FC641-55CD-4F5A-AED3-211F15AB40EF}.Debug|x86.ActiveCfg = Debug|Win32
		{236FC641-55CD-4F5A-AED3-211F15AB40EF}.Debug|x86.Build.0 = Debug|Win32
		{236FC641-55CD-4F5A-AED3-211F15AB40EF}.Release|x64.ActiveCfg = Release|x64
		{236FC641-55CD-4F5A-AED3-211F15AB40EF}.Release|x64.Build.0 = Release|x64
		{236FC641-55CD-4F5A-AED3-211F15AB40EF}.Release|x86.ActiveCfg = Release|Win32
		{236FC641-55CD-4F5A-AED3-211F15AB40EF}.Release|x86.Build.0 = Release|Win32
		{83AE74DE-9379-4730-A816-A0BBB77CE622}.Debug|x64.ActiveCfg = Debug|x64
		{83AE74DE-9379-4730-A816-A0BBB77CE622}.Debug|x64.Build.0 = Debug|x64
		{83AE74DE-9379-4730-A816-A0BBB77CE622}.Debug|x86.ActiveCfg = Debug|Win32
		{83AE74DE-9379-4730-A816-A0BBB77CE622}.Debug|x86.Build.0 = Debug|Win32
		{83AE74DE-9379-4730-A816-A0BBB77CE622}.Release|x64.ActiveCfg = Release|x64
		{83AE74DE-9379-4730-A816-A0BBB77CE622}.Release|x64.Build.0 = Release|x64
		{83AE74DE-9379-4730-A816-A0BBB77CE622}.Release|x86.ActiveCfg = Release|Win32
		{83AE74DE-9379-4730-A816-A0BBB77CE622}.Release|x86.Build.0 = Release|Win32
		{A280E922-E549-4A0E-92AC-B77B4499DF2F}.Debug|x64.ActiveCfg = Debug|x64
		{A280E922-E549-4A0E-92AC-B77B4499DF2F}.Debug|x64.Build.0 = Debug|x64
		{A280E922-E549-4A0E-92AC-B77B4499DF2F}.Debug|x86.ActiveCfg = Debug|Win32
		{A280E922-E549-4A0E-92AC-B77B4499DF2F}.Debug|x86.Build.0 = Debug|Win32
		{A280E922-E549-4A0E-92AC-B77B4499DF2F}.Release|x64.ActiveCfg = Release|x64
		{A280E922-E549-4A0E-92AC-B77B4499DF2F}.Release|x64.Build.0 = Release|x64
		{A280E922-E549-4A0E-92AC-B77B4499DF2F}.Release|x86.ActiveCfg = Release|Win32
		{A280E922-E549-4A0E-92AC-B77B4499DF2F}.Release|x86.Build.0 = Release|Win32
		{3EC3C2A5-4F44-44B4-9D6A-0F9948D7B047}.Debug|x64.ActiveCfg = Debug|x64
		{3EC3C2A5-4F44-44B4-9D6A-0F9948D7B047}.Debug|x64.Build.0 = Debug|x64
		{3EC3C2A5-4F44-44B4-9D6A-0F9948D7B047}.Debug|x86.ActiveCfg = Debug|Win32
		{3EC3C2A5-4F44-44B4-9D6A-0F9948D7B047}.Debug|x86.Build.0 = Debug|Win32
		{3EC3C2A5-4F44-44B4-9D6A-0F9948D7B047}.Release|x64.ActiveCfg = Release|x64
		{3EC3C2A5-4F44-44B4-9D6A-0F9948D7B047}.Release|x64.Build.0 = Release|x64
		{3EC3C2A5-4F44-44B4-9D6A-0F9948D7B047}.Release|x86.ActiveCfg = Release|Win32
		{3EC3C2A5-4F44-44B4-9D6A-0F9948D7B047}.Release|x86.Build.0 = Release|Win32
		{4908CC75-3DF7-4EB9-8BFC-3F2600718C19}.Debug|x64.ActiveCfg = Debug|x64
		{4908CC75-3DF7-4EB9-8BFC-3F2600718C19}.Debug|x64.Build.0 = Debug|x64
		{4908CC75-3DF7-4EB9-8BFC-3F2600718C19}.Debug|x86.ActiveCfg = Debug|Win32
		{4908CC75-3DF7-4EB9-8BFC-3F2600718C19}.Debug|x86.Build.0 = Debug|Win32
		{4908CC75-3DF7-4EB9-8BFC-3F2600718C19}.Release|x64.ActiveCfg = Release|x64
		{4908CC75-3DF7-4EB9-8BFC-3F2600718C19}.Release|x64.Build.0 = Release|x64
		{4908CC75-3DF7-4EB9-8BFC-3F2600718C19}.Release|x86.ActiveCfg = Release|Win32
		{4908CC75-3DF7-4EB9-8BFC-3F2600718C19}.Release|x86.Build.0 = Release|Win32
		{2EA81583-5760-4F64-BE8E-56978CCE5E02}.Debug|x64.ActiveCfg = Debug|x64
		{2EA81583-5760-4F64-BE8E-56978CCE5E02}.Debug|x64.Build.0 = Debug|x64
		{2EA81583-5760-4F64-BE8E-56978CCE5E02}.Debug|x86.ActiveCfg = Debug|Win32
		{2EA81583-5760-4F64-BE8E-56978CCE5E02}.Debug|x86.Build.0 = Debug|Win32
		{2EA81583-5760-4F64-BE8E-56978CCE5E02}.Release|x64.ActiveCfg = Release|x64
		{2EA81583-5760-4F64-BE8E-56978CCE5E02}.Release|x64.Build.0 = Release|x64
		{2EA81583-5760-4F64-BE8E-56978CCE5E02}.Release|x86.ActiveCfg = Release|Win32
		{2EA81583-5760-4F64-BE8E-56978CCE5E02}.Release|x86.Build.0 = Release|Win32
		{DBD4D5D8-FA9A-458D-A209-B13CC5F011A9}.Debug|x64.ActiveCfg = Debug|x64
		{DBD4D5D8-FA9A-458D-A209-B13CC5F011A9}.Debug|x64.Build.0 = Debug|x64
		{DBD4D5D8-FA9A-458D-A209-B13CC5F011A9}.Debug|x86.ActiveCfg = Debug|Win32
		{DBD4D5D8-FA9A-458D-A209-B13CC5F011A9}.Debug|x86.Build.0 = Debug|Win32
		{DBD4D5D8-FA9A-458D-A209-B13CC5F011A9}.Release|x64.ActiveCfg = Release|x64
		{DBD4D5D8-FA9A-458D-A209-B13CC5F011A9}.Release|x64.Build.0 = Release|x64
		{DBD4D5D8-FA9A-458D-A209-B13CC5F011A9}.Release|x86.ActiveCfg = Release|Win32
		{DBD4D5D8-FA9A-458D-A209-B13CC5F011A9}.Release|x86.Build.0 = Release|Win32
		{ADC692D0-BC8B-407F-B017-6C5BE532493C}.Debug|x64.ActiveCfg = Debug|x64
		{ADC692D0-BC8B-407F-B017-6C5BE532493C}.Debug|x64.Build.0 = Debug|x64
		{ADC692D0-BC8B-407F-B017-6C5BE532493C}.Debug|x86.ActiveCfg = Debug|Win32
		{ADC692D0-BC8B-407F-B017-6C5BE532493C}.Debug|x86.Build.0 = Debug|Win32
		{ADC692D0-BC8B-407F-B017-6C5BE532493C}.Release|x64.ActiveCfg = Release|x64
		{ADC692D0-BC8B-407F-B017-6C5BE532493C}.Release|x64.Build.0 = Release|x64
		{ADC692D0-BC8B-407F-B017-6C5BE532493C}.Release|x86.ActiveCfg = Release|Win32
		{ADC692D0-BC8B-407F-B017-6C5BE532493C}.Release|x86.Build.0 = Release|Win32
		{2C03FF1A-2858-4A10-9E05-E6EA9A47839B}.Debug|x64.ActiveCfg = Debug|x64
		{2C03FF1A-2858-4A10-9E05-E6EA9A47839B}.Debug|x64.Build.0 = Debug|x64
		{2C03FF1A-2858-4A10-9E05-E6EA9A47839B}.Debug|x86.ActiveCfg = Debug|Win32
		{2C03FF1A-2858-4A10-9E05-E6EA9A47839B}.Debug|x86.Build.0 = Debug|Win32
		{2C03FF1A-2858-4A10-9E05-E6EA9A47839B}.Release|x64.ActiveCfg = Release|x64
		{2C03FF1A-2858-4A10-9E05-E6EA9A47839B}.Release|x64.Build.0 = Release|x64
		{2C03FF1A-2858-4A10-9E05-E6EA9A47839B}.Release|x86.ActiveCfg = Release|Win32
		{2C03FF1A-2858-4A10-9E05-E6EA9A47839B}.Release|x86.Build.0 = Release|Win32
		{21C6D946-7229-4AFD-AB16-962E68C0681D}.Debug|x64.ActiveCfg = Debug|x64
		{21C6D946-7229-4AFD-AB16-962E68C0681D}.Debug|x64.Build.0 = Debug|x64
		{21C6D946-7229-4AFD-AB16-962E68C0681D}.Debug|x86.ActiveCfg = Debug|Win32
		{21C6D946-7229-4AFD-AB16-962E68C0681D}.Debug|x86.Build.0 = Debug|Win32
		{21C6D946-7229-4AFD-AB16-962E68C0681D}.Release|x64.ActiveCfg = Release|x64
		{21C6D946-7229-4AFD-AB16-962E68C0681D}.Release|x64.Build.0 = Release|x64
		{21C6D946-7229-4AFD-AB16-962E68C0681D}.Release|x86.ActiveCfg = Release|Win32
		{21C6D946-7229-4AFD-AB16-962E68C0681D}.Release|x86.Build.0 = Release|Win32
		{1C7E95AE-48A3-40F4-98C2-50CBE53D9F60}.Debug|x64.ActiveCfg = Debug|x64
		{1C7E95AE-48A3-40F4-98C2-50CBE53D9F60}.Debug|x64.Build.0 = Debug|x64
		{1C7E95AE-48A3-40F4-98C2-50CBE53D9F60}.Debug|x86.ActiveCfg = Debug|Win32
		{1C7E95AE-48A3-40F4-98C2-50CBE53D9F60}.Debug|x86.Build.0 = Debug|Win32
		{1C7E95AE-48A3-40F4-98C2-50CBE53D9F60}.Release|x64.ActiveCfg = Release|x64
		{1C7E95AE-48A3-40F4-98C2-50CBE53D9F60}.Release|x64.Build.0 = Release|x64
		{1C7E95AE-48A3-40F4-98C2-50CBE53D9F60}.Release|x86.ActiveCfg = Release|Win32
		{1C7E95AE-48A3-40F4-98C2-50CBE53D9F60}.Release|x86.Build.0 = Release|Win32
		{E8707478-FD05-49BA-B419-955991474890}.Debug|x64.ActiveCfg = Debug|x64
		{E8707478-FD05-49BA-B419-955991474890}.Debug|x64.Build.0 = Debug|x64
		{E8707478-FD05-49BA-B419-955991474890}.Debug|x86.ActiveCfg = Debug|Win32
		{E8707478-FD05-49BA-B419-955991474890}.Debug|x86.Build.0 = Debug|Win32
		{E8707478-FD05-49BA-B419-955991474890}.Release|x64.ActiveCfg = Release|x64
		{E8707478-FD05-49BA-B419-955991474890}.Release|x64.Build.0 = Release|x64
		{E8707478-FD05-49BA-B419-955991474890}.Release|x86.ActiveCfg = Release|Win32
		{E8707478-FD05-49BA-B419-955991474890}.Release|x86.Build.0 = Release|Win32
		{77E60DC5-9B18-45E9-BEEB-1E5074BE69B9}.Debug|x64.ActiveCfg = Debug|x64
		{77E60DC5-9B18-45E9-BEEB-1E5074BE69B9}.Debug|x64.Build.0 = Debug|x64
		{77E60DC5-9B18-45E9-BEEB-1E5074BE69B9}.Debug|x86.ActiveCfg = Debug|Win32
		{77E60DC5-9B18-45E9-BEEB-1E5074BE69B9}.Debug|x86.Build.0 = Debug|Win32
		{77E60DC5-9B18-45E9-BEEB-1E5074BE69B9}.Release|x64.ActiveCfg = Release|x64
		{77E60DC5-9B18-45E9-BEEB-1E5074BE69B9}.Release|x64.Build.0 = Release|x64
		{77E60DC5-9B18-45E9-BEEB-1E5074BE69B9}.Release|x86.ActiveCfg = Release|Win32
		{77E60DC5-9B18-45E9-BEEB-1E5074BE69B9}.Release|x86.Build.0 = Release|Win32
		{C2EADE12-95D6-4B70-98CF-D1C27F27D86A}.Debug|x64.ActiveCfg = Debug|x64
		{C2EADE12-95D6-4B70-98CF-D1C27F27D86A}.Debug|x64.Build.0 = Debug|x64
		{C2EADE12-95D6-4B70-98CF-D1C27F27D86A}.Debug|x86.ActiveCfg = Debug|Win32
		{C2EADE12-95D6-4B70-98CF-D1C27F27D86A}.Debug|x86.Build.0 = Debug|Win32
		{C2EADE12-95D6-4B70-98CF-D1C27F27D86A}.Release|x64.ActiveCfg = Release|x64
		{C2EADE12-95D6-4B70-98CF-D1C27F27D86A}.Release|x64.Build.0 = Release|x64
		{C2EADE12-95D6-4B70-98CF-D1C27F27D86A}.Release|x86.ActiveCfg = Release|Win32
		{C2EADE12-95D6-4B70-98CF-D1C27F27D86A}.Release|x86.Build.0 = Release|Win32
		{FBFD5618-262A-4499-B1B2-38E4B142411E}.Debug|x64.ActiveCfg = Debug|x64
		{FBFD5618-262A-4499-B1B2-38E4B142411E}.Debug|x64.Build.0 = Debug|x64
		{FBFD5618-262A-4499-B1B2-38E4B142411E}.Debug|x86.ActiveCfg = Debug|Win32
		{FBFD5618-262A-4499-B1B2-38E4B142411E}.Debug|x86.Build.0 = Debug|Win32
		{FBFD5618-262A-4499-B1B2-38E4B142411E}.Release|x64.ActiveCfg = Release|x64
		{FBFD5618-262A-4499-B1B2-38E4B142411E}.Release|x64.Build.0 = Release|x64
		{FBFD5618-262A-4499-B1B2-38E4B142411E}.Release|x86.ActiveCfg = Release|Win32
		{FBFD5618-262A-4499-B1B2-38E4B142411E}.Release|x86.Build.0 = Release|Win32
		{729DA887-4BEF-4C2A-8398-46A573A6378D}.Debug|x64.ActiveCfg = Debug|x64
		{729DA887-4BEF-4C2A-8398-46A573A6378D}.Debug|x64.Build.0 = Debug|x64
		{729DA887-4BEF-4C2A-8398-46A573A6378D}.Debug|x86.ActiveCfg = Debug|Win32
		{729DA887-4BEF-4C2A-8398-46A573A6378D}.Debug|x86.Build.0 = Debug|Win32
		{729DA887-4BEF-4C2A-8398-46A573A6378D}.Release|x64.ActiveCfg = Release|x64
		{729DA887-4BEF-4C2A-8398-46A573A6378D}.Release|x64.Build.0 = Release|x64
		{729DA887-4BEF-4C2A-8398-46A573A6378D}.Release|x86.ActiveCfg = Release|Win32
		{729DA887-4BEF-4C2A-8398-46A573A6378D}.Release|x86.Build.0 = Release|Win32
		{EBEC83BD-0FCD-4CF6-8FD4-678EE0142602}.Debug|x64.ActiveCfg = Debug|x64
		{EBEC83BD-0FCD-4CF6-8FD4-678EE0142602}.Debug|x64.Build.0 = Debug|x64
		{EBEC83BD-0FCD-4CF6-8FD4-678EE0142602}.Debug|x86.ActiveCfg = Debug|Win32
		{EBEC83BD-0FCD-4CF6-8FD4-678EE0142602}.Debug|x86.Build.0 = Debug|Win32
		{EBEC83BD-0FCD-4CF6-8FD4-678EE0142602}.Release|x64.ActiveCfg = Release|x64
		{EBEC83BD-0FCD-4CF6-8FD4-678EE0142602}.Release|x64.Build.0 = Release|x64
		{EBEC83BD-0FCD-4CF6-8FD4-678EE0142602}.Release|x86.ActiveCfg = Release|Win32
		{EBEC83BD-0FCD-4CF6-8FD4-678EE0142602}.Release|x86.Build.0 = Release|Win32
		{B8025803-574A-490E-887D-5B651580FB18}.Debug|x64.ActiveCfg = Debug|x64
		{B8025803-574A-490E-887D-5B651580FB18}.Debug|x64.Build.0 = Debug|x64
		{B8025803-574A-490E-887D-5B651580FB18}.Debug|x86.ActiveCfg = Debug|Win32
		{B8025803-574A-490E-887D-5B651580FB18}.Debug|x86.Build.0 = Debug|Win32
		{B8025803-574A-490E-887D-5B651580FB18}.Release|x64.ActiveCfg = Release|x64
		{B8025803-574A-490E-887D-5B651580FB18}.Release|x64.Build.0 = Release|x64
		{B8025803-574A-490E-887D-5B651580FB18}.Release|x86.ActiveCfg = Release|Win32
		{B8025803-574A-490E-887D-5B651580FB18}.Release|x86.Build.0 = Release|Win32
		{9473DB52-BB66-4929-8232-FB1059DE567C}.Debug|x64.ActiveCfg = Debug|x64
		{9473DB52-BB66-4929-8232-FB1059DE567C}.Debug|x64.Build.0 = Debug|x64
		{9473DB52-BB66-4929-8232-FB1059DE567C}.Debug|x86.ActiveCfg = Debug|Win32
		{9473DB52-BB66-4929-8232-FB1059DE567C}.Debug|x86.Build.0 = Debug|Win32
		{9473DB52-BB66-4929-8232-FB1059DE567C}.Release|x64.ActiveCfg = Release|x64
		{9473DB52-BB66-4929-8232-FB1059DE567C}.Release|x64.Build.0 = Release|x64
		{9473DB52-BB66-4929-8232-FB1059DE567C}.Release|x86.ActiveCfg = Release|Win32
		{9473DB52-BB66-4929-8232-FB1059DE567C}.Release|x86.Build.0 = Release|Win32
		{A7AB9669-7418-4D79-9F04-7AF2274ECCCB}.Debug|x64.ActiveCfg = Debug|x64
		{A7AB9669-7418-4D79-9F04-7AF2274ECCCB}.Debug|x64.Build.0 = Debug|x64
		{A7AB9669-7418-4D79-9F04-7AF2274ECCCB}.Debug|x86.ActiveCfg = Debug|Win32
		{A7AB9669-7418-4D79-9F04-7AF2274ECCCB}.Debug|x86.Build.0 = Debug|Win32
		{A7AB9669-7418-4D79-9F04-7AF2274ECCCB}.Release|x64.ActiveCfg = Release|x64
		{A7AB9669-7418-4D79-9F04-7AF2274ECCCB}.Release|x64.Build.0 = Release|x64
		{A7AB9669-7418-4D79-9F04-7AF2274ECCCB}.Release|x86.ActiveCfg = Release|Win32
		{A7AB9669-7418-4D79-9F04-7AF2274ECCCB}.Release|x86.Build.0 = Release|Win32
		{181CB2AD-5750-4232-ADC8-8530E77CEFD3}.Debug|x64.ActiveCfg = Debug|x64
		{181CB2AD-5750-4232-ADC8-8530E77CEFD3}.Debug|x64.Build.0 = Debug|x64
		{181CB2AD-5750-4232-ADC8-8530E77CEFD3}.Debug|x86.ActiveCfg = Debug|Win32
		{181CB2AD-5750-4232-ADC8-8530E77CEFD3}.Debug|x86.Build.0 = Debug|Win32
		{181CB2AD-5750-4232-ADC8-8530E77CEFD3}.Release|x64.ActiveCfg = Release|x64
		{181CB2AD-5750-4232-ADC8-8530E77CEFD3}.Release|x64.Build.0 = Release|x64
		{181CB2AD-5750-4232-ADC8-8530E77CEFD3}.Release|x86.ActiveCfg = Release|Win32
		{181CB2AD-5750-4232-ADC8-8530E77CEFD3}.Release|x86.Build.0 = Release|Win32
		{A7F20B22-EC75-4F5F-A415-CFF347C6C1D3}.Debug|x64.ActiveCfg = Debug|x64
		{A7F20B22-EC75-4F5F-A415-CFF347C6C1D3}.Debug|x64.Build.0 = Debug|x64
		{A7F20B22-EC75-4F5F-A415-CFF347C6C1D3}.Debug|x86.ActiveCfg = Debug|Win32
		{A7F20B22-EC75-4F5F-A415-CFF347C6C1D3}.Debug|x86.Build.0 = Debug|Win32
		{A7F20B22-EC75-4F5F-A415-CFF347C6C1D3}.Release|x64.ActiveCfg = Release|x64
		{A7F20B22-EC75-4F5F-A415-CFF347C6C1D3}.Release|x64.Build.0 = Release|x64
		{A7F20B22-EC75-4F5F-A415-CFF347C6C1D3}.Release|x86.ActiveCfg = Release|Win32
		{A7F20B22-EC75-4F5F-A415-CFF347C6C1D3}.Release|x86.Build.0 = Release|Win32
		{05ADFF35-239A-4B56-8D1A-64E60DDDBCD0}.Debug|x64.ActiveCfg = Debug|x64
		{05ADFF35-239A-4B56-8D1A-64E60DDDBCD0}.Debug|x64.Build.0 = Debug|x64
		{05ADFF35-239A-4B56-8D1A-64E60DDDBCD0}.Debug|x86.ActiveCfg = Debug|Win32
		{05ADFF35-239A-4B56-8D1A-64E60DDDBCD0}.Debug|x86.Build.0 = Debug|Win32
		{05ADFF35-239A-4B56-8D1A-64E60DDDBCD0}.Release|x64.ActiveCfg = Release|x64
		{05ADFF35-239A-4B56-8D1A-64E60DDDBCD0}.Release|x64.Build.0 = Release|x64
		{05ADFF35-239A-4B56-8D1A-64E60DDDBCD0}.Release|x86.ActiveCfg = Release|Win32
		{05ADFF35-239A-4B56-8D1A-64E60DDDBCD0}.Release|x86.Build.0 = Release|Win32
		{7733D0A6-9FE5-4DD0-80CB-A4773079E72A}.Debug|x64.ActiveCfg = Debug|x64
		{7733D0A6-9FE5-4DD0-80CB-A4773079E72A}.Debug|x64.Build.0 = Debug|x64
		{7733D0A6-9FE5-4DD0-80CB-A4773079E72A}.Debug|x86.ActiveCfg = Debug|Win32
		{7733D0A6-9FE5-4DD0-80CB-A4773079E72A}.Debug|x86.Build.0 = Debug|Win32
		{7733D0A6-9FE5-4DD0-80CB-A4773079E72A}.Release|x64.ActiveCfg = Release|x64
		{7733D0A6-9FE5-4DD0-80CB-A4773079E72A}.Release|x64.Build.0 = Release|x64
		{7733D0A6-9FE5-4DD0-80CB-A4773079E72A}.Release|x86.ActiveCfg = Release|Win32
		{7733D0A6-9FE5-4DD0-80CB-A4773079E72A}.Release|x86.Build.0 = Release|Win32
		{F59EFA77-36FA-4083-A011-651198AC204F}.Debug|x64.ActiveCfg = Debug|x64
		{F59EFA77-36FA-4083-A011-651198AC204F}.Debug|x64.Build.0 = Debug|x64
		{F59EFA77-36FA-4083-A011-651198AC204F}.Debug|x86.ActiveCfg = Debug|Win32
		{F59EFA77-36FA-4083-A011-651198AC204F}.Debug|x86.Build.0 = Debug|Win32
		{F59EFA77-36FA-4083-A011-651198AC204F}.Release|x64.ActiveCfg = Release|x64
		{F59EFA77-36FA-4083-A011-651198AC204F}.Release|x64.Build.0 = Release|x64
		{F59EFA77-36FA-4083-A011-651198AC204F}.Release|x86.ActiveCfg = Release|Win32
		{F59EFA77-36FA-4083-A011-651198AC204F}.Release|x86.Build.0 = Release|Win32
		{9202D48B-7FB3-4FB3-B533-A1FFC8923FA6}.Debug|x64.ActiveCfg = Debug|x64
		{9202D48B-7FB3-4FB3-B533-A1FFC8923FA6}.Debug|x64.Build.0 = Debug|x64
		{9202D48B-7FB3-4FB3-B533-A1FFC8923FA6}.Debug|x86.ActiveCfg = Debug|Win32
		{9202D48B-7FB3-4FB3-B533-A1FFC8923FA6}.Debug|x86.Build.0 = Debug|Win32
		{9202D48B-7FB3-4FB3-B533-A1FFC8923FA6}.Release|x64.ActiveCfg = Release|x64
		{9202D48B-7FB3-4FB3-B533-A1FFC8923FA6}.Release|x64.Build.0 = Release|x64
		{9202D48B-7FB3-4FB3-B533-A1FFC8923FA6}.Release|x86.ActiveCfg = Release|Win32
		{9202D48B-7FB3-4FB3-B533-A1FFC8923FA6}.Release|x86.Build.0 = Release|Win32
		{0F981FEB-2429-4538-8776-48EB96D2131F}.Debug|x64.ActiveCfg = Debug|x64
		{0F981FEB-2429-4538-8776-48EB96D2131F}.Debug|x64.Build.0 = Debug|x64
		{0F981FEB-2429-4538-8776-48EB96D2131F}.Debug|x86.ActiveCfg = Debug|Win32
		{0F981FEB-2429-4538-8776-48EB96D2131F}.Debug|x86.Build.0 = Debug|Win32
		{0F981FEB-2429-4538-8776-48EB96D2131F}.Release|x64.ActiveCfg = Release|x64
		{0F981FEB-2429-4538-8776-48EB96D2131F}.Release|x64.Build.0 = Release|x64
		{0F981FEB-2429-4538-8776-48EB96D2131F}.Release|x86.ActiveCfg = Release|Win32
		{0F981FEB-2429-4538-8776-48EB96D2131F}.Release|x86.Build.0 = Release|Win32
		{3520D2F4-05E5-47CD-BE57-C97BD2DD9F1D}.Debug|x64.ActiveCfg = Debug|x64
		{3520D2F4-05E5-47CD-BE57-C97BD2DD9F1D}.Debug|x64.Build.0 = Debug|x64
		{3520D2F4-05E5-47CD-BE57-C97BD2DD9F1D}.Debug|x86.ActiveCfg = Debug|Win32
		{3520D2F4-05E5-47CD-BE57-C97BD2DD9F1D}.Debug|x86.Build.0 = Debug|Win32
		{3520D2F4-05E5-47CD-BE57-C97BD2DD9F1D}.Release|x64.ActiveCfg = Release|x64
		{3520D2F4-05E5-47CD-BE57-C97BD2DD9F1D}.Release|x64.Build.0 = Release|x64
		{3520D2F4-05E5-47CD-BE57-C97BD2DD9F1D}.Release|x86.ActiveCfg = Release|Win32
		{3520D2F4-05E5-47CD-BE57-C97BD2DD9F1D}.Release|x86.Build.0 = Release|Win32
		{DDBAFEDD-5BA7-4532-89BB-BB371BBD4EF9}.Debug|x64.ActiveCfg = Debug|x64
		{DDBAFEDD-5BA7-4532-89BB-BB371BBD4EF9}.Debug|x64.Build.0 = Debug|x64
		{DDBAFEDD-5BA7-4532-89BB-BB371BBD4EF9}.Debug|x86.ActiveCfg = Debug|Win32
		{DDBAFEDD-5BA7-4532-89BB-BB371BBD4EF9}.Debug|x86.Build.0 = Debug|Win32
		{DDBAFEDD-5BA7-4532-89BB-BB371BBD4EF9}.Release|x64.ActiveCfg = Release|x64
		{DDBAFEDD-5BA7-4532-89BB-BB371BBD4EF9}.Release|x64.Build.0 = Release|x64
		{DDBAFEDD-5BA7-4532-89BB-BB371BBD4EF9}.Release|x86.ActiveCfg = Release|Win32
		{DDBAFEDD-5BA7-4532-89BB-BB371BBD4EF9}.Release|x86.Build.0 = Release|Win32
		{26D78EB2-9DEC-43E8-B5E2-0C4D27BA6B4D}.Debug|x64.ActiveCfg = Debug|x64
		{26D78EB2-9DEC-43E8-B5E2-0C4D27BA6B4D}.Debug|x64.Build.0 = Debug|x64
		{26D78EB2-9DEC-43E8-B5E2-0C4D27BA6B4D}.Debug|x86.ActiveCfg = Debug|Win32
		{26D78EB2-9DEC-43E8-B5E2-0C4D27BA6B4D}.Debug|x86.Build.0 = Debug|Win32
		{26D78EB2-9DEC-43E8-B5E2-0C4D27BA6B4D}.Release|x64.ActiveCfg = Release|x64
		{26D78EB2-9DEC-43E8-B5E2-0C4D27BA6B4D}.Release|x64.Build.0 = Release|x64
		{26D78EB2-9DEC-43E8-B5E2-0C4D27BA6B4D}.Release|x86.ActiveCfg = Release|Win32
		{26D78EB2-9DEC-43E8-B5E2-0C4D27BA6B4D}.Release|x86.Build.0 = Release|Win32
		{4C999B4F-9F72-4A99-B9FC-9BE3CE34099C}.Debug|x64.ActiveCfg = Debug|x64
		{4C999B4F-9F72-4A99-B9FC-9BE3CE34099C}.Debug|x64.Build.0 = Debug|x64
		{4C999B4F-9F72-4A99-B9FC-9BE3CE34099C}.Debug|x86.ActiveCfg = Debug|Win32
		{4C999B4F-9F72-4A99-B9FC-9BE3CE34099C}.Debug|x86.Build.0 = Debug|Win32
		{4C999B4F-9F72-4A99-B9FC-9BE3CE34099C}.Release|x64.ActiveCfg = Release|x64
		{4C999B4F-9F72-4A99-B9FC-9BE3CE34099C}.Release|x64.Build.0 = Release|x64
		{4C999B4F-9F72-4A99-B9FC-9BE3CE34099C}.Release|x86.ActiveCfg = Release|Win32
		{4C999B4F-9F72-4A99-B9FC-9BE3CE34099C}.Release|x86.Build.0 = Release|Win32
		{6A63D0E5-8B35-4DCC-A029-27AEA92A5C24}.Debug|x64.ActiveCfg = Debug|x64
		{6A63D0E5-8B35-4DCC-A029-27AEA92A5C24}.Debug|x64.Build.0 = Debug|x64
		{6A63D0E5-8B35-4DCC-A029-27AEA92A5C24}.Debug|x86.ActiveCfg = Debug|Win32
		{6A63D0E5-8B35-4DCC-A029-27AEA92A5C24}.Debug|x86.Build.0 = Debug|Win32
		{6A63D0E5-8B35-4DCC-A029-27AEA92A5C24}.Release|x64.ActiveCfg = Release|x64
		{6A63D0E5-8B35-4DCC-A029-27AEA92A5C24}.Release|x64.Build.0 = Release|x64
		{6A63D0E5-8B35-4DCC-A029-27AEA92A5C24}.Release|x86.ActiveCfg = Release|Win32
		{6A63D0E5-8B35-4DCC-A029-27AEA92A5C24}.Release|x86.Build.0 = Release|Win32
		{EC4F5AA5-CCC7-4D7E-8F47-4BEC9731F3C8}.Debug|x64.ActiveCfg = Debug|x64
		{EC4F5AA5-CCC7-4D7E-8F47-4BEC9731F3C8}.Debug|x64.Build.0 = Debug|x64
		{EC4F5AA5-CCC7-4D7E-8F47-4BEC9731F3C8}.Debug|x86.ActiveCfg = Debug|Win32
		{EC4F5AA5-CCC7-4D7E-8F47-4BEC9731F3C8}.Debug|x86.Build.0 = Debug|Win32
		{EC4F5AA5-CCC7-4D7E-8F47-4BEC9731F3C8}.Release|x64.ActiveCfg = Release|x64
		{EC4F5AA5-CCC7-4D7E-8F47-4BEC9731F3C8}.Release|x64.Build.0 = Release|x64
		{EC4F5AA5-CCC7-4D7E-8F47-4BEC9731F3C8}.Release|x86.ActiveCfg = Release|Win32
		{EC4F5AA5-CCC7-4D7E-8F47-4BEC9731F3C8}.Release|x86.Build.0 = Release|Win32
		{5705AC8F-C6C3-49FF-BBEB-338F54B4A3AC}.Debug|x64.ActiveCfg = Debug|x64
		{5705AC8F-C6C3-49FF-BBEB-338F54B4A3AC}.Debug|x64.Build.0 = Debug|x64
		{5705AC8F-C6C3-49FF-BBEB-338F54B4A3AC}.Debug|x86.ActiveCfg = Debug|Win32
		{5705AC8F-C6C3-49FF-BBEB-338F54B4A3AC}.Debug|x86.Build.0 = Debug|Win32
		{5705AC8F-C6C3-49FF-BBEB-338F54B4A3AC}.Release|x64.ActiveCfg = Release|x64
		{5705AC8F-C6C3-49FF-BBEB-338F54B4A3AC}.Release|x64.Build.0 = Release|x64
		{5705AC8F-C6C3-49FF-BBEB-338F54B4A3AC}.Release|x86.ActiveCfg = Release|Win32
		{5705AC8F-C6C3-49FF-BBEB-338F54B4A3AC}.Release|x86.Build.0 = Release|Win32
		{7AE32373-886D-4A5D-9DE0-0714D94DF71B}.Debug|x64.ActiveCfg = Debug|x64
		{7AE32373-886D-4A5D-9DE0-0714D94DF71B}.Debug|x64.Build.0 = Debug|x64
		{7AE32373-886D-4A5D-9DE0-0714D94DF71B}.Debug|x86.ActiveCfg = Debug|Win32
		{7AE32373-886D-4A5D-9DE0-0714D94DF71B}.Debug|x86.Build.0 = Debug|Win32
		{7AE32373-886D-4A5D-9DE0-0714D94DF71B}.Release|x64.ActiveCfg = Release|x64
		{7AE32373-886D-4A5D-9DE0-0714D94DF71B}.Release|x64.Build.0 = Release|x64
		{7AE32373-886D-4A5D-9DE0-0714D94DF71B}.Release|x86.ActiveCfg = Release|Win32
		{7AE32373-886D-4A5D-9DE0-0714D94DF71B}.Release|x86.Build.0 = Release|Win32
		{E11F119E-2293-4FA0-AB42-D832965DA855}.Debug|x64.ActiveCfg = Debug|x64
		{E11F119E-2293-4FA0-AB42-D832965DA855}.Debug|x64.Build.0 = Debug|x64
		{E11F119E-2293-4FA0-AB42-D832965DA855}.Debug|x86.ActiveCfg = Debug|Win32
		{E11F119E-2293-4FA0-AB42-D832965DA855}.Debug|x86.Build.0 = Debug|Win32
		{E11F119E-2293-4FA0-AB42-D832965DA855}.Release|x64.ActiveCfg = Release|x64
		{E11F119E-2293-4FA0-AB42-D832965DA855}.Release|x64.Build.0 = Release|x64
		{E11F119E-2293-4FA0-AB42-D832965DA855}.Release|x86.ActiveCfg = Release|Win32
		{E11F119E-2293-4FA0-AB42-D832965DA855}.Release|x86.Build.0 = Release|Win32
		{55497010-3088-497C-A6EA-B3AD8213A9EE}.Debug|x64.ActiveCfg = Debug|x64
		{55497010-3088-497C-A6EA-B3AD8213A9EE}.Debug|x64.Build.0 = Debug|x64
		{55497010-3088-497C-A6EA-B3AD8213A9EE}.Debug|x86.ActiveCfg = Debug|Win32
		{55497010-3088-497C-A6EA-B3AD8213A9EE}.Debug|x86.Build.0 = Debug|Win32
		{55497010-3088-497C-A6EA-B3AD8213A9EE}.Release|x64.ActiveCfg = Release|x64
		{55497010-3088-497C-A6EA-B3AD8213A9EE}.Release|x64.Build.0 = Release|x64
		{55497010-3088-497C-A6EA-B3AD8213A9EE}.Release|x86.ActiveCfg = Release|Win32
		{55497010-3088-497C-A6EA-B3AD8213A9EE}.Release|x86.Build.0 = Release|Win32
		{BE51F63A-8FF4-4A5B-B747-E4578725EE70}.Debug|x64.ActiveCfg = Debug|x64
		{BE51F63A-8FF4-4A5B-B747-E4578725EE70}.Debug|x64.Build.0 = Debug|x64
		{BE51F63A-8FF4-4A5B-B747-E4578725EE70}.Debug|x86.ActiveCfg = Debug|Win32
		{BE51F63A-8FF4-4A5B-B747-E4578725EE70}.Debug|x86.Build.0 = Debug|Win32
		{BE51F63A-8FF4-4A5B-B747-E4578725EE70}.Release|x64.ActiveCfg = Release|x64
		{BE51F63A-8FF4-4A5B-B747-E4578725EE70}.Release|x64.Build.0 = Release|x64
		{BE51F63A-8FF4-4A5B-B747-E4578725EE70}.Release|x86.ActiveCfg = Release|Win32
		{BE51F63A-8FF4-4A5B-B747-E4578725EE70}.Release|x86.Build.0 = Release|Win32
		{A7BE330E-E491-488F-BF06-4091D8DE534B}.Debug|x64.ActiveCfg = Debug|x64
		{A7BE330E-E491-488F-BF06-4091D8DE534B}.Debug|x64.Build.0 = Debug|x64
		{A7BE330E-E491-488F-BF06-4091D8DE534B}.Debug|x86.ActiveCfg = Debug|Win32
		{A7BE330E-E491-488F-BF06-4091D8DE534B}.Debug|x86.Build.0 = Debug|Win32
		{A7BE330E-E491-488F-BF06-4091D8DE534B}.Release|x64.ActiveCfg = Release|x64
		{A7BE330E-E491-488F-BF06-4091D8DE534B}.Release|x64.Build.0 = Release|x64
		{A7BE330E-E491-488F-BF06-4091D8DE534B}.Release|x86.ActiveCfg = Release|Win32
		{A7BE330E-E491-488F-BF06-4091D8DE534B}.Release|x86.Build.0 = Release|Win32
		{B3AE9AAB-19EF-491F-9434-90C461018C92}.Debug|x64.ActiveCfg = Debug|x64
		{B3AE9AAB-19EF-491F-9434-90C461018C92}.Debug|x64.Build.0 = Debug|x64
		{B3AE9AAB-19EF-491F-9434-90C461018C92}.Debug|x86.ActiveCfg = Debug|Win32
		{B3AE9AAB-19EF-491F-9434-90C461018C92}.Debug|x86.Build.0 = Debug|Win32
		{B3AE9AAB-19EF-491F-9434-90C461018C92}.Release|x64.ActiveCfg = Release|x64
		{B3AE9AAB-19EF-491F-9434-90C461018C92}.Release|x64.Build.0 = Release|x64
		{B3AE9AAB-19EF-491F-9434-90C461018C92}.Release|x86.ActiveCfg = Release|Win32
		{B3AE9AAB-19EF-491F-9434-90C461018C92}.Release|x86.Build.0 = Release|Win32
		{14BE45FD-68C9-4891-960B-7F3277237576}.Debug|x64.ActiveCfg = Debug|x64
		{14BE45FD-68C9-4891-960B-7F3277237576}.Debug|x64.Build.0 = Debug|x64
		{14BE45FD-68C9-4891-960B-7F3277237576}.Debug|x86.ActiveCfg = Debug|Win32
		{14BE45FD-68C9-4891-960B-7F3277237576}.Debug|x86.Build.0 = Debug|Win32
		{14BE45FD-68C9-4891-960B-7F3277237576}.Release|x64.ActiveCfg = Release|x64
		{14BE45FD-68C9-4891-960B-7F3277237576}.Release|x64.Build.0 = Release|x64
		{14BE45FD-68C9-4891-960B-7F3277237576}.Release|x86.ActiveCfg = Release|Win32
		{14BE45FD-68C9-4891-960B-7F3277237576}.Release|x86.Build.0 = Release|Win32
		{ED4B9A70-3130-4927-8792-477035A164FF}.Debug|x64.ActiveCfg = Debug|x64
		{ED4B9A70-3130-4927-8792-477035A164FF}.Debug|x64.Build.0 = Debug|x64
		{ED4B9A70-3130-4927-8792-477035A164FF}.Debug|x86.ActiveCfg = Debug|Win32
		{ED4B9A70-3130-4927-8792-477035A164FF}.Debug|x86.Build.0 = Debug|Win32
		{ED4B9A70-3130-4927-8792-477035A164FF}.Release|x64.ActiveCfg = Release|x64
		{ED4B9A70-3130-4927-8792-477035A164FF}.Release|x64.Build.0 = Release|x64
		{ED4B9A70-3130-4927-8792-477035A164FF}.Release|x86.ActiveCfg = Release|Win32
		{ED4B9A70-3130-4927-8792-477035A164FF}.Release|x86.Build.0 = Release|Win32
		{09226D83-74F7-4077-B162-807BCAB602C9}.Debug|x64.ActiveCfg = Debug|x64
		{09226D83-74F7-4077-B162-807BCAB602C9}.Debug|x64.Build.0 = Debug|x64
		{09226D83-74F7-4077-B162-807BCAB602C9}.Debug|x86.ActiveCfg = Debug|Win32
		{09226D83-74F7-4077-B162-807BCAB602C9}.Debug|x86.Build.0 = Debug|Win32
		{09226D83-74F7-4077-B162-807BCAB602C9}.Release|x64.ActiveCfg = Release|x64
		{09226D83-74F7-4077-B162-807BCAB602C9}.Release|x64.Build.0 = Release|x64
		{09226D83-74F7-4077-B162-807BCAB602C9}.Release|x86.ActiveCfg = Release|Win32
		{09226D83-74F7-4077-B162-807BCAB602C9}.Release|x86.Build.0 = Release|Win32
		{0EF815A1-8FBF-46B9-9E2C-85E2EC4FA7F3}.Debug|x64.ActiveCfg = Debug|x64
		{0EF815A1-8FBF-46B9-9E2C-85E2EC4FA7F3}.Debug|x64.Build.0 = Debug|x64
		{0EF815A1-8FBF-46B9-9E2C-85E2EC4FA7F3}.Debug|x86.ActiveCfg = Debug|Win32
		{0EF815A1-8FBF-46B9-9E2C-85E2EC4FA7F3}.Debug|x86.Build.0 = Debug|Win32
		{0EF815A1-8FBF-46B9-9E2C-85E2EC4FA7F3}.Release|x64.ActiveCfg = Release|x64
		{0EF815A1-8FBF-46B9-9E2C-85E2EC4FA7F3}.Release|x64.Build.0 = Release|x64
		{0EF815A1-8FBF-46B9-9E2C-85E2EC4FA7F3}.Release|x86.ActiveCfg = Release|Win32
		{0EF815A1-8FBF-46B9-9E2C-85E2EC4FA7F3}.Release|x86.Build.0 = Release|Win32
		{B690971E-EB7D-436D-A3D3-631FC330FE30}.Debug|x64.ActiveCfg = Debug|x64
		{B690971E-EB7D-436D-A3D3-631FC330FE30}.Debug|x64.Build.0 = Debug|x64
		{B690971E-EB7D-436D-A3D3-631FC330FE30}.Debug|x86.ActiveCfg = Debug|Win32
		{B690971E-EB7D-436D-A3D3-631FC330FE30}.Debug|x86.Build.0 = Debug|Win32
		{B690971E-EB7D-436D-A3D3-631FC330FE30}.Release|x64.ActiveCfg = Release|x64
		{B690971E-EB7D-436D-A3D3-631FC330FE30}.Release|x64.Build.0 = Release|x64
		{B690971E-EB7D-436D-A3D3-631FC330FE30}.Release|x86.ActiveCfg = Release|Win32
		{B690971E-EB7D-436D-A3D3-631FC330FE30}.Release|x86.Build.0 = Release|Win32
	EndGlobalSection
	GlobalSection(SolutionProperties) = preSolution
		HideSolutionNode = FALSE
	EndGlobalSection
	GlobalSection(ExtensibilityGlobals) = postSolution
		SolutionGuid = {8AFE3B62-7ADF-4546-90B7-D0758F24E886}
	EndGlobalSection
EndGlobal
