
Microsoft Visual Studio Solution File, Format Version 12.00
# Visual Studio Version 17
VisualStudioVersion = 17.7.34031.279
MinimumVisualStudioVersion = 10.0.40219.1
Project("{8BC9CEB8-8B4A-11D0-8D11-00A0C91BC942}") = "Bai001", "Bai001\Bai001.vcxproj", "{D84D2CD0-0A96-46B8-814E-BB465E7A7281}"
EndProject
Project("{8BC9CEB8-8B4A-11D0-8D11-00A0C91BC942}") = "Bai006", "Bai006\Bai006.vcxproj", "{1472A79C-52B3-4A50-A64D-A9C1C2C1AEB9}"
EndProject
Project("{8BC9CEB8-8B4A-11D0-8D11-00A0C91BC942}") = "Bai011", "Bai011\Bai011.vcxproj", "{4716A70C-3DFB-402E-BF70-CC13F43DB9F2}"
EndProject
Project("{8BC9CEB8-8B4A-11D0-8D11-00A0C91BC942}") = "Bai016", "Bai016\Bai016.vcxproj", "{4FE12549-FE0F-4374-8F26-CD895AD560ED}"
EndProject
Project("{8BC9CEB8-8B4A-11D0-8D11-00A0C91BC942}") = "Bai021", "Bai021\Bai021.vcxproj", "{AD2D0B42-A3BE-471B-A832-79779767AF47}"
EndProject
Project("{8BC9CEB8-8B4A-11D0-8D11-00A0C91BC942}") = "Bai026", "Bai026\Bai026.vcxproj", "{4A1E4E96-C9B0-47E3-8B69-5A1DFCE6217E}"
EndProject
Project("{8BC9CEB8-8B4A-11D0-8D11-00A0C91BC942}") = "Bai031", "Bai031\Bai031.vcxproj", "{43D76C05-E368-497C-9B5B-B450CAA9EA04}"
EndProject
Project("{8BC9CEB8-8B4A-11D0-8D11-00A0C91BC942}") = "Bai036", "Bai036\Bai036.vcxproj", "{7BA89BDD-026A-495B-A3CC-193D04236866}"
EndProject
Project("{8BC9CEB8-8B4A-11D0-8D11-00A0C91BC942}") = "Bai041", "Bai041\Bai041.vcxproj", "{F43960D5-E8F8-41CE-8669-6BC5CD0663F0}"
EndProject
Project("{8BC9CEB8-8B4A-11D0-8D11-00A0C91BC942}") = "Bai046", "Bai046\Bai046.vcxproj", "{D1213F89-EC7F-4DFC-B04D-2C1EE6E9D7D6}"
EndProject
Project("{8BC9CEB8-8B4A-11D0-8D11-00A0C91BC942}") = "Bai051", "Bai051\Bai051.vcxproj", "{EBB1A5C4-4068-4BB1-AC4C-A43B2389CDC1}"
EndProject
Project("{8BC9CEB8-8B4A-11D0-8D11-00A0C91BC942}") = "Bai056", "Bai056\Bai056.vcxproj", "{7F330C43-C9B5-4E81-804C-35D8A8CB745F}"
EndProject
Project("{8BC9CEB8-8B4A-11D0-8D11-00A0C91BC942}") = "Bai061", "Bai061\Bai061.vcxproj", "{FCB57B52-8871-4B44-B677-3572FD717C94}"
EndProject
Project("{8BC9CEB8-8B4A-11D0-8D11-00A0C91BC942}") = "Bai066", "Bai066\Bai066.vcxproj", "{5C0867C1-BECB-4379-BC69-A38532F12FD0}"
EndProject
Project("{8BC9CEB8-8B4A-11D0-8D11-00A0C91BC942}") = "Bai071", "Bai071\Bai071.vcxproj", "{C1A209CE-944E-4FD1-B358-501C96364D39}"
EndProject
Project("{8BC9CEB8-8B4A-11D0-8D11-00A0C91BC942}") = "Bai076", "Bai076\Bai076.vcxproj", "{CEE6D1A1-28C0-4A74-B8EA-CC033733DE5C}"
EndProject
Project("{8BC9CEB8-8B4A-11D0-8D11-00A0C91BC942}") = "Bai081", "Bai081\Bai081.vcxproj", "{FA6DD52A-353A-4997-B7C4-263447866330}"
EndProject
Project("{8BC9CEB8-8B4A-11D0-8D11-00A0C91BC942}") = "Bai086", "Bai086\Bai086.vcxproj", "{6989F7AC-E156-4A2B-8FA3-71E783EA93B4}"
EndProject
Project("{8BC9CEB8-8B4A-11D0-8D11-00A0C91BC942}") = "Bai091", "Bai091\Bai091.vcxproj", "{71E29EFB-D0E8-4EAE-8BB2-2D5639147E90}"
EndProject
Project("{8BC9CEB8-8B4A-11D0-8D11-00A0C91BC942}") = "Bai096", "Bai096\Bai096.vcxproj", "{096BCB58-8CDF-4526-8944-97D757FE3DEE}"
EndProject
Project("{8BC9CEB8-8B4A-11D0-8D11-00A0C91BC942}") = "Bai101", "Bai101\Bai101.vcxproj", "{C2655EF8-4EE9-4865-B2A2-A8B8194A8225}"
EndProject
Project("{8BC9CEB8-8B4A-11D0-8D11-00A0C91BC942}") = "Bai106", "Bai106\Bai106.vcxproj", "{8F588F8C-6DD8-4F94-82C3-FB963B0D5A0C}"
EndProject
Project("{8BC9CEB8-8B4A-11D0-8D11-00A0C91BC942}") = "Bai111", "Bai111\Bai111.vcxproj", "{E59BEF04-0ED5-4E05-A475-718AE28BA7B2}"
EndProject
Project("{8BC9CEB8-8B4A-11D0-8D11-00A0C91BC942}") = "Bai116", "Bai116\Bai116.vcxproj", "{E22DE4A9-F6F1-442F-B68E-8C4CE07E93A8}"
EndProject
Project("{8BC9CEB8-8B4A-11D0-8D11-00A0C91BC942}") = "Bai121", "Bai121\Bai121.vcxproj", "{63189506-ED92-4D81-B53B-8CDEC4BD28D5}"
EndProject
Project("{8BC9CEB8-8B4A-11D0-8D11-00A0C91BC942}") = "Bai126", "Bai126\Bai126.vcxproj", "{967193B4-E5A6-4D65-A0E2-27B01DC53488}"
EndProject
Project("{8BC9CEB8-8B4A-11D0-8D11-00A0C91BC942}") = "Bai131", "Bai131\Bai131.vcxproj", "{2E05B37F-8333-4A3C-B447-41377D98FAAA}"
EndProject
Project("{8BC9CEB8-8B4A-11D0-8D11-00A0C91BC942}") = "Bai136", "Bai136\Bai136.vcxproj", "{188B75C2-3D43-4376-91B5-839E904A2EAD}"
EndProject
Project("{8BC9CEB8-8B4A-11D0-8D11-00A0C91BC942}") = "Bai141", "Bai141\Bai141.vcxproj", "{D3C6CE4D-BD57-4389-B673-EA83AA6C2792}"
EndProject
Project("{8BC9CEB8-8B4A-11D0-8D11-00A0C91BC942}") = "Bai146", "Bai146\Bai146.vcxproj", "{766D571B-3FF1-4A97-9979-401BC7015CDD}"
EndProject
Project("{8BC9CEB8-8B4A-11D0-8D11-00A0C91BC942}") = "Bai151", "Bai151\Bai151.vcxproj", "{335311CF-0560-4E06-9F88-7CF918AB6707}"
EndProject
Project("{8BC9CEB8-8B4A-11D0-8D11-00A0C91BC942}") = "Bai156", "Bai156\Bai156.vcxproj", "{E657C365-25D3-4F6B-90D1-FA9E47AE4BA1}"
EndProject
Project("{8BC9CEB8-8B4A-11D0-8D11-00A0C91BC942}") = "Bai161", "Bai161\Bai161.vcxproj", "{9D350EE7-8EF3-4CCD-B797-81EC5D34A675}"
EndProject
Project("{8BC9CEB8-8B4A-11D0-8D11-00A0C91BC942}") = "Bau166", "Bau166\Bau166.vcxproj", "{65F758DD-06AA-4DD4-9214-F78E5C98CC55}"
EndProject
Project("{8BC9CEB8-8B4A-11D0-8D11-00A0C91BC942}") = "Bai166", "Bai166\Bai166.vcxproj", "{67EAFE7A-1DD1-483B-A5DE-73C9AB2875B3}"
EndProject
Project("{8BC9CEB8-8B4A-11D0-8D11-00A0C91BC942}") = "Bai171", "Bai171\Bai171.vcxproj", "{C63F5757-4667-4FD6-892A-44552FE379CD}"
EndProject
Project("{8BC9CEB8-8B4A-11D0-8D11-00A0C91BC942}") = "Bai176", "Bai176\Bai176.vcxproj", "{DAC36B77-B4AF-4FFD-9B88-A8F547724A9F}"
EndProject
Project("{8BC9CEB8-8B4A-11D0-8D11-00A0C91BC942}") = "Bai181", "Bai181\Bai181.vcxproj", "{CA7796D4-38FE-44A3-ACA1-0A09B538B7E8}"
EndProject
Project("{8BC9CEB8-8B4A-11D0-8D11-00A0C91BC942}") = "Bai186", "Bai186\Bai186.vcxproj", "{8DF702B3-310E-45B6-AB46-47347A392C2C}"
EndProject
Project("{8BC9CEB8-8B4A-11D0-8D11-00A0C91BC942}") = "Bai191", "Bai191\Bai191.vcxproj", "{37570740-0374-4EA4-9F9F-4CAA7D46B593}"
EndProject
Project("{8BC9CEB8-8B4A-11D0-8D11-00A0C91BC942}") = "Bai196", "Bai196\Bai196.vcxproj", "{251812D4-6410-41FB-A42C-A621DF9273A9}"
EndProject
Project("{8BC9CEB8-8B4A-11D0-8D11-00A0C91BC942}") = "Bai201", "Bai201\Bai201.vcxproj", "{01D061CF-D900-4726-BD54-EC505EF799D5}"
EndProject
Project("{8BC9CEB8-8B4A-11D0-8D11-00A0C91BC942}") = "Bai206", "Bai206\Bai206.vcxproj", "{73C38FD0-5FA0-4CA7-819F-AEA0308B9A02}"
EndProject
Project("{8BC9CEB8-8B4A-11D0-8D11-00A0C91BC942}") = "Bai211", "Bai211\Bai211.vcxproj", "{ED4E074B-A17A-48FC-9E50-FC5EC66F1CD8}"
EndProject
Project("{8BC9CEB8-8B4A-11D0-8D11-00A0C91BC942}") = "Bai216", "Bai216\Bai216.vcxproj", "{037CA24E-C3D2-4F48-8D5B-B0F22653A52C}"
EndProject
Project("{8BC9CEB8-8B4A-11D0-8D11-00A0C91BC942}") = "Bai221", "Bai221\Bai221.vcxproj", "{65224606-E9CD-46D6-9E08-99668BCBBEC6}"
EndProject
Project("{8BC9CEB8-8B4A-11D0-8D11-00A0C91BC942}") = "Bai226", "Bai226\Bai226.vcxproj", "{C95F57AD-0FFF-49E4-BBB4-9E72CD177C1F}"
EndProject
Project("{8BC9CEB8-8B4A-11D0-8D11-00A0C91BC942}") = "Bai231", "Bai231\Bai231.vcxproj", "{75315218-0C26-4597-8FC7-CFDC6F3F0289}"
EndProject
Project("{8BC9CEB8-8B4A-11D0-8D11-00A0C91BC942}") = "Bai236", "Bai236\Bai236.vcxproj", "{D9D99B65-2C2A-47EA-A065-33A43343D69D}"
EndProject
Project("{8BC9CEB8-8B4A-11D0-8D11-00A0C91BC942}") = "Bai241", "Bai241\Bai241.vcxproj", "{1D594343-7214-41C5-9D17-E2F7C3FFAE7A}"
EndProject
Project("{8BC9CEB8-8B4A-11D0-8D11-00A0C91BC942}") = "Bai246", "Bai246\Bai246.vcxproj", "{4A7DBD26-F9B8-4978-B17E-D13DC9E46B37}"
EndProject
Project("{8BC9CEB8-8B4A-11D0-8D11-00A0C91BC942}") = "Bai251", "Bai251\Bai251.vcxproj", "{9D6631A4-8A5C-485C-8D56-B751BCB6D88B}"
EndProject
Project("{8BC9CEB8-8B4A-11D0-8D11-00A0C91BC942}") = "Bai256", "Bai256\Bai256.vcxproj", "{47561556-B373-476C-8EC3-AFF36C65B845}"
EndProject
Project("{8BC9CEB8-8B4A-11D0-8D11-00A0C91BC942}") = "Bai261", "Bai261\Bai261.vcxproj", "{F3AEEC5B-4117-48BB-BC45-80BE2EA3F605}"
EndProject
Project("{8BC9CEB8-8B4A-11D0-8D11-00A0C91BC942}") = "Bai266", "Bai266\Bai266.vcxproj", "{ECF4BC58-355C-4548-9081-C7832EFE66A3}"
EndProject
Project("{8BC9CEB8-8B4A-11D0-8D11-00A0C91BC942}") = "Bai271", "Bai2711\Bai2711.vcxproj", "{B939EFF3-C658-4384-B6D5-7581C272B4DC}"
EndProject
Project("{8BC9CEB8-8B4A-11D0-8D11-00A0C91BC942}") = "Bai276", "Bai276\Bai276.vcxproj", "{E0E7E158-9C98-4C49-8637-628E7084B1D0}"
EndProject
Project("{8BC9CEB8-8B4A-11D0-8D11-00A0C91BC942}") = "Bai281", "Bai281\Bai281.vcxproj", "{7FB813CF-E633-4CD5-ACE2-009458263FAE}"
EndProject
Project("{8BC9CEB8-8B4A-11D0-8D11-00A0C91BC942}") = "Bai286", "Bai286\Bai286.vcxproj", "{FD5C4C46-CD03-48DF-B04C-DC34B3DF42A7}"
EndProject
Global
	GlobalSection(SolutionConfigurationPlatforms) = preSolution
		Debug|x64 = Debug|x64
		Debug|x86 = Debug|x86
		Release|x64 = Release|x64
		Release|x86 = Release|x86
	EndGlobalSection
	GlobalSection(ProjectConfigurationPlatforms) = postSolution
		{D84D2CD0-0A96-46B8-814E-BB465E7A7281}.Debug|x64.ActiveCfg = Debug|x64
		{D84D2CD0-0A96-46B8-814E-BB465E7A7281}.Debug|x64.Build.0 = Debug|x64
		{D84D2CD0-0A96-46B8-814E-BB465E7A7281}.Debug|x86.ActiveCfg = Debug|Win32
		{D84D2CD0-0A96-46B8-814E-BB465E7A7281}.Debug|x86.Build.0 = Debug|Win32
		{D84D2CD0-0A96-46B8-814E-BB465E7A7281}.Release|x64.ActiveCfg = Release|x64
		{D84D2CD0-0A96-46B8-814E-BB465E7A7281}.Release|x64.Build.0 = Release|x64
		{D84D2CD0-0A96-46B8-814E-BB465E7A7281}.Release|x86.ActiveCfg = Release|Win32
		{D84D2CD0-0A96-46B8-814E-BB465E7A7281}.Release|x86.Build.0 = Release|Win32
		{1472A79C-52B3-4A50-A64D-A9C1C2C1AEB9}.Debug|x64.ActiveCfg = Debug|x64
		{1472A79C-52B3-4A50-A64D-A9C1C2C1AEB9}.Debug|x64.Build.0 = Debug|x64
		{1472A79C-52B3-4A50-A64D-A9C1C2C1AEB9}.Debug|x86.ActiveCfg = Debug|Win32
		{1472A79C-52B3-4A50-A64D-A9C1C2C1AEB9}.Debug|x86.Build.0 = Debug|Win32
		{1472A79C-52B3-4A50-A64D-A9C1C2C1AEB9}.Release|x64.ActiveCfg = Release|x64
		{1472A79C-52B3-4A50-A64D-A9C1C2C1AEB9}.Release|x64.Build.0 = Release|x64
		{1472A79C-52B3-4A50-A64D-A9C1C2C1AEB9}.Release|x86.ActiveCfg = Release|Win32
		{1472A79C-52B3-4A50-A64D-A9C1C2C1AEB9}.Release|x86.Build.0 = Release|Win32
		{4716A70C-3DFB-402E-BF70-CC13F43DB9F2}.Debug|x64.ActiveCfg = Debug|x64
		{4716A70C-3DFB-402E-BF70-CC13F43DB9F2}.Debug|x64.Build.0 = Debug|x64
		{4716A70C-3DFB-402E-BF70-CC13F43DB9F2}.Debug|x86.ActiveCfg = Debug|Win32
		{4716A70C-3DFB-402E-BF70-CC13F43DB9F2}.Debug|x86.Build.0 = Debug|Win32
		{4716A70C-3DFB-402E-BF70-CC13F43DB9F2}.Release|x64.ActiveCfg = Release|x64
		{4716A70C-3DFB-402E-BF70-CC13F43DB9F2}.Release|x64.Build.0 = Release|x64
		{4716A70C-3DFB-402E-BF70-CC13F43DB9F2}.Release|x86.ActiveCfg = Release|Win32
		{4716A70C-3DFB-402E-BF70-CC13F43DB9F2}.Release|x86.Build.0 = Release|Win32
		{4FE12549-FE0F-4374-8F26-CD895AD560ED}.Debug|x64.ActiveCfg = Debug|x64
		{4FE12549-FE0F-4374-8F26-CD895AD560ED}.Debug|x64.Build.0 = Debug|x64
		{4FE12549-FE0F-4374-8F26-CD895AD560ED}.Debug|x86.ActiveCfg = Debug|Win32
		{4FE12549-FE0F-4374-8F26-CD895AD560ED}.Debug|x86.Build.0 = Debug|Win32
		{4FE12549-FE0F-4374-8F26-CD895AD560ED}.Release|x64.ActiveCfg = Release|x64
		{4FE12549-FE0F-4374-8F26-CD895AD560ED}.Release|x64.Build.0 = Release|x64
		{4FE12549-FE0F-4374-8F26-CD895AD560ED}.Release|x86.ActiveCfg = Release|Win32
		{4FE12549-FE0F-4374-8F26-CD895AD560ED}.Release|x86.Build.0 = Release|Win32
		{AD2D0B42-A3BE-471B-A832-79779767AF47}.Debug|x64.ActiveCfg = Debug|x64
		{AD2D0B42-A3BE-471B-A832-79779767AF47}.Debug|x64.Build.0 = Debug|x64
		{AD2D0B42-A3BE-471B-A832-79779767AF47}.Debug|x86.ActiveCfg = Debug|Win32
		{AD2D0B42-A3BE-471B-A832-79779767AF47}.Debug|x86.Build.0 = Debug|Win32
		{AD2D0B42-A3BE-471B-A832-79779767AF47}.Release|x64.ActiveCfg = Release|x64
		{AD2D0B42-A3BE-471B-A832-79779767AF47}.Release|x64.Build.0 = Release|x64
		{AD2D0B42-A3BE-471B-A832-79779767AF47}.Release|x86.ActiveCfg = Release|Win32
		{AD2D0B42-A3BE-471B-A832-79779767AF47}.Release|x86.Build.0 = Release|Win32
		{4A1E4E96-C9B0-47E3-8B69-5A1DFCE6217E}.Debug|x64.ActiveCfg = Debug|x64
		{4A1E4E96-C9B0-47E3-8B69-5A1DFCE6217E}.Debug|x64.Build.0 = Debug|x64
		{4A1E4E96-C9B0-47E3-8B69-5A1DFCE6217E}.Debug|x86.ActiveCfg = Debug|Win32
		{4A1E4E96-C9B0-47E3-8B69-5A1DFCE6217E}.Debug|x86.Build.0 = Debug|Win32
		{4A1E4E96-C9B0-47E3-8B69-5A1DFCE6217E}.Release|x64.ActiveCfg = Release|x64
		{4A1E4E96-C9B0-47E3-8B69-5A1DFCE6217E}.Release|x64.Build.0 = Release|x64
		{4A1E4E96-C9B0-47E3-8B69-5A1DFCE6217E}.Release|x86.ActiveCfg = Release|Win32
		{4A1E4E96-C9B0-47E3-8B69-5A1DFCE6217E}.Release|x86.Build.0 = Release|Win32
		{43D76C05-E368-497C-9B5B-B450CAA9EA04}.Debug|x64.ActiveCfg = Debug|x64
		{43D76C05-E368-497C-9B5B-B450CAA9EA04}.Debug|x64.Build.0 = Debug|x64
		{43D76C05-E368-497C-9B5B-B450CAA9EA04}.Debug|x86.ActiveCfg = Debug|Win32
		{43D76C05-E368-497C-9B5B-B450CAA9EA04}.Debug|x86.Build.0 = Debug|Win32
		{43D76C05-E368-497C-9B5B-B450CAA9EA04}.Release|x64.ActiveCfg = Release|x64
		{43D76C05-E368-497C-9B5B-B450CAA9EA04}.Release|x64.Build.0 = Release|x64
		{43D76C05-E368-497C-9B5B-B450CAA9EA04}.Release|x86.ActiveCfg = Release|Win32
		{43D76C05-E368-497C-9B5B-B450CAA9EA04}.Release|x86.Build.0 = Release|Win32
		{7BA89BDD-026A-495B-A3CC-193D04236866}.Debug|x64.ActiveCfg = Debug|x64
		{7BA89BDD-026A-495B-A3CC-193D04236866}.Debug|x64.Build.0 = Debug|x64
		{7BA89BDD-026A-495B-A3CC-193D04236866}.Debug|x86.ActiveCfg = Debug|Win32
		{7BA89BDD-026A-495B-A3CC-193D04236866}.Debug|x86.Build.0 = Debug|Win32
		{7BA89BDD-026A-495B-A3CC-193D04236866}.Release|x64.ActiveCfg = Release|x64
		{7BA89BDD-026A-495B-A3CC-193D04236866}.Release|x64.Build.0 = Release|x64
		{7BA89BDD-026A-495B-A3CC-193D04236866}.Release|x86.ActiveCfg = Release|Win32
		{7BA89BDD-026A-495B-A3CC-193D04236866}.Release|x86.Build.0 = Release|Win32
		{F43960D5-E8F8-41CE-8669-6BC5CD0663F0}.Debug|x64.ActiveCfg = Debug|x64
		{F43960D5-E8F8-41CE-8669-6BC5CD0663F0}.Debug|x64.Build.0 = Debug|x64
		{F43960D5-E8F8-41CE-8669-6BC5CD0663F0}.Debug|x86.ActiveCfg = Debug|Win32
		{F43960D5-E8F8-41CE-8669-6BC5CD0663F0}.Debug|x86.Build.0 = Debug|Win32
		{F43960D5-E8F8-41CE-8669-6BC5CD0663F0}.Release|x64.ActiveCfg = Release|x64
		{F43960D5-E8F8-41CE-8669-6BC5CD0663F0}.Release|x64.Build.0 = Release|x64
		{F43960D5-E8F8-41CE-8669-6BC5CD0663F0}.Release|x86.ActiveCfg = Release|Win32
		{F43960D5-E8F8-41CE-8669-6BC5CD0663F0}.Release|x86.Build.0 = Release|Win32
		{D1213F89-EC7F-4DFC-B04D-2C1EE6E9D7D6}.Debug|x64.ActiveCfg = Debug|x64
		{D1213F89-EC7F-4DFC-B04D-2C1EE6E9D7D6}.Debug|x64.Build.0 = Debug|x64
		{D1213F89-EC7F-4DFC-B04D-2C1EE6E9D7D6}.Debug|x86.ActiveCfg = Debug|Win32
		{D1213F89-EC7F-4DFC-B04D-2C1EE6E9D7D6}.Debug|x86.Build.0 = Debug|Win32
		{D1213F89-EC7F-4DFC-B04D-2C1EE6E9D7D6}.Release|x64.ActiveCfg = Release|x64
		{D1213F89-EC7F-4DFC-B04D-2C1EE6E9D7D6}.Release|x64.Build.0 = Release|x64
		{D1213F89-EC7F-4DFC-B04D-2C1EE6E9D7D6}.Release|x86.ActiveCfg = Release|Win32
		{D1213F89-EC7F-4DFC-B04D-2C1EE6E9D7D6}.Release|x86.Build.0 = Release|Win32
		{EBB1A5C4-4068-4BB1-AC4C-A43B2389CDC1}.Debug|x64.ActiveCfg = Debug|x64
		{EBB1A5C4-4068-4BB1-AC4C-A43B2389CDC1}.Debug|x64.Build.0 = Debug|x64
		{EBB1A5C4-4068-4BB1-AC4C-A43B2389CDC1}.Debug|x86.ActiveCfg = Debug|Win32
		{EBB1A5C4-4068-4BB1-AC4C-A43B2389CDC1}.Debug|x86.Build.0 = Debug|Win32
		{EBB1A5C4-4068-4BB1-AC4C-A43B2389CDC1}.Release|x64.ActiveCfg = Release|x64
		{EBB1A5C4-4068-4BB1-AC4C-A43B2389CDC1}.Release|x64.Build.0 = Release|x64
		{EBB1A5C4-4068-4BB1-AC4C-A43B2389CDC1}.Release|x86.ActiveCfg = Release|Win32
		{EBB1A5C4-4068-4BB1-AC4C-A43B2389CDC1}.Release|x86.Build.0 = Release|Win32
		{7F330C43-C9B5-4E81-804C-35D8A8CB745F}.Debug|x64.ActiveCfg = Debug|x64
		{7F330C43-C9B5-4E81-804C-35D8A8CB745F}.Debug|x64.Build.0 = Debug|x64
		{7F330C43-C9B5-4E81-804C-35D8A8CB745F}.Debug|x86.ActiveCfg = Debug|Win32
		{7F330C43-C9B5-4E81-804C-35D8A8CB745F}.Debug|x86.Build.0 = Debug|Win32
		{7F330C43-C9B5-4E81-804C-35D8A8CB745F}.Release|x64.ActiveCfg = Release|x64
		{7F330C43-C9B5-4E81-804C-35D8A8CB745F}.Release|x64.Build.0 = Release|x64
		{7F330C43-C9B5-4E81-804C-35D8A8CB745F}.Release|x86.ActiveCfg = Release|Win32
		{7F330C43-C9B5-4E81-804C-35D8A8CB745F}.Release|x86.Build.0 = Release|Win32
		{FCB57B52-8871-4B44-B677-3572FD717C94}.Debug|x64.ActiveCfg = Debug|x64
		{FCB57B52-8871-4B44-B677-3572FD717C94}.Debug|x64.Build.0 = Debug|x64
		{FCB57B52-8871-4B44-B677-3572FD717C94}.Debug|x86.ActiveCfg = Debug|Win32
		{FCB57B52-8871-4B44-B677-3572FD717C94}.Debug|x86.Build.0 = Debug|Win32
		{FCB57B52-8871-4B44-B677-3572FD717C94}.Release|x64.ActiveCfg = Release|x64
		{FCB57B52-8871-4B44-B677-3572FD717C94}.Release|x64.Build.0 = Release|x64
		{FCB57B52-8871-4B44-B677-3572FD717C94}.Release|x86.ActiveCfg = Release|Win32
		{FCB57B52-8871-4B44-B677-3572FD717C94}.Release|x86.Build.0 = Release|Win32
		{5C0867C1-BECB-4379-BC69-A38532F12FD0}.Debug|x64.ActiveCfg = Debug|x64
		{5C0867C1-BECB-4379-BC69-A38532F12FD0}.Debug|x64.Build.0 = Debug|x64
		{5C0867C1-BECB-4379-BC69-A38532F12FD0}.Debug|x86.ActiveCfg = Debug|Win32
		{5C0867C1-BECB-4379-BC69-A38532F12FD0}.Debug|x86.Build.0 = Debug|Win32
		{5C0867C1-BECB-4379-BC69-A38532F12FD0}.Release|x64.ActiveCfg = Release|x64
		{5C0867C1-BECB-4379-BC69-A38532F12FD0}.Release|x64.Build.0 = Release|x64
		{5C0867C1-BECB-4379-BC69-A38532F12FD0}.Release|x86.ActiveCfg = Release|Win32
		{5C0867C1-BECB-4379-BC69-A38532F12FD0}.Release|x86.Build.0 = Release|Win32
		{C1A209CE-944E-4FD1-B358-501C96364D39}.Debug|x64.ActiveCfg = Debug|x64
		{C1A209CE-944E-4FD1-B358-501C96364D39}.Debug|x64.Build.0 = Debug|x64
		{C1A209CE-944E-4FD1-B358-501C96364D39}.Debug|x86.ActiveCfg = Debug|Win32
		{C1A209CE-944E-4FD1-B358-501C96364D39}.Debug|x86.Build.0 = Debug|Win32
		{C1A209CE-944E-4FD1-B358-501C96364D39}.Release|x64.ActiveCfg = Release|x64
		{C1A209CE-944E-4FD1-B358-501C96364D39}.Release|x64.Build.0 = Release|x64
		{C1A209CE-944E-4FD1-B358-501C96364D39}.Release|x86.ActiveCfg = Release|Win32
		{C1A209CE-944E-4FD1-B358-501C96364D39}.Release|x86.Build.0 = Release|Win32
		{CEE6D1A1-28C0-4A74-B8EA-CC033733DE5C}.Debug|x64.ActiveCfg = Debug|x64
		{CEE6D1A1-28C0-4A74-B8EA-CC033733DE5C}.Debug|x64.Build.0 = Debug|x64
		{CEE6D1A1-28C0-4A74-B8EA-CC033733DE5C}.Debug|x86.ActiveCfg = Debug|Win32
		{CEE6D1A1-28C0-4A74-B8EA-CC033733DE5C}.Debug|x86.Build.0 = Debug|Win32
		{CEE6D1A1-28C0-4A74-B8EA-CC033733DE5C}.Release|x64.ActiveCfg = Release|x64
		{CEE6D1A1-28C0-4A74-B8EA-CC033733DE5C}.Release|x64.Build.0 = Release|x64
		{CEE6D1A1-28C0-4A74-B8EA-CC033733DE5C}.Release|x86.ActiveCfg = Release|Win32
		{CEE6D1A1-28C0-4A74-B8EA-CC033733DE5C}.Release|x86.Build.0 = Release|Win32
		{FA6DD52A-353A-4997-B7C4-263447866330}.Debug|x64.ActiveCfg = Debug|x64
		{FA6DD52A-353A-4997-B7C4-263447866330}.Debug|x64.Build.0 = Debug|x64
		{FA6DD52A-353A-4997-B7C4-263447866330}.Debug|x86.ActiveCfg = Debug|Win32
		{FA6DD52A-353A-4997-B7C4-263447866330}.Debug|x86.Build.0 = Debug|Win32
		{FA6DD52A-353A-4997-B7C4-263447866330}.Release|x64.ActiveCfg = Release|x64
		{FA6DD52A-353A-4997-B7C4-263447866330}.Release|x64.Build.0 = Release|x64
		{FA6DD52A-353A-4997-B7C4-263447866330}.Release|x86.ActiveCfg = Release|Win32
		{FA6DD52A-353A-4997-B7C4-263447866330}.Release|x86.Build.0 = Release|Win32
		{6989F7AC-E156-4A2B-8FA3-71E783EA93B4}.Debug|x64.ActiveCfg = Debug|x64
		{6989F7AC-E156-4A2B-8FA3-71E783EA93B4}.Debug|x64.Build.0 = Debug|x64
		{6989F7AC-E156-4A2B-8FA3-71E783EA93B4}.Debug|x86.ActiveCfg = Debug|Win32
		{6989F7AC-E156-4A2B-8FA3-71E783EA93B4}.Debug|x86.Build.0 = Debug|Win32
		{6989F7AC-E156-4A2B-8FA3-71E783EA93B4}.Release|x64.ActiveCfg = Release|x64
		{6989F7AC-E156-4A2B-8FA3-71E783EA93B4}.Release|x64.Build.0 = Release|x64
		{6989F7AC-E156-4A2B-8FA3-71E783EA93B4}.Release|x86.ActiveCfg = Release|Win32
		{6989F7AC-E156-4A2B-8FA3-71E783EA93B4}.Release|x86.Build.0 = Release|Win32
		{71E29EFB-D0E8-4EAE-8BB2-2D5639147E90}.Debug|x64.ActiveCfg = Debug|x64
		{71E29EFB-D0E8-4EAE-8BB2-2D5639147E90}.Debug|x64.Build.0 = Debug|x64
		{71E29EFB-D0E8-4EAE-8BB2-2D5639147E90}.Debug|x86.ActiveCfg = Debug|Win32
		{71E29EFB-D0E8-4EAE-8BB2-2D5639147E90}.Debug|x86.Build.0 = Debug|Win32
		{71E29EFB-D0E8-4EAE-8BB2-2D5639147E90}.Release|x64.ActiveCfg = Release|x64
		{71E29EFB-D0E8-4EAE-8BB2-2D5639147E90}.Release|x64.Build.0 = Release|x64
		{71E29EFB-D0E8-4EAE-8BB2-2D5639147E90}.Release|x86.ActiveCfg = Release|Win32
		{71E29EFB-D0E8-4EAE-8BB2-2D5639147E90}.Release|x86.Build.0 = Release|Win32
		{096BCB58-8CDF-4526-8944-97D757FE3DEE}.Debug|x64.ActiveCfg = Debug|x64
		{096BCB58-8CDF-4526-8944-97D757FE3DEE}.Debug|x64.Build.0 = Debug|x64
		{096BCB58-8CDF-4526-8944-97D757FE3DEE}.Debug|x86.ActiveCfg = Debug|Win32
		{096BCB58-8CDF-4526-8944-97D757FE3DEE}.Debug|x86.Build.0 = Debug|Win32
		{096BCB58-8CDF-4526-8944-97D757FE3DEE}.Release|x64.ActiveCfg = Release|x64
		{096BCB58-8CDF-4526-8944-97D757FE3DEE}.Release|x64.Build.0 = Release|x64
		{096BCB58-8CDF-4526-8944-97D757FE3DEE}.Release|x86.ActiveCfg = Release|Win32
		{096BCB58-8CDF-4526-8944-97D757FE3DEE}.Release|x86.Build.0 = Release|Win32
		{C2655EF8-4EE9-4865-B2A2-A8B8194A8225}.Debug|x64.ActiveCfg = Debug|x64
		{C2655EF8-4EE9-4865-B2A2-A8B8194A8225}.Debug|x64.Build.0 = Debug|x64
		{C2655EF8-4EE9-4865-B2A2-A8B8194A8225}.Debug|x86.ActiveCfg = Debug|Win32
		{C2655EF8-4EE9-4865-B2A2-A8B8194A8225}.Debug|x86.Build.0 = Debug|Win32
		{C2655EF8-4EE9-4865-B2A2-A8B8194A8225}.Release|x64.ActiveCfg = Release|x64
		{C2655EF8-4EE9-4865-B2A2-A8B8194A8225}.Release|x64.Build.0 = Release|x64
		{C2655EF8-4EE9-4865-B2A2-A8B8194A8225}.Release|x86.ActiveCfg = Release|Win32
		{C2655EF8-4EE9-4865-B2A2-A8B8194A8225}.Release|x86.Build.0 = Release|Win32
		{8F588F8C-6DD8-4F94-82C3-FB963B0D5A0C}.Debug|x64.ActiveCfg = Debug|x64
		{8F588F8C-6DD8-4F94-82C3-FB963B0D5A0C}.Debug|x64.Build.0 = Debug|x64
		{8F588F8C-6DD8-4F94-82C3-FB963B0D5A0C}.Debug|x86.ActiveCfg = Debug|Win32
		{8F588F8C-6DD8-4F94-82C3-FB963B0D5A0C}.Debug|x86.Build.0 = Debug|Win32
		{8F588F8C-6DD8-4F94-82C3-FB963B0D5A0C}.Release|x64.ActiveCfg = Release|x64
		{8F588F8C-6DD8-4F94-82C3-FB963B0D5A0C}.Release|x64.Build.0 = Release|x64
		{8F588F8C-6DD8-4F94-82C3-FB963B0D5A0C}.Release|x86.ActiveCfg = Release|Win32
		{8F588F8C-6DD8-4F94-82C3-FB963B0D5A0C}.Release|x86.Build.0 = Release|Win32
		{E59BEF04-0ED5-4E05-A475-718AE28BA7B2}.Debug|x64.ActiveCfg = Debug|x64
		{E59BEF04-0ED5-4E05-A475-718AE28BA7B2}.Debug|x64.Build.0 = Debug|x64
		{E59BEF04-0ED5-4E05-A475-718AE28BA7B2}.Debug|x86.ActiveCfg = Debug|Win32
		{E59BEF04-0ED5-4E05-A475-718AE28BA7B2}.Debug|x86.Build.0 = Debug|Win32
		{E59BEF04-0ED5-4E05-A475-718AE28BA7B2}.Release|x64.ActiveCfg = Release|x64
		{E59BEF04-0ED5-4E05-A475-718AE28BA7B2}.Release|x64.Build.0 = Release|x64
		{E59BEF04-0ED5-4E05-A475-718AE28BA7B2}.Release|x86.ActiveCfg = Release|Win32
		{E59BEF04-0ED5-4E05-A475-718AE28BA7B2}.Release|x86.Build.0 = Release|Win32
		{E22DE4A9-F6F1-442F-B68E-8C4CE07E93A8}.Debug|x64.ActiveCfg = Debug|x64
		{E22DE4A9-F6F1-442F-B68E-8C4CE07E93A8}.Debug|x64.Build.0 = Debug|x64
		{E22DE4A9-F6F1-442F-B68E-8C4CE07E93A8}.Debug|x86.ActiveCfg = Debug|Win32
		{E22DE4A9-F6F1-442F-B68E-8C4CE07E93A8}.Debug|x86.Build.0 = Debug|Win32
		{E22DE4A9-F6F1-442F-B68E-8C4CE07E93A8}.Release|x64.ActiveCfg = Release|x64
		{E22DE4A9-F6F1-442F-B68E-8C4CE07E93A8}.Release|x64.Build.0 = Release|x64
		{E22DE4A9-F6F1-442F-B68E-8C4CE07E93A8}.Release|x86.ActiveCfg = Release|Win32
		{E22DE4A9-F6F1-442F-B68E-8C4CE07E93A8}.Release|x86.Build.0 = Release|Win32
		{63189506-ED92-4D81-B53B-8CDEC4BD28D5}.Debug|x64.ActiveCfg = Debug|x64
		{63189506-ED92-4D81-B53B-8CDEC4BD28D5}.Debug|x64.Build.0 = Debug|x64
		{63189506-ED92-4D81-B53B-8CDEC4BD28D5}.Debug|x86.ActiveCfg = Debug|Win32
		{63189506-ED92-4D81-B53B-8CDEC4BD28D5}.Debug|x86.Build.0 = Debug|Win32
		{63189506-ED92-4D81-B53B-8CDEC4BD28D5}.Release|x64.ActiveCfg = Release|x64
		{63189506-ED92-4D81-B53B-8CDEC4BD28D5}.Release|x64.Build.0 = Release|x64
		{63189506-ED92-4D81-B53B-8CDEC4BD28D5}.Release|x86.ActiveCfg = Release|Win32
		{63189506-ED92-4D81-B53B-8CDEC4BD28D5}.Release|x86.Build.0 = Release|Win32
		{967193B4-E5A6-4D65-A0E2-27B01DC53488}.Debug|x64.ActiveCfg = Debug|x64
		{967193B4-E5A6-4D65-A0E2-27B01DC53488}.Debug|x64.Build.0 = Debug|x64
		{967193B4-E5A6-4D65-A0E2-27B01DC53488}.Debug|x86.ActiveCfg = Debug|Win32
		{967193B4-E5A6-4D65-A0E2-27B01DC53488}.Debug|x86.Build.0 = Debug|Win32
		{967193B4-E5A6-4D65-A0E2-27B01DC53488}.Release|x64.ActiveCfg = Release|x64
		{967193B4-E5A6-4D65-A0E2-27B01DC53488}.Release|x64.Build.0 = Release|x64
		{967193B4-E5A6-4D65-A0E2-27B01DC53488}.Release|x86.ActiveCfg = Release|Win32
		{967193B4-E5A6-4D65-A0E2-27B01DC53488}.Release|x86.Build.0 = Release|Win32
		{2E05B37F-8333-4A3C-B447-41377D98FAAA}.Debug|x64.ActiveCfg = Debug|x64
		{2E05B37F-8333-4A3C-B447-41377D98FAAA}.Debug|x64.Build.0 = Debug|x64
		{2E05B37F-8333-4A3C-B447-41377D98FAAA}.Debug|x86.ActiveCfg = Debug|Win32
		{2E05B37F-8333-4A3C-B447-41377D98FAAA}.Debug|x86.Build.0 = Debug|Win32
		{2E05B37F-8333-4A3C-B447-41377D98FAAA}.Release|x64.ActiveCfg = Release|x64
		{2E05B37F-8333-4A3C-B447-41377D98FAAA}.Release|x64.Build.0 = Release|x64
		{2E05B37F-8333-4A3C-B447-41377D98FAAA}.Release|x86.ActiveCfg = Release|Win32
		{2E05B37F-8333-4A3C-B447-41377D98FAAA}.Release|x86.Build.0 = Release|Win32
		{188B75C2-3D43-4376-91B5-839E904A2EAD}.Debug|x64.ActiveCfg = Debug|x64
		{188B75C2-3D43-4376-91B5-839E904A2EAD}.Debug|x64.Build.0 = Debug|x64
		{188B75C2-3D43-4376-91B5-839E904A2EAD}.Debug|x86.ActiveCfg = Debug|Win32
		{188B75C2-3D43-4376-91B5-839E904A2EAD}.Debug|x86.Build.0 = Debug|Win32
		{188B75C2-3D43-4376-91B5-839E904A2EAD}.Release|x64.ActiveCfg = Release|x64
		{188B75C2-3D43-4376-91B5-839E904A2EAD}.Release|x64.Build.0 = Release|x64
		{188B75C2-3D43-4376-91B5-839E904A2EAD}.Release|x86.ActiveCfg = Release|Win32
		{188B75C2-3D43-4376-91B5-839E904A2EAD}.Release|x86.Build.0 = Release|Win32
		{D3C6CE4D-BD57-4389-B673-EA83AA6C2792}.Debug|x64.ActiveCfg = Debug|x64
		{D3C6CE4D-BD57-4389-B673-EA83AA6C2792}.Debug|x64.Build.0 = Debug|x64
		{D3C6CE4D-BD57-4389-B673-EA83AA6C2792}.Debug|x86.ActiveCfg = Debug|Win32
		{D3C6CE4D-BD57-4389-B673-EA83AA6C2792}.Debug|x86.Build.0 = Debug|Win32
		{D3C6CE4D-BD57-4389-B673-EA83AA6C2792}.Release|x64.ActiveCfg = Release|x64
		{D3C6CE4D-BD57-4389-B673-EA83AA6C2792}.Release|x64.Build.0 = Release|x64
		{D3C6CE4D-BD57-4389-B673-EA83AA6C2792}.Release|x86.ActiveCfg = Release|Win32
		{D3C6CE4D-BD57-4389-B673-EA83AA6C2792}.Release|x86.Build.0 = Release|Win32
		{766D571B-3FF1-4A97-9979-401BC7015CDD}.Debug|x64.ActiveCfg = Debug|x64
		{766D571B-3FF1-4A97-9979-401BC7015CDD}.Debug|x64.Build.0 = Debug|x64
		{766D571B-3FF1-4A97-9979-401BC7015CDD}.Debug|x86.ActiveCfg = Debug|Win32
		{766D571B-3FF1-4A97-9979-401BC7015CDD}.Debug|x86.Build.0 = Debug|Win32
		{766D571B-3FF1-4A97-9979-401BC7015CDD}.Release|x64.ActiveCfg = Release|x64
		{766D571B-3FF1-4A97-9979-401BC7015CDD}.Release|x64.Build.0 = Release|x64
		{766D571B-3FF1-4A97-9979-401BC7015CDD}.Release|x86.ActiveCfg = Release|Win32
		{766D571B-3FF1-4A97-9979-401BC7015CDD}.Release|x86.Build.0 = Release|Win32
		{335311CF-0560-4E06-9F88-7CF918AB6707}.Debug|x64.ActiveCfg = Debug|x64
		{335311CF-0560-4E06-9F88-7CF918AB6707}.Debug|x64.Build.0 = Debug|x64
		{335311CF-0560-4E06-9F88-7CF918AB6707}.Debug|x86.ActiveCfg = Debug|Win32
		{335311CF-0560-4E06-9F88-7CF918AB6707}.Debug|x86.Build.0 = Debug|Win32
		{335311CF-0560-4E06-9F88-7CF918AB6707}.Release|x64.ActiveCfg = Release|x64
		{335311CF-0560-4E06-9F88-7CF918AB6707}.Release|x64.Build.0 = Release|x64
		{335311CF-0560-4E06-9F88-7CF918AB6707}.Release|x86.ActiveCfg = Release|Win32
		{335311CF-0560-4E06-9F88-7CF918AB6707}.Release|x86.Build.0 = Release|Win32
		{E657C365-25D3-4F6B-90D1-FA9E47AE4BA1}.Debug|x64.ActiveCfg = Debug|x64
		{E657C365-25D3-4F6B-90D1-FA9E47AE4BA1}.Debug|x64.Build.0 = Debug|x64
		{E657C365-25D3-4F6B-90D1-FA9E47AE4BA1}.Debug|x86.ActiveCfg = Debug|Win32
		{E657C365-25D3-4F6B-90D1-FA9E47AE4BA1}.Debug|x86.Build.0 = Debug|Win32
		{E657C365-25D3-4F6B-90D1-FA9E47AE4BA1}.Release|x64.ActiveCfg = Release|x64
		{E657C365-25D3-4F6B-90D1-FA9E47AE4BA1}.Release|x64.Build.0 = Release|x64
		{E657C365-25D3-4F6B-90D1-FA9E47AE4BA1}.Release|x86.ActiveCfg = Release|Win32
		{E657C365-25D3-4F6B-90D1-FA9E47AE4BA1}.Release|x86.Build.0 = Release|Win32
		{9D350EE7-8EF3-4CCD-B797-81EC5D34A675}.Debug|x64.ActiveCfg = Debug|x64
		{9D350EE7-8EF3-4CCD-B797-81EC5D34A675}.Debug|x64.Build.0 = Debug|x64
		{9D350EE7-8EF3-4CCD-B797-81EC5D34A675}.Debug|x86.ActiveCfg = Debug|Win32
		{9D350EE7-8EF3-4CCD-B797-81EC5D34A675}.Debug|x86.Build.0 = Debug|Win32
		{9D350EE7-8EF3-4CCD-B797-81EC5D34A675}.Release|x64.ActiveCfg = Release|x64
		{9D350EE7-8EF3-4CCD-B797-81EC5D34A675}.Release|x64.Build.0 = Release|x64
		{9D350EE7-8EF3-4CCD-B797-81EC5D34A675}.Release|x86.ActiveCfg = Release|Win32
		{9D350EE7-8EF3-4CCD-B797-81EC5D34A675}.Release|x86.Build.0 = Release|Win32
		{65F758DD-06AA-4DD4-9214-F78E5C98CC55}.Debug|x64.ActiveCfg = Debug|x64
		{65F758DD-06AA-4DD4-9214-F78E5C98CC55}.Debug|x64.Build.0 = Debug|x64
		{65F758DD-06AA-4DD4-9214-F78E5C98CC55}.Debug|x86.ActiveCfg = Debug|Win32
		{65F758DD-06AA-4DD4-9214-F78E5C98CC55}.Debug|x86.Build.0 = Debug|Win32
		{65F758DD-06AA-4DD4-9214-F78E5C98CC55}.Release|x64.ActiveCfg = Release|x64
		{65F758DD-06AA-4DD4-9214-F78E5C98CC55}.Release|x64.Build.0 = Release|x64
		{65F758DD-06AA-4DD4-9214-F78E5C98CC55}.Release|x86.ActiveCfg = Release|Win32
		{65F758DD-06AA-4DD4-9214-F78E5C98CC55}.Release|x86.Build.0 = Release|Win32
		{67EAFE7A-1DD1-483B-A5DE-73C9AB2875B3}.Debug|x64.ActiveCfg = Debug|x64
		{67EAFE7A-1DD1-483B-A5DE-73C9AB2875B3}.Debug|x64.Build.0 = Debug|x64
		{67EAFE7A-1DD1-483B-A5DE-73C9AB2875B3}.Debug|x86.ActiveCfg = Debug|Win32
		{67EAFE7A-1DD1-483B-A5DE-73C9AB2875B3}.Debug|x86.Build.0 = Debug|Win32
		{67EAFE7A-1DD1-483B-A5DE-73C9AB2875B3}.Release|x64.ActiveCfg = Release|x64
		{67EAFE7A-1DD1-483B-A5DE-73C9AB2875B3}.Release|x64.Build.0 = Release|x64
		{67EAFE7A-1DD1-483B-A5DE-73C9AB2875B3}.Release|x86.ActiveCfg = Release|Win32
		{67EAFE7A-1DD1-483B-A5DE-73C9AB2875B3}.Release|x86.Build.0 = Release|Win32
		{C63F5757-4667-4FD6-892A-44552FE379CD}.Debug|x64.ActiveCfg = Debug|x64
		{C63F5757-4667-4FD6-892A-44552FE379CD}.Debug|x64.Build.0 = Debug|x64
		{C63F5757-4667-4FD6-892A-44552FE379CD}.Debug|x86.ActiveCfg = Debug|Win32
		{C63F5757-4667-4FD6-892A-44552FE379CD}.Debug|x86.Build.0 = Debug|Win32
		{C63F5757-4667-4FD6-892A-44552FE379CD}.Release|x64.ActiveCfg = Release|x64
		{C63F5757-4667-4FD6-892A-44552FE379CD}.Release|x64.Build.0 = Release|x64
		{C63F5757-4667-4FD6-892A-44552FE379CD}.Release|x86.ActiveCfg = Release|Win32
		{C63F5757-4667-4FD6-892A-44552FE379CD}.Release|x86.Build.0 = Release|Win32
		{DAC36B77-B4AF-4FFD-9B88-A8F547724A9F}.Debug|x64.ActiveCfg = Debug|x64
		{DAC36B77-B4AF-4FFD-9B88-A8F547724A9F}.Debug|x64.Build.0 = Debug|x64
		{DAC36B77-B4AF-4FFD-9B88-A8F547724A9F}.Debug|x86.ActiveCfg = Debug|Win32
		{DAC36B77-B4AF-4FFD-9B88-A8F547724A9F}.Debug|x86.Build.0 = Debug|Win32
		{DAC36B77-B4AF-4FFD-9B88-A8F547724A9F}.Release|x64.ActiveCfg = Release|x64
		{DAC36B77-B4AF-4FFD-9B88-A8F547724A9F}.Release|x64.Build.0 = Release|x64
		{DAC36B77-B4AF-4FFD-9B88-A8F547724A9F}.Release|x86.ActiveCfg = Release|Win32
		{DAC36B77-B4AF-4FFD-9B88-A8F547724A9F}.Release|x86.Build.0 = Release|Win32
		{CA7796D4-38FE-44A3-ACA1-0A09B538B7E8}.Debug|x64.ActiveCfg = Debug|x64
		{CA7796D4-38FE-44A3-ACA1-0A09B538B7E8}.Debug|x64.Build.0 = Debug|x64
		{CA7796D4-38FE-44A3-ACA1-0A09B538B7E8}.Debug|x86.ActiveCfg = Debug|Win32
		{CA7796D4-38FE-44A3-ACA1-0A09B538B7E8}.Debug|x86.Build.0 = Debug|Win32
		{CA7796D4-38FE-44A3-ACA1-0A09B538B7E8}.Release|x64.ActiveCfg = Release|x64
		{CA7796D4-38FE-44A3-ACA1-0A09B538B7E8}.Release|x64.Build.0 = Release|x64
		{CA7796D4-38FE-44A3-ACA1-0A09B538B7E8}.Release|x86.ActiveCfg = Release|Win32
		{CA7796D4-38FE-44A3-ACA1-0A09B538B7E8}.Release|x86.Build.0 = Release|Win32
		{8DF702B3-310E-45B6-AB46-47347A392C2C}.Debug|x64.ActiveCfg = Debug|x64
		{8DF702B3-310E-45B6-AB46-47347A392C2C}.Debug|x64.Build.0 = Debug|x64
		{8DF702B3-310E-45B6-AB46-47347A392C2C}.Debug|x86.ActiveCfg = Debug|Win32
		{8DF702B3-310E-45B6-AB46-47347A392C2C}.Debug|x86.Build.0 = Debug|Win32
		{8DF702B3-310E-45B6-AB46-47347A392C2C}.Release|x64.ActiveCfg = Release|x64
		{8DF702B3-310E-45B6-AB46-47347A392C2C}.Release|x64.Build.0 = Release|x64
		{8DF702B3-310E-45B6-AB46-47347A392C2C}.Release|x86.ActiveCfg = Release|Win32
		{8DF702B3-310E-45B6-AB46-47347A392C2C}.Release|x86.Build.0 = Release|Win32
		{37570740-0374-4EA4-9F9F-4CAA7D46B593}.Debug|x64.ActiveCfg = Debug|x64
		{37570740-0374-4EA4-9F9F-4CAA7D46B593}.Debug|x64.Build.0 = Debug|x64
		{37570740-0374-4EA4-9F9F-4CAA7D46B593}.Debug|x86.ActiveCfg = Debug|Win32
		{37570740-0374-4EA4-9F9F-4CAA7D46B593}.Debug|x86.Build.0 = Debug|Win32
		{37570740-0374-4EA4-9F9F-4CAA7D46B593}.Release|x64.ActiveCfg = Release|x64
		{37570740-0374-4EA4-9F9F-4CAA7D46B593}.Release|x64.Build.0 = Release|x64
		{37570740-0374-4EA4-9F9F-4CAA7D46B593}.Release|x86.ActiveCfg = Release|Win32
		{37570740-0374-4EA4-9F9F-4CAA7D46B593}.Release|x86.Build.0 = Release|Win32
		{251812D4-6410-41FB-A42C-A621DF9273A9}.Debug|x64.ActiveCfg = Debug|x64
		{251812D4-6410-41FB-A42C-A621DF9273A9}.Debug|x64.Build.0 = Debug|x64
		{251812D4-6410-41FB-A42C-A621DF9273A9}.Debug|x86.ActiveCfg = Debug|Win32
		{251812D4-6410-41FB-A42C-A621DF9273A9}.Debug|x86.Build.0 = Debug|Win32
		{251812D4-6410-41FB-A42C-A621DF9273A9}.Release|x64.ActiveCfg = Release|x64
		{251812D4-6410-41FB-A42C-A621DF9273A9}.Release|x64.Build.0 = Release|x64
		{251812D4-6410-41FB-A42C-A621DF9273A9}.Release|x86.ActiveCfg = Release|Win32
		{251812D4-6410-41FB-A42C-A621DF9273A9}.Release|x86.Build.0 = Release|Win32
		{01D061CF-D900-4726-BD54-EC505EF799D5}.Debug|x64.ActiveCfg = Debug|x64
		{01D061CF-D900-4726-BD54-EC505EF799D5}.Debug|x64.Build.0 = Debug|x64
		{01D061CF-D900-4726-BD54-EC505EF799D5}.Debug|x86.ActiveCfg = Debug|Win32
		{01D061CF-D900-4726-BD54-EC505EF799D5}.Debug|x86.Build.0 = Debug|Win32
		{01D061CF-D900-4726-BD54-EC505EF799D5}.Release|x64.ActiveCfg = Release|x64
		{01D061CF-D900-4726-BD54-EC505EF799D5}.Release|x64.Build.0 = Release|x64
		{01D061CF-D900-4726-BD54-EC505EF799D5}.Release|x86.ActiveCfg = Release|Win32
		{01D061CF-D900-4726-BD54-EC505EF799D5}.Release|x86.Build.0 = Release|Win32
		{73C38FD0-5FA0-4CA7-819F-AEA0308B9A02}.Debug|x64.ActiveCfg = Debug|x64
		{73C38FD0-5FA0-4CA7-819F-AEA0308B9A02}.Debug|x64.Build.0 = Debug|x64
		{73C38FD0-5FA0-4CA7-819F-AEA0308B9A02}.Debug|x86.ActiveCfg = Debug|Win32
		{73C38FD0-5FA0-4CA7-819F-AEA0308B9A02}.Debug|x86.Build.0 = Debug|Win32
		{73C38FD0-5FA0-4CA7-819F-AEA0308B9A02}.Release|x64.ActiveCfg = Release|x64
		{73C38FD0-5FA0-4CA7-819F-AEA0308B9A02}.Release|x64.Build.0 = Release|x64
		{73C38FD0-5FA0-4CA7-819F-AEA0308B9A02}.Release|x86.ActiveCfg = Release|Win32
		{73C38FD0-5FA0-4CA7-819F-AEA0308B9A02}.Release|x86.Build.0 = Release|Win32
		{ED4E074B-A17A-48FC-9E50-FC5EC66F1CD8}.Debug|x64.ActiveCfg = Debug|x64
		{ED4E074B-A17A-48FC-9E50-FC5EC66F1CD8}.Debug|x64.Build.0 = Debug|x64
		{ED4E074B-A17A-48FC-9E50-FC5EC66F1CD8}.Debug|x86.ActiveCfg = Debug|Win32
		{ED4E074B-A17A-48FC-9E50-FC5EC66F1CD8}.Debug|x86.Build.0 = Debug|Win32
		{ED4E074B-A17A-48FC-9E50-FC5EC66F1CD8}.Release|x64.ActiveCfg = Release|x64
		{ED4E074B-A17A-48FC-9E50-FC5EC66F1CD8}.Release|x64.Build.0 = Release|x64
		{ED4E074B-A17A-48FC-9E50-FC5EC66F1CD8}.Release|x86.ActiveCfg = Release|Win32
		{ED4E074B-A17A-48FC-9E50-FC5EC66F1CD8}.Release|x86.Build.0 = Release|Win32
		{037CA24E-C3D2-4F48-8D5B-B0F22653A52C}.Debug|x64.ActiveCfg = Debug|x64
		{037CA24E-C3D2-4F48-8D5B-B0F22653A52C}.Debug|x64.Build.0 = Debug|x64
		{037CA24E-C3D2-4F48-8D5B-B0F22653A52C}.Debug|x86.ActiveCfg = Debug|Win32
		{037CA24E-C3D2-4F48-8D5B-B0F22653A52C}.Debug|x86.Build.0 = Debug|Win32
		{037CA24E-C3D2-4F48-8D5B-B0F22653A52C}.Release|x64.ActiveCfg = Release|x64
		{037CA24E-C3D2-4F48-8D5B-B0F22653A52C}.Release|x64.Build.0 = Release|x64
		{037CA24E-C3D2-4F48-8D5B-B0F22653A52C}.Release|x86.ActiveCfg = Release|Win32
		{037CA24E-C3D2-4F48-8D5B-B0F22653A52C}.Release|x86.Build.0 = Release|Win32
		{65224606-E9CD-46D6-9E08-99668BCBBEC6}.Debug|x64.ActiveCfg = Debug|x64
		{65224606-E9CD-46D6-9E08-99668BCBBEC6}.Debug|x64.Build.0 = Debug|x64
		{65224606-E9CD-46D6-9E08-99668BCBBEC6}.Debug|x86.ActiveCfg = Debug|Win32
		{65224606-E9CD-46D6-9E08-99668BCBBEC6}.Debug|x86.Build.0 = Debug|Win32
		{65224606-E9CD-46D6-9E08-99668BCBBEC6}.Release|x64.ActiveCfg = Release|x64
		{65224606-E9CD-46D6-9E08-99668BCBBEC6}.Release|x64.Build.0 = Release|x64
		{65224606-E9CD-46D6-9E08-99668BCBBEC6}.Release|x86.ActiveCfg = Release|Win32
		{65224606-E9CD-46D6-9E08-99668BCBBEC6}.Release|x86.Build.0 = Release|Win32
		{C95F57AD-0FFF-49E4-BBB4-9E72CD177C1F}.Debug|x64.ActiveCfg = Debug|x64
		{C95F57AD-0FFF-49E4-BBB4-9E72CD177C1F}.Debug|x64.Build.0 = Debug|x64
		{C95F57AD-0FFF-49E4-BBB4-9E72CD177C1F}.Debug|x86.ActiveCfg = Debug|Win32
		{C95F57AD-0FFF-49E4-BBB4-9E72CD177C1F}.Debug|x86.Build.0 = Debug|Win32
		{C95F57AD-0FFF-49E4-BBB4-9E72CD177C1F}.Release|x64.ActiveCfg = Release|x64
		{C95F57AD-0FFF-49E4-BBB4-9E72CD177C1F}.Release|x64.Build.0 = Release|x64
		{C95F57AD-0FFF-49E4-BBB4-9E72CD177C1F}.Release|x86.ActiveCfg = Release|Win32
		{C95F57AD-0FFF-49E4-BBB4-9E72CD177C1F}.Release|x86.Build.0 = Release|Win32
		{75315218-0C26-4597-8FC7-CFDC6F3F0289}.Debug|x64.ActiveCfg = Debug|x64
		{75315218-0C26-4597-8FC7-CFDC6F3F0289}.Debug|x64.Build.0 = Debug|x64
		{75315218-0C26-4597-8FC7-CFDC6F3F0289}.Debug|x86.ActiveCfg = Debug|Win32
		{75315218-0C26-4597-8FC7-CFDC6F3F0289}.Debug|x86.Build.0 = Debug|Win32
		{75315218-0C26-4597-8FC7-CFDC6F3F0289}.Release|x64.ActiveCfg = Release|x64
		{75315218-0C26-4597-8FC7-CFDC6F3F0289}.Release|x64.Build.0 = Release|x64
		{75315218-0C26-4597-8FC7-CFDC6F3F0289}.Release|x86.ActiveCfg = Release|Win32
		{75315218-0C26-4597-8FC7-CFDC6F3F0289}.Release|x86.Build.0 = Release|Win32
		{D9D99B65-2C2A-47EA-A065-33A43343D69D}.Debug|x64.ActiveCfg = Debug|x64
		{D9D99B65-2C2A-47EA-A065-33A43343D69D}.Debug|x64.Build.0 = Debug|x64
		{D9D99B65-2C2A-47EA-A065-33A43343D69D}.Debug|x86.ActiveCfg = Debug|Win32
		{D9D99B65-2C2A-47EA-A065-33A43343D69D}.Debug|x86.Build.0 = Debug|Win32
		{D9D99B65-2C2A-47EA-A065-33A43343D69D}.Release|x64.ActiveCfg = Release|x64
		{D9D99B65-2C2A-47EA-A065-33A43343D69D}.Release|x64.Build.0 = Release|x64
		{D9D99B65-2C2A-47EA-A065-33A43343D69D}.Release|x86.ActiveCfg = Release|Win32
		{D9D99B65-2C2A-47EA-A065-33A43343D69D}.Release|x86.Build.0 = Release|Win32
		{1D594343-7214-41C5-9D17-E2F7C3FFAE7A}.Debug|x64.ActiveCfg = Debug|x64
		{1D594343-7214-41C5-9D17-E2F7C3FFAE7A}.Debug|x64.Build.0 = Debug|x64
		{1D594343-7214-41C5-9D17-E2F7C3FFAE7A}.Debug|x86.ActiveCfg = Debug|Win32
		{1D594343-7214-41C5-9D17-E2F7C3FFAE7A}.Debug|x86.Build.0 = Debug|Win32
		{1D594343-7214-41C5-9D17-E2F7C3FFAE7A}.Release|x64.ActiveCfg = Release|x64
		{1D594343-7214-41C5-9D17-E2F7C3FFAE7A}.Release|x64.Build.0 = Release|x64
		{1D594343-7214-41C5-9D17-E2F7C3FFAE7A}.Release|x86.ActiveCfg = Release|Win32
		{1D594343-7214-41C5-9D17-E2F7C3FFAE7A}.Release|x86.Build.0 = Release|Win32
		{4A7DBD26-F9B8-4978-B17E-D13DC9E46B37}.Debug|x64.ActiveCfg = Debug|x64
		{4A7DBD26-F9B8-4978-B17E-D13DC9E46B37}.Debug|x64.Build.0 = Debug|x64
		{4A7DBD26-F9B8-4978-B17E-D13DC9E46B37}.Debug|x86.ActiveCfg = Debug|Win32
		{4A7DBD26-F9B8-4978-B17E-D13DC9E46B37}.Debug|x86.Build.0 = Debug|Win32
		{4A7DBD26-F9B8-4978-B17E-D13DC9E46B37}.Release|x64.ActiveCfg = Release|x64
		{4A7DBD26-F9B8-4978-B17E-D13DC9E46B37}.Release|x64.Build.0 = Release|x64
		{4A7DBD26-F9B8-4978-B17E-D13DC9E46B37}.Release|x86.ActiveCfg = Release|Win32
		{4A7DBD26-F9B8-4978-B17E-D13DC9E46B37}.Release|x86.Build.0 = Release|Win32
		{9D6631A4-8A5C-485C-8D56-B751BCB6D88B}.Debug|x64.ActiveCfg = Debug|x64
		{9D6631A4-8A5C-485C-8D56-B751BCB6D88B}.Debug|x64.Build.0 = Debug|x64
		{9D6631A4-8A5C-485C-8D56-B751BCB6D88B}.Debug|x86.ActiveCfg = Debug|Win32
		{9D6631A4-8A5C-485C-8D56-B751BCB6D88B}.Debug|x86.Build.0 = Debug|Win32
		{9D6631A4-8A5C-485C-8D56-B751BCB6D88B}.Release|x64.ActiveCfg = Release|x64
		{9D6631A4-8A5C-485C-8D56-B751BCB6D88B}.Release|x64.Build.0 = Release|x64
		{9D6631A4-8A5C-485C-8D56-B751BCB6D88B}.Release|x86.ActiveCfg = Release|Win32
		{9D6631A4-8A5C-485C-8D56-B751BCB6D88B}.Release|x86.Build.0 = Release|Win32
		{47561556-B373-476C-8EC3-AFF36C65B845}.Debug|x64.ActiveCfg = Debug|x64
		{47561556-B373-476C-8EC3-AFF36C65B845}.Debug|x64.Build.0 = Debug|x64
		{47561556-B373-476C-8EC3-AFF36C65B845}.Debug|x86.ActiveCfg = Debug|Win32
		{47561556-B373-476C-8EC3-AFF36C65B845}.Debug|x86.Build.0 = Debug|Win32
		{47561556-B373-476C-8EC3-AFF36C65B845}.Release|x64.ActiveCfg = Release|x64
		{47561556-B373-476C-8EC3-AFF36C65B845}.Release|x64.Build.0 = Release|x64
		{47561556-B373-476C-8EC3-AFF36C65B845}.Release|x86.ActiveCfg = Release|Win32
		{47561556-B373-476C-8EC3-AFF36C65B845}.Release|x86.Build.0 = Release|Win32
		{F3AEEC5B-4117-48BB-BC45-80BE2EA3F605}.Debug|x64.ActiveCfg = Debug|x64
		{F3AEEC5B-4117-48BB-BC45-80BE2EA3F605}.Debug|x64.Build.0 = Debug|x64
		{F3AEEC5B-4117-48BB-BC45-80BE2EA3F605}.Debug|x86.ActiveCfg = Debug|Win32
		{F3AEEC5B-4117-48BB-BC45-80BE2EA3F605}.Debug|x86.Build.0 = Debug|Win32
		{F3AEEC5B-4117-48BB-BC45-80BE2EA3F605}.Release|x64.ActiveCfg = Release|x64
		{F3AEEC5B-4117-48BB-BC45-80BE2EA3F605}.Release|x64.Build.0 = Release|x64
		{F3AEEC5B-4117-48BB-BC45-80BE2EA3F605}.Release|x86.ActiveCfg = Release|Win32
		{F3AEEC5B-4117-48BB-BC45-80BE2EA3F605}.Release|x86.Build.0 = Release|Win32
		{ECF4BC58-355C-4548-9081-C7832EFE66A3}.Debug|x64.ActiveCfg = Debug|x64
		{ECF4BC58-355C-4548-9081-C7832EFE66A3}.Debug|x64.Build.0 = Debug|x64
		{ECF4BC58-355C-4548-9081-C7832EFE66A3}.Debug|x86.ActiveCfg = Debug|Win32
		{ECF4BC58-355C-4548-9081-C7832EFE66A3}.Debug|x86.Build.0 = Debug|Win32
		{ECF4BC58-355C-4548-9081-C7832EFE66A3}.Release|x64.ActiveCfg = Release|x64
		{ECF4BC58-355C-4548-9081-C7832EFE66A3}.Release|x64.Build.0 = Release|x64
		{ECF4BC58-355C-4548-9081-C7832EFE66A3}.Release|x86.ActiveCfg = Release|Win32
		{ECF4BC58-355C-4548-9081-C7832EFE66A3}.Release|x86.Build.0 = Release|Win32
		{B939EFF3-C658-4384-B6D5-7581C272B4DC}.Debug|x64.ActiveCfg = Debug|x64
		{B939EFF3-C658-4384-B6D5-7581C272B4DC}.Debug|x64.Build.0 = Debug|x64
		{B939EFF3-C658-4384-B6D5-7581C272B4DC}.Debug|x86.ActiveCfg = Debug|Win32
		{B939EFF3-C658-4384-B6D5-7581C272B4DC}.Debug|x86.Build.0 = Debug|Win32
		{B939EFF3-C658-4384-B6D5-7581C272B4DC}.Release|x64.ActiveCfg = Release|x64
		{B939EFF3-C658-4384-B6D5-7581C272B4DC}.Release|x64.Build.0 = Release|x64
		{B939EFF3-C658-4384-B6D5-7581C272B4DC}.Release|x86.ActiveCfg = Release|Win32
		{B939EFF3-C658-4384-B6D5-7581C272B4DC}.Release|x86.Build.0 = Release|Win32
		{E0E7E158-9C98-4C49-8637-628E7084B1D0}.Debug|x64.ActiveCfg = Debug|x64
		{E0E7E158-9C98-4C49-8637-628E7084B1D0}.Debug|x64.Build.0 = Debug|x64
		{E0E7E158-9C98-4C49-8637-628E7084B1D0}.Debug|x86.ActiveCfg = Debug|Win32
		{E0E7E158-9C98-4C49-8637-628E7084B1D0}.Debug|x86.Build.0 = Debug|Win32
		{E0E7E158-9C98-4C49-8637-628E7084B1D0}.Release|x64.ActiveCfg = Release|x64
		{E0E7E158-9C98-4C49-8637-628E7084B1D0}.Release|x64.Build.0 = Release|x64
		{E0E7E158-9C98-4C49-8637-628E7084B1D0}.Release|x86.ActiveCfg = Release|Win32
		{E0E7E158-9C98-4C49-8637-628E7084B1D0}.Release|x86.Build.0 = Release|Win32
		{7FB813CF-E633-4CD5-ACE2-009458263FAE}.Debug|x64.ActiveCfg = Debug|x64
		{7FB813CF-E633-4CD5-ACE2-009458263FAE}.Debug|x64.Build.0 = Debug|x64
		{7FB813CF-E633-4CD5-ACE2-009458263FAE}.Debug|x86.ActiveCfg = Debug|Win32
		{7FB813CF-E633-4CD5-ACE2-009458263FAE}.Debug|x86.Build.0 = Debug|Win32
		{7FB813CF-E633-4CD5-ACE2-009458263FAE}.Release|x64.ActiveCfg = Release|x64
		{7FB813CF-E633-4CD5-ACE2-009458263FAE}.Release|x64.Build.0 = Release|x64
		{7FB813CF-E633-4CD5-ACE2-009458263FAE}.Release|x86.ActiveCfg = Release|Win32
		{7FB813CF-E633-4CD5-ACE2-009458263FAE}.Release|x86.Build.0 = Release|Win32
		{FD5C4C46-CD03-48DF-B04C-DC34B3DF42A7}.Debug|x64.ActiveCfg = Debug|x64
		{FD5C4C46-CD03-48DF-B04C-DC34B3DF42A7}.Debug|x64.Build.0 = Debug|x64
		{FD5C4C46-CD03-48DF-B04C-DC34B3DF42A7}.Debug|x86.ActiveCfg = Debug|Win32
		{FD5C4C46-CD03-48DF-B04C-DC34B3DF42A7}.Debug|x86.Build.0 = Debug|Win32
		{FD5C4C46-CD03-48DF-B04C-DC34B3DF42A7}.Release|x64.ActiveCfg = Release|x64
		{FD5C4C46-CD03-48DF-B04C-DC34B3DF42A7}.Release|x64.Build.0 = Release|x64
		{FD5C4C46-CD03-48DF-B04C-DC34B3DF42A7}.Release|x86.ActiveCfg = Release|Win32
		{FD5C4C46-CD03-48DF-B04C-DC34B3DF42A7}.Release|x86.Build.0 = Release|Win32
	EndGlobalSection
	GlobalSection(SolutionProperties) = preSolution
		HideSolutionNode = FALSE
	EndGlobalSection
	GlobalSection(ExtensibilityGlobals) = postSolution
		SolutionGuid = {7F390E1E-F9AE-4B82-AF2C-2A67E64A5B93}
	EndGlobalSection
EndGlobal
