
Microsoft Visual Studio Solution File, Format Version 12.00
# Visual Studio Version 17
VisualStudioVersion = 17.7.34221.43
MinimumVisualStudioVersion = 10.0.40219.1
Project("{8BC9CEB8-8B4A-11D0-8D11-00A0C91BC942}") = "Bai005", "Bai005\Bai005.vcxproj", "{C547B4FD-AE2A-453D-9121-875078EB4E35}"
EndProject
Project("{8BC9CEB8-8B4A-11D0-8D11-00A0C91BC942}") = "Bai010", "Bai010\Bai010.vcxproj", "{D4E30B98-CF55-4A82-B153-FC8A898941D2}"
EndProject
Project("{8BC9CEB8-8B4A-11D0-8D11-00A0C91BC942}") = "Bai015", "Bai015\Bai015.vcxproj", "{18753F93-2767-4978-9C82-2139B77F0D5E}"
EndProject
Project("{8BC9CEB8-8B4A-11D0-8D11-00A0C91BC942}") = "Bai020", "Bai020\Bai020.vcxproj", "{1C2034D7-3FF3-42FD-AE43-D7D882A3FB02}"
EndProject
Project("{8BC9CEB8-8B4A-11D0-8D11-00A0C91BC942}") = "Bai025", "Bai025\Bai025.vcxproj", "{8ABF507A-20C4-43DD-A851-907E39B45A15}"
EndProject
Project("{8BC9CEB8-8B4A-11D0-8D11-00A0C91BC942}") = "Bai030", "Bai030\Bai030.vcxproj", "{1E86D979-F7CA-4119-A46B-5270A831E778}"
EndProject
Project("{8BC9CEB8-8B4A-11D0-8D11-00A0C91BC942}") = "Bai035", "Bai035\Bai035.vcxproj", "{438CFE38-B3B7-4F43-975B-86971AF7E678}"
EndProject
Project("{8BC9CEB8-8B4A-11D0-8D11-00A0C91BC942}") = "Bai040", "Bai040\Bai040.vcxproj", "{D74E1DD0-BF80-480D-9666-3E9BD43C030C}"
EndProject
Project("{8BC9CEB8-8B4A-11D0-8D11-00A0C91BC942}") = "Bai045", "Bai045\Bai045.vcxproj", "{2B738E8E-FB23-437C-A7A4-7348BD54042F}"
EndProject
Project("{8BC9CEB8-8B4A-11D0-8D11-00A0C91BC942}") = "Bai050", "Bai050\Bai050.vcxproj", "{8B7B5D82-FEA2-4C3C-8E12-682A35BE4C3F}"
EndProject
Project("{8BC9CEB8-8B4A-11D0-8D11-00A0C91BC942}") = "Bai055", "Bai055\Bai055.vcxproj", "{ADBF7988-13C3-4DBE-88AF-6A197E212357}"
EndProject
Project("{8BC9CEB8-8B4A-11D0-8D11-00A0C91BC942}") = "Bai060", "Bai060\Bai060.vcxproj", "{C6E3DF85-17A5-4A21-AEDC-F59236101A21}"
EndProject
Project("{8BC9CEB8-8B4A-11D0-8D11-00A0C91BC942}") = "Bai065", "Bai065\Bai065.vcxproj", "{9BE17717-3C7C-421B-91D3-DCE96A446822}"
EndProject
Project("{8BC9CEB8-8B4A-11D0-8D11-00A0C91BC942}") = "Bai070", "Bai070\Bai070.vcxproj", "{E1382BEC-3817-4DD3-AB7D-FC9E393E4E39}"
EndProject
Project("{8BC9CEB8-8B4A-11D0-8D11-00A0C91BC942}") = "Bai075", "Bai075\Bai075.vcxproj", "{8B767258-9D6F-4B64-8FA8-992EA6D55911}"
EndProject
Project("{8BC9CEB8-8B4A-11D0-8D11-00A0C91BC942}") = "Bai080", "Bai080\Bai080.vcxproj", "{78F1AE1F-712F-4B3B-9A7E-4D96A3F1A453}"
EndProject
Project("{8BC9CEB8-8B4A-11D0-8D11-00A0C91BC942}") = "Bai085", "Bai085\Bai085.vcxproj", "{9D0382DA-7F7B-4053-80D2-B4F20E3A37B9}"
EndProject
Project("{8BC9CEB8-8B4A-11D0-8D11-00A0C91BC942}") = "Bai090", "Bai090\Bai090.vcxproj", "{862FE2C4-A067-4EBC-9C39-5011F59049A7}"
EndProject
Project("{8BC9CEB8-8B4A-11D0-8D11-00A0C91BC942}") = "Bai095", "Bai095\Bai095.vcxproj", "{9974ACE8-62A8-4078-918B-75BF5E8DBC39}"
EndProject
Project("{8BC9CEB8-8B4A-11D0-8D11-00A0C91BC942}") = "Bai100", "Bai100\Bai100.vcxproj", "{0F0865E3-AE2B-4CA5-8128-D812C3A542D0}"
EndProject
Project("{8BC9CEB8-8B4A-11D0-8D11-00A0C91BC942}") = "Bai105", "Bai105\Bai105.vcxproj", "{9CAA2DD3-1BC0-4D0A-8118-37EA7D9E1877}"
EndProject
Project("{8BC9CEB8-8B4A-11D0-8D11-00A0C91BC942}") = "Bai110", "Bai110\Bai110.vcxproj", "{39C01040-34CC-4E59-AB0C-96D31E30B8AD}"
EndProject
Project("{8BC9CEB8-8B4A-11D0-8D11-00A0C91BC942}") = "Bai115", "Bai115\Bai115.vcxproj", "{17ADDC68-892E-4C35-A1B4-6690B34369FC}"
EndProject
Project("{8BC9CEB8-8B4A-11D0-8D11-00A0C91BC942}") = "Bai120", "Bai120\Bai120.vcxproj", "{4F4DAC83-F5E9-4A4A-BB65-5AAA97CC605F}"
EndProject
Project("{8BC9CEB8-8B4A-11D0-8D11-00A0C91BC942}") = "Bai125", "Bai125\Bai125.vcxproj", "{244A56AC-933F-4042-98A3-50BF1AE17AB2}"
EndProject
Project("{8BC9CEB8-8B4A-11D0-8D11-00A0C91BC942}") = "Bai130", "Bai130\Bai130.vcxproj", "{7D2FA227-A098-4DE0-8F94-7EC472EA64B0}"
EndProject
Project("{8BC9CEB8-8B4A-11D0-8D11-00A0C91BC942}") = "Bai135", "Bai135\Bai135.vcxproj", "{2AD86326-0D4E-4781-AFB6-4506CD380F63}"
EndProject
Project("{8BC9CEB8-8B4A-11D0-8D11-00A0C91BC942}") = "Bai140", "Bai140\Bai140.vcxproj", "{78CFE93D-46D4-4259-A355-07975195576C}"
EndProject
Project("{8BC9CEB8-8B4A-11D0-8D11-00A0C91BC942}") = "Bai145", "Bai145\Bai145.vcxproj", "{1224E085-F24D-4773-A10B-E4D76F78CCEE}"
EndProject
Project("{8BC9CEB8-8B4A-11D0-8D11-00A0C91BC942}") = "Bai150", "Bai150\Bai150.vcxproj", "{C61EF432-9CEF-4CE8-B585-96A4E36D47DF}"
EndProject
Project("{8BC9CEB8-8B4A-11D0-8D11-00A0C91BC942}") = "Bai155", "Bai155\Bai155.vcxproj", "{7F7A4AC5-F0FF-4939-80E7-C1C0CCE36C91}"
EndProject
Project("{8BC9CEB8-8B4A-11D0-8D11-00A0C91BC942}") = "Bai160", "Bai160\Bai160.vcxproj", "{9AAA1FED-DEDA-43B0-99D2-E1B2B8968F6D}"
EndProject
Project("{8BC9CEB8-8B4A-11D0-8D11-00A0C91BC942}") = "Bai165", "Bai165\Bai165.vcxproj", "{9B9D6B18-D362-4EA7-9FD3-95A95BD93F21}"
EndProject
Project("{8BC9CEB8-8B4A-11D0-8D11-00A0C91BC942}") = "Bai170", "Bai170\Bai170.vcxproj", "{E51D3219-7216-453F-BAB5-E43573537391}"
EndProject
Project("{8BC9CEB8-8B4A-11D0-8D11-00A0C91BC942}") = "Bai175", "Bai175\Bai175.vcxproj", "{15AAC47B-E98D-42B1-9220-C810A0DCBD28}"
EndProject
Project("{8BC9CEB8-8B4A-11D0-8D11-00A0C91BC942}") = "Bai180", "Bai180\Bai180.vcxproj", "{E2EB3AAE-63E6-48C0-97E3-12CD7368476A}"
EndProject
Project("{8BC9CEB8-8B4A-11D0-8D11-00A0C91BC942}") = "Bai185", "Bai185\Bai185.vcxproj", "{32D10D2C-8473-4BC4-99A9-07D7C18B23D2}"
EndProject
Project("{8BC9CEB8-8B4A-11D0-8D11-00A0C91BC942}") = "Bai190", "Bai190\Bai190.vcxproj", "{BA8E4A79-2FC8-4D59-AB29-1C05D71114E0}"
EndProject
Project("{8BC9CEB8-8B4A-11D0-8D11-00A0C91BC942}") = "Bai195", "Bai195\Bai195.vcxproj", "{6886119A-B244-4A65-8BE1-94637D3CB675}"
EndProject
Project("{8BC9CEB8-8B4A-11D0-8D11-00A0C91BC942}") = "Bai200", "Bai200\Bai200.vcxproj", "{92C29CB9-DE80-4876-BFE4-5A980A8087AF}"
EndProject
Project("{8BC9CEB8-8B4A-11D0-8D11-00A0C91BC942}") = "Bai205", "Bai205\Bai205.vcxproj", "{AFD408A7-1EEE-4FC5-9C02-D005DABBAC59}"
EndProject
Project("{8BC9CEB8-8B4A-11D0-8D11-00A0C91BC942}") = "Bai210", "Bai210\Bai210.vcxproj", "{F7E86256-8E5F-4085-BADF-3F672E03CC39}"
EndProject
Project("{8BC9CEB8-8B4A-11D0-8D11-00A0C91BC942}") = "Bai215", "Bai215\Bai215.vcxproj", "{7902B64F-A174-4EA9-BA83-043A7AFF2AA7}"
EndProject
Project("{8BC9CEB8-8B4A-11D0-8D11-00A0C91BC942}") = "Bai220", "Bai220\Bai220.vcxproj", "{1913F5A0-5359-4986-B845-2A8E229D302A}"
EndProject
Project("{8BC9CEB8-8B4A-11D0-8D11-00A0C91BC942}") = "Bai225", "Bai225\Bai225.vcxproj", "{7CAE3690-D585-46C5-A7F9-F1A068EB436A}"
EndProject
Project("{8BC9CEB8-8B4A-11D0-8D11-00A0C91BC942}") = "Bai230", "Bai230\Bai230.vcxproj", "{646011D7-B2C9-45A4-B732-D0879ECE08E9}"
EndProject
Project("{8BC9CEB8-8B4A-11D0-8D11-00A0C91BC942}") = "Bai235", "Bai235\Bai235.vcxproj", "{4475522D-FBA9-499D-BD2B-E6CD8992813A}"
EndProject
Project("{8BC9CEB8-8B4A-11D0-8D11-00A0C91BC942}") = "Bai240", "Bai240\Bai240.vcxproj", "{8E544305-EA2E-43F7-9A0E-3F3DDE8B154B}"
EndProject
Project("{8BC9CEB8-8B4A-11D0-8D11-00A0C91BC942}") = "Bai245", "Bai245\Bai245.vcxproj", "{2EADF158-BE7D-42B1-952A-1B7E6BFA7D8F}"
EndProject
Project("{8BC9CEB8-8B4A-11D0-8D11-00A0C91BC942}") = "Bai250", "Bai250\Bai250.vcxproj", "{547212DA-E1EF-4B9B-A862-085AFE345C72}"
EndProject
Project("{8BC9CEB8-8B4A-11D0-8D11-00A0C91BC942}") = "Bai255", "Bai255\Bai255.vcxproj", "{DCBFA125-0E18-4470-BCE0-9A96636B481E}"
EndProject
Project("{8BC9CEB8-8B4A-11D0-8D11-00A0C91BC942}") = "Bai260", "Bai260\Bai260.vcxproj", "{E10D232C-4AEB-4379-BCDD-BF6B98BDB3F3}"
EndProject
Project("{8BC9CEB8-8B4A-11D0-8D11-00A0C91BC942}") = "Bai265", "Bai265\Bai265.vcxproj", "{DAA8E141-46CB-4A1C-80C1-EB08E454F618}"
EndProject
Project("{8BC9CEB8-8B4A-11D0-8D11-00A0C91BC942}") = "Bai270", "Bai270\Bai270.vcxproj", "{25381DB1-C5BA-4D21-A8EC-793025E8F14F}"
EndProject
Project("{8BC9CEB8-8B4A-11D0-8D11-00A0C91BC942}") = "Bai275", "Bai275\Bai275.vcxproj", "{64294636-AEAB-4AA5-AF1D-E8DC60EDFE36}"
EndProject
Project("{8BC9CEB8-8B4A-11D0-8D11-00A0C91BC942}") = "Bai280", "Bai280\Bai280.vcxproj", "{5BDFC32D-A470-48D1-99F0-742FFFDA60B9}"
EndProject
Project("{8BC9CEB8-8B4A-11D0-8D11-00A0C91BC942}") = "Bai285", "Bai285\Bai285.vcxproj", "{30E5A671-4ADB-4676-BE2A-B86ED19BFD78}"
EndProject
Project("{8BC9CEB8-8B4A-11D0-8D11-00A0C91BC942}") = "Bai290", "Bai290\Bai290.vcxproj", "{48C8DF69-174D-4003-A7BC-C8886501E0B3}"
EndProject
Global
	GlobalSection(SolutionConfigurationPlatforms) = preSolution
		Debug|x64 = Debug|x64
		Debug|x86 = Debug|x86
		Release|x64 = Release|x64
		Release|x86 = Release|x86
	EndGlobalSection
	GlobalSection(ProjectConfigurationPlatforms) = postSolution
		{C547B4FD-AE2A-453D-9121-875078EB4E35}.Debug|x64.ActiveCfg = Debug|x64
		{C547B4FD-AE2A-453D-9121-875078EB4E35}.Debug|x64.Build.0 = Debug|x64
		{C547B4FD-AE2A-453D-9121-875078EB4E35}.Debug|x86.ActiveCfg = Debug|Win32
		{C547B4FD-AE2A-453D-9121-875078EB4E35}.Debug|x86.Build.0 = Debug|Win32
		{C547B4FD-AE2A-453D-9121-875078EB4E35}.Release|x64.ActiveCfg = Release|x64
		{C547B4FD-AE2A-453D-9121-875078EB4E35}.Release|x64.Build.0 = Release|x64
		{C547B4FD-AE2A-453D-9121-875078EB4E35}.Release|x86.ActiveCfg = Release|Win32
		{C547B4FD-AE2A-453D-9121-875078EB4E35}.Release|x86.Build.0 = Release|Win32
		{D4E30B98-CF55-4A82-B153-FC8A898941D2}.Debug|x64.ActiveCfg = Debug|x64
		{D4E30B98-CF55-4A82-B153-FC8A898941D2}.Debug|x64.Build.0 = Debug|x64
		{D4E30B98-CF55-4A82-B153-FC8A898941D2}.Debug|x86.ActiveCfg = Debug|Win32
		{D4E30B98-CF55-4A82-B153-FC8A898941D2}.Debug|x86.Build.0 = Debug|Win32
		{D4E30B98-CF55-4A82-B153-FC8A898941D2}.Release|x64.ActiveCfg = Release|x64
		{D4E30B98-CF55-4A82-B153-FC8A898941D2}.Release|x64.Build.0 = Release|x64
		{D4E30B98-CF55-4A82-B153-FC8A898941D2}.Release|x86.ActiveCfg = Release|Win32
		{D4E30B98-CF55-4A82-B153-FC8A898941D2}.Release|x86.Build.0 = Release|Win32
		{18753F93-2767-4978-9C82-2139B77F0D5E}.Debug|x64.ActiveCfg = Debug|x64
		{18753F93-2767-4978-9C82-2139B77F0D5E}.Debug|x64.Build.0 = Debug|x64
		{18753F93-2767-4978-9C82-2139B77F0D5E}.Debug|x86.ActiveCfg = Debug|Win32
		{18753F93-2767-4978-9C82-2139B77F0D5E}.Debug|x86.Build.0 = Debug|Win32
		{18753F93-2767-4978-9C82-2139B77F0D5E}.Release|x64.ActiveCfg = Release|x64
		{18753F93-2767-4978-9C82-2139B77F0D5E}.Release|x64.Build.0 = Release|x64
		{18753F93-2767-4978-9C82-2139B77F0D5E}.Release|x86.ActiveCfg = Release|Win32
		{18753F93-2767-4978-9C82-2139B77F0D5E}.Release|x86.Build.0 = Release|Win32
		{1C2034D7-3FF3-42FD-AE43-D7D882A3FB02}.Debug|x64.ActiveCfg = Debug|x64
		{1C2034D7-3FF3-42FD-AE43-D7D882A3FB02}.Debug|x64.Build.0 = Debug|x64
		{1C2034D7-3FF3-42FD-AE43-D7D882A3FB02}.Debug|x86.ActiveCfg = Debug|Win32
		{1C2034D7-3FF3-42FD-AE43-D7D882A3FB02}.Debug|x86.Build.0 = Debug|Win32
		{1C2034D7-3FF3-42FD-AE43-D7D882A3FB02}.Release|x64.ActiveCfg = Release|x64
		{1C2034D7-3FF3-42FD-AE43-D7D882A3FB02}.Release|x64.Build.0 = Release|x64
		{1C2034D7-3FF3-42FD-AE43-D7D882A3FB02}.Release|x86.ActiveCfg = Release|Win32
		{1C2034D7-3FF3-42FD-AE43-D7D882A3FB02}.Release|x86.Build.0 = Release|Win32
		{8ABF507A-20C4-43DD-A851-907E39B45A15}.Debug|x64.ActiveCfg = Debug|x64
		{8ABF507A-20C4-43DD-A851-907E39B45A15}.Debug|x64.Build.0 = Debug|x64
		{8ABF507A-20C4-43DD-A851-907E39B45A15}.Debug|x86.ActiveCfg = Debug|Win32
		{8ABF507A-20C4-43DD-A851-907E39B45A15}.Debug|x86.Build.0 = Debug|Win32
		{8ABF507A-20C4-43DD-A851-907E39B45A15}.Release|x64.ActiveCfg = Release|x64
		{8ABF507A-20C4-43DD-A851-907E39B45A15}.Release|x64.Build.0 = Release|x64
		{8ABF507A-20C4-43DD-A851-907E39B45A15}.Release|x86.ActiveCfg = Release|Win32
		{8ABF507A-20C4-43DD-A851-907E39B45A15}.Release|x86.Build.0 = Release|Win32
		{1E86D979-F7CA-4119-A46B-5270A831E778}.Debug|x64.ActiveCfg = Debug|x64
		{1E86D979-F7CA-4119-A46B-5270A831E778}.Debug|x64.Build.0 = Debug|x64
		{1E86D979-F7CA-4119-A46B-5270A831E778}.Debug|x86.ActiveCfg = Debug|Win32
		{1E86D979-F7CA-4119-A46B-5270A831E778}.Debug|x86.Build.0 = Debug|Win32
		{1E86D979-F7CA-4119-A46B-5270A831E778}.Release|x64.ActiveCfg = Release|x64
		{1E86D979-F7CA-4119-A46B-5270A831E778}.Release|x64.Build.0 = Release|x64
		{1E86D979-F7CA-4119-A46B-5270A831E778}.Release|x86.ActiveCfg = Release|Win32
		{1E86D979-F7CA-4119-A46B-5270A831E778}.Release|x86.Build.0 = Release|Win32
		{438CFE38-B3B7-4F43-975B-86971AF7E678}.Debug|x64.ActiveCfg = Debug|x64
		{438CFE38-B3B7-4F43-975B-86971AF7E678}.Debug|x64.Build.0 = Debug|x64
		{438CFE38-B3B7-4F43-975B-86971AF7E678}.Debug|x86.ActiveCfg = Debug|Win32
		{438CFE38-B3B7-4F43-975B-86971AF7E678}.Debug|x86.Build.0 = Debug|Win32
		{438CFE38-B3B7-4F43-975B-86971AF7E678}.Release|x64.ActiveCfg = Release|x64
		{438CFE38-B3B7-4F43-975B-86971AF7E678}.Release|x64.Build.0 = Release|x64
		{438CFE38-B3B7-4F43-975B-86971AF7E678}.Release|x86.ActiveCfg = Release|Win32
		{438CFE38-B3B7-4F43-975B-86971AF7E678}.Release|x86.Build.0 = Release|Win32
		{D74E1DD0-BF80-480D-9666-3E9BD43C030C}.Debug|x64.ActiveCfg = Debug|x64
		{D74E1DD0-BF80-480D-9666-3E9BD43C030C}.Debug|x64.Build.0 = Debug|x64
		{D74E1DD0-BF80-480D-9666-3E9BD43C030C}.Debug|x86.ActiveCfg = Debug|Win32
		{D74E1DD0-BF80-480D-9666-3E9BD43C030C}.Debug|x86.Build.0 = Debug|Win32
		{D74E1DD0-BF80-480D-9666-3E9BD43C030C}.Release|x64.ActiveCfg = Release|x64
		{D74E1DD0-BF80-480D-9666-3E9BD43C030C}.Release|x64.Build.0 = Release|x64
		{D74E1DD0-BF80-480D-9666-3E9BD43C030C}.Release|x86.ActiveCfg = Release|Win32
		{D74E1DD0-BF80-480D-9666-3E9BD43C030C}.Release|x86.Build.0 = Release|Win32
		{2B738E8E-FB23-437C-A7A4-7348BD54042F}.Debug|x64.ActiveCfg = Debug|x64
		{2B738E8E-FB23-437C-A7A4-7348BD54042F}.Debug|x64.Build.0 = Debug|x64
		{2B738E8E-FB23-437C-A7A4-7348BD54042F}.Debug|x86.ActiveCfg = Debug|Win32
		{2B738E8E-FB23-437C-A7A4-7348BD54042F}.Debug|x86.Build.0 = Debug|Win32
		{2B738E8E-FB23-437C-A7A4-7348BD54042F}.Release|x64.ActiveCfg = Release|x64
		{2B738E8E-FB23-437C-A7A4-7348BD54042F}.Release|x64.Build.0 = Release|x64
		{2B738E8E-FB23-437C-A7A4-7348BD54042F}.Release|x86.ActiveCfg = Release|Win32
		{2B738E8E-FB23-437C-A7A4-7348BD54042F}.Release|x86.Build.0 = Release|Win32
		{8B7B5D82-FEA2-4C3C-8E12-682A35BE4C3F}.Debug|x64.ActiveCfg = Debug|x64
		{8B7B5D82-FEA2-4C3C-8E12-682A35BE4C3F}.Debug|x64.Build.0 = Debug|x64
		{8B7B5D82-FEA2-4C3C-8E12-682A35BE4C3F}.Debug|x86.ActiveCfg = Debug|Win32
		{8B7B5D82-FEA2-4C3C-8E12-682A35BE4C3F}.Debug|x86.Build.0 = Debug|Win32
		{8B7B5D82-FEA2-4C3C-8E12-682A35BE4C3F}.Release|x64.ActiveCfg = Release|x64
		{8B7B5D82-FEA2-4C3C-8E12-682A35BE4C3F}.Release|x64.Build.0 = Release|x64
		{8B7B5D82-FEA2-4C3C-8E12-682A35BE4C3F}.Release|x86.ActiveCfg = Release|Win32
		{8B7B5D82-FEA2-4C3C-8E12-682A35BE4C3F}.Release|x86.Build.0 = Release|Win32
		{ADBF7988-13C3-4DBE-88AF-6A197E212357}.Debug|x64.ActiveCfg = Debug|x64
		{ADBF7988-13C3-4DBE-88AF-6A197E212357}.Debug|x64.Build.0 = Debug|x64
		{ADBF7988-13C3-4DBE-88AF-6A197E212357}.Debug|x86.ActiveCfg = Debug|Win32
		{ADBF7988-13C3-4DBE-88AF-6A197E212357}.Debug|x86.Build.0 = Debug|Win32
		{ADBF7988-13C3-4DBE-88AF-6A197E212357}.Release|x64.ActiveCfg = Release|x64
		{ADBF7988-13C3-4DBE-88AF-6A197E212357}.Release|x64.Build.0 = Release|x64
		{ADBF7988-13C3-4DBE-88AF-6A197E212357}.Release|x86.ActiveCfg = Release|Win32
		{ADBF7988-13C3-4DBE-88AF-6A197E212357}.Release|x86.Build.0 = Release|Win32
		{C6E3DF85-17A5-4A21-AEDC-F59236101A21}.Debug|x64.ActiveCfg = Debug|x64
		{C6E3DF85-17A5-4A21-AEDC-F59236101A21}.Debug|x64.Build.0 = Debug|x64
		{C6E3DF85-17A5-4A21-AEDC-F59236101A21}.Debug|x86.ActiveCfg = Debug|Win32
		{C6E3DF85-17A5-4A21-AEDC-F59236101A21}.Debug|x86.Build.0 = Debug|Win32
		{C6E3DF85-17A5-4A21-AEDC-F59236101A21}.Release|x64.ActiveCfg = Release|x64
		{C6E3DF85-17A5-4A21-AEDC-F59236101A21}.Release|x64.Build.0 = Release|x64
		{C6E3DF85-17A5-4A21-AEDC-F59236101A21}.Release|x86.ActiveCfg = Release|Win32
		{C6E3DF85-17A5-4A21-AEDC-F59236101A21}.Release|x86.Build.0 = Release|Win32
		{9BE17717-3C7C-421B-91D3-DCE96A446822}.Debug|x64.ActiveCfg = Debug|x64
		{9BE17717-3C7C-421B-91D3-DCE96A446822}.Debug|x64.Build.0 = Debug|x64
		{9BE17717-3C7C-421B-91D3-DCE96A446822}.Debug|x86.ActiveCfg = Debug|Win32
		{9BE17717-3C7C-421B-91D3-DCE96A446822}.Debug|x86.Build.0 = Debug|Win32
		{9BE17717-3C7C-421B-91D3-DCE96A446822}.Release|x64.ActiveCfg = Release|x64
		{9BE17717-3C7C-421B-91D3-DCE96A446822}.Release|x64.Build.0 = Release|x64
		{9BE17717-3C7C-421B-91D3-DCE96A446822}.Release|x86.ActiveCfg = Release|Win32
		{9BE17717-3C7C-421B-91D3-DCE96A446822}.Release|x86.Build.0 = Release|Win32
		{E1382BEC-3817-4DD3-AB7D-FC9E393E4E39}.Debug|x64.ActiveCfg = Debug|x64
		{E1382BEC-3817-4DD3-AB7D-FC9E393E4E39}.Debug|x64.Build.0 = Debug|x64
		{E1382BEC-3817-4DD3-AB7D-FC9E393E4E39}.Debug|x86.ActiveCfg = Debug|Win32
		{E1382BEC-3817-4DD3-AB7D-FC9E393E4E39}.Debug|x86.Build.0 = Debug|Win32
		{E1382BEC-3817-4DD3-AB7D-FC9E393E4E39}.Release|x64.ActiveCfg = Release|x64
		{E1382BEC-3817-4DD3-AB7D-FC9E393E4E39}.Release|x64.Build.0 = Release|x64
		{E1382BEC-3817-4DD3-AB7D-FC9E393E4E39}.Release|x86.ActiveCfg = Release|Win32
		{E1382BEC-3817-4DD3-AB7D-FC9E393E4E39}.Release|x86.Build.0 = Release|Win32
		{8B767258-9D6F-4B64-8FA8-992EA6D55911}.Debug|x64.ActiveCfg = Debug|x64
		{8B767258-9D6F-4B64-8FA8-992EA6D55911}.Debug|x64.Build.0 = Debug|x64
		{8B767258-9D6F-4B64-8FA8-992EA6D55911}.Debug|x86.ActiveCfg = Debug|Win32
		{8B767258-9D6F-4B64-8FA8-992EA6D55911}.Debug|x86.Build.0 = Debug|Win32
		{8B767258-9D6F-4B64-8FA8-992EA6D55911}.Release|x64.ActiveCfg = Release|x64
		{8B767258-9D6F-4B64-8FA8-992EA6D55911}.Release|x64.Build.0 = Release|x64
		{8B767258-9D6F-4B64-8FA8-992EA6D55911}.Release|x86.ActiveCfg = Release|Win32
		{8B767258-9D6F-4B64-8FA8-992EA6D55911}.Release|x86.Build.0 = Release|Win32
		{78F1AE1F-712F-4B3B-9A7E-4D96A3F1A453}.Debug|x64.ActiveCfg = Debug|x64
		{78F1AE1F-712F-4B3B-9A7E-4D96A3F1A453}.Debug|x64.Build.0 = Debug|x64
		{78F1AE1F-712F-4B3B-9A7E-4D96A3F1A453}.Debug|x86.ActiveCfg = Debug|Win32
		{78F1AE1F-712F-4B3B-9A7E-4D96A3F1A453}.Debug|x86.Build.0 = Debug|Win32
		{78F1AE1F-712F-4B3B-9A7E-4D96A3F1A453}.Release|x64.ActiveCfg = Release|x64
		{78F1AE1F-712F-4B3B-9A7E-4D96A3F1A453}.Release|x64.Build.0 = Release|x64
		{78F1AE1F-712F-4B3B-9A7E-4D96A3F1A453}.Release|x86.ActiveCfg = Release|Win32
		{78F1AE1F-712F-4B3B-9A7E-4D96A3F1A453}.Release|x86.Build.0 = Release|Win32
		{9D0382DA-7F7B-4053-80D2-B4F20E3A37B9}.Debug|x64.ActiveCfg = Debug|x64
		{9D0382DA-7F7B-4053-80D2-B4F20E3A37B9}.Debug|x64.Build.0 = Debug|x64
		{9D0382DA-7F7B-4053-80D2-B4F20E3A37B9}.Debug|x86.ActiveCfg = Debug|Win32
		{9D0382DA-7F7B-4053-80D2-B4F20E3A37B9}.Debug|x86.Build.0 = Debug|Win32
		{9D0382DA-7F7B-4053-80D2-B4F20E3A37B9}.Release|x64.ActiveCfg = Release|x64
		{9D0382DA-7F7B-4053-80D2-B4F20E3A37B9}.Release|x64.Build.0 = Release|x64
		{9D0382DA-7F7B-4053-80D2-B4F20E3A37B9}.Release|x86.ActiveCfg = Release|Win32
		{9D0382DA-7F7B-4053-80D2-B4F20E3A37B9}.Release|x86.Build.0 = Release|Win32
		{862FE2C4-A067-4EBC-9C39-5011F59049A7}.Debug|x64.ActiveCfg = Debug|x64
		{862FE2C4-A067-4EBC-9C39-5011F59049A7}.Debug|x64.Build.0 = Debug|x64
		{862FE2C4-A067-4EBC-9C39-5011F59049A7}.Debug|x86.ActiveCfg = Debug|Win32
		{862FE2C4-A067-4EBC-9C39-5011F59049A7}.Debug|x86.Build.0 = Debug|Win32
		{862FE2C4-A067-4EBC-9C39-5011F59049A7}.Release|x64.ActiveCfg = Release|x64
		{862FE2C4-A067-4EBC-9C39-5011F59049A7}.Release|x64.Build.0 = Release|x64
		{862FE2C4-A067-4EBC-9C39-5011F59049A7}.Release|x86.ActiveCfg = Release|Win32
		{862FE2C4-A067-4EBC-9C39-5011F59049A7}.Release|x86.Build.0 = Release|Win32
		{9974ACE8-62A8-4078-918B-75BF5E8DBC39}.Debug|x64.ActiveCfg = Debug|x64
		{9974ACE8-62A8-4078-918B-75BF5E8DBC39}.Debug|x64.Build.0 = Debug|x64
		{9974ACE8-62A8-4078-918B-75BF5E8DBC39}.Debug|x86.ActiveCfg = Debug|Win32
		{9974ACE8-62A8-4078-918B-75BF5E8DBC39}.Debug|x86.Build.0 = Debug|Win32
		{9974ACE8-62A8-4078-918B-75BF5E8DBC39}.Release|x64.ActiveCfg = Release|x64
		{9974ACE8-62A8-4078-918B-75BF5E8DBC39}.Release|x64.Build.0 = Release|x64
		{9974ACE8-62A8-4078-918B-75BF5E8DBC39}.Release|x86.ActiveCfg = Release|Win32
		{9974ACE8-62A8-4078-918B-75BF5E8DBC39}.Release|x86.Build.0 = Release|Win32
		{0F0865E3-AE2B-4CA5-8128-D812C3A542D0}.Debug|x64.ActiveCfg = Debug|x64
		{0F0865E3-AE2B-4CA5-8128-D812C3A542D0}.Debug|x64.Build.0 = Debug|x64
		{0F0865E3-AE2B-4CA5-8128-D812C3A542D0}.Debug|x86.ActiveCfg = Debug|Win32
		{0F0865E3-AE2B-4CA5-8128-D812C3A542D0}.Debug|x86.Build.0 = Debug|Win32
		{0F0865E3-AE2B-4CA5-8128-D812C3A542D0}.Release|x64.ActiveCfg = Release|x64
		{0F0865E3-AE2B-4CA5-8128-D812C3A542D0}.Release|x64.Build.0 = Release|x64
		{0F0865E3-AE2B-4CA5-8128-D812C3A542D0}.Release|x86.ActiveCfg = Release|Win32
		{0F0865E3-AE2B-4CA5-8128-D812C3A542D0}.Release|x86.Build.0 = Release|Win32
		{9CAA2DD3-1BC0-4D0A-8118-37EA7D9E1877}.Debug|x64.ActiveCfg = Debug|x64
		{9CAA2DD3-1BC0-4D0A-8118-37EA7D9E1877}.Debug|x64.Build.0 = Debug|x64
		{9CAA2DD3-1BC0-4D0A-8118-37EA7D9E1877}.Debug|x86.ActiveCfg = Debug|Win32
		{9CAA2DD3-1BC0-4D0A-8118-37EA7D9E1877}.Debug|x86.Build.0 = Debug|Win32
		{9CAA2DD3-1BC0-4D0A-8118-37EA7D9E1877}.Release|x64.ActiveCfg = Release|x64
		{9CAA2DD3-1BC0-4D0A-8118-37EA7D9E1877}.Release|x64.Build.0 = Release|x64
		{9CAA2DD3-1BC0-4D0A-8118-37EA7D9E1877}.Release|x86.ActiveCfg = Release|Win32
		{9CAA2DD3-1BC0-4D0A-8118-37EA7D9E1877}.Release|x86.Build.0 = Release|Win32
		{39C01040-34CC-4E59-AB0C-96D31E30B8AD}.Debug|x64.ActiveCfg = Debug|x64
		{39C01040-34CC-4E59-AB0C-96D31E30B8AD}.Debug|x64.Build.0 = Debug|x64
		{39C01040-34CC-4E59-AB0C-96D31E30B8AD}.Debug|x86.ActiveCfg = Debug|Win32
		{39C01040-34CC-4E59-AB0C-96D31E30B8AD}.Debug|x86.Build.0 = Debug|Win32
		{39C01040-34CC-4E59-AB0C-96D31E30B8AD}.Release|x64.ActiveCfg = Release|x64
		{39C01040-34CC-4E59-AB0C-96D31E30B8AD}.Release|x64.Build.0 = Release|x64
		{39C01040-34CC-4E59-AB0C-96D31E30B8AD}.Release|x86.ActiveCfg = Release|Win32
		{39C01040-34CC-4E59-AB0C-96D31E30B8AD}.Release|x86.Build.0 = Release|Win32
		{17ADDC68-892E-4C35-A1B4-6690B34369FC}.Debug|x64.ActiveCfg = Debug|x64
		{17ADDC68-892E-4C35-A1B4-6690B34369FC}.Debug|x64.Build.0 = Debug|x64
		{17ADDC68-892E-4C35-A1B4-6690B34369FC}.Debug|x86.ActiveCfg = Debug|Win32
		{17ADDC68-892E-4C35-A1B4-6690B34369FC}.Debug|x86.Build.0 = Debug|Win32
		{17ADDC68-892E-4C35-A1B4-6690B34369FC}.Release|x64.ActiveCfg = Release|x64
		{17ADDC68-892E-4C35-A1B4-6690B34369FC}.Release|x64.Build.0 = Release|x64
		{17ADDC68-892E-4C35-A1B4-6690B34369FC}.Release|x86.ActiveCfg = Release|Win32
		{17ADDC68-892E-4C35-A1B4-6690B34369FC}.Release|x86.Build.0 = Release|Win32
		{4F4DAC83-F5E9-4A4A-BB65-5AAA97CC605F}.Debug|x64.ActiveCfg = Debug|x64
		{4F4DAC83-F5E9-4A4A-BB65-5AAA97CC605F}.Debug|x64.Build.0 = Debug|x64
		{4F4DAC83-F5E9-4A4A-BB65-5AAA97CC605F}.Debug|x86.ActiveCfg = Debug|Win32
		{4F4DAC83-F5E9-4A4A-BB65-5AAA97CC605F}.Debug|x86.Build.0 = Debug|Win32
		{4F4DAC83-F5E9-4A4A-BB65-5AAA97CC605F}.Release|x64.ActiveCfg = Release|x64
		{4F4DAC83-F5E9-4A4A-BB65-5AAA97CC605F}.Release|x64.Build.0 = Release|x64
		{4F4DAC83-F5E9-4A4A-BB65-5AAA97CC605F}.Release|x86.ActiveCfg = Release|Win32
		{4F4DAC83-F5E9-4A4A-BB65-5AAA97CC605F}.Release|x86.Build.0 = Release|Win32
		{244A56AC-933F-4042-98A3-50BF1AE17AB2}.Debug|x64.ActiveCfg = Debug|x64
		{244A56AC-933F-4042-98A3-50BF1AE17AB2}.Debug|x64.Build.0 = Debug|x64
		{244A56AC-933F-4042-98A3-50BF1AE17AB2}.Debug|x86.ActiveCfg = Debug|Win32
		{244A56AC-933F-4042-98A3-50BF1AE17AB2}.Debug|x86.Build.0 = Debug|Win32
		{244A56AC-933F-4042-98A3-50BF1AE17AB2}.Release|x64.ActiveCfg = Release|x64
		{244A56AC-933F-4042-98A3-50BF1AE17AB2}.Release|x64.Build.0 = Release|x64
		{244A56AC-933F-4042-98A3-50BF1AE17AB2}.Release|x86.ActiveCfg = Release|Win32
		{244A56AC-933F-4042-98A3-50BF1AE17AB2}.Release|x86.Build.0 = Release|Win32
		{7D2FA227-A098-4DE0-8F94-7EC472EA64B0}.Debug|x64.ActiveCfg = Debug|x64
		{7D2FA227-A098-4DE0-8F94-7EC472EA64B0}.Debug|x64.Build.0 = Debug|x64
		{7D2FA227-A098-4DE0-8F94-7EC472EA64B0}.Debug|x86.ActiveCfg = Debug|Win32
		{7D2FA227-A098-4DE0-8F94-7EC472EA64B0}.Debug|x86.Build.0 = Debug|Win32
		{7D2FA227-A098-4DE0-8F94-7EC472EA64B0}.Release|x64.ActiveCfg = Release|x64
		{7D2FA227-A098-4DE0-8F94-7EC472EA64B0}.Release|x64.Build.0 = Release|x64
		{7D2FA227-A098-4DE0-8F94-7EC472EA64B0}.Release|x86.ActiveCfg = Release|Win32
		{7D2FA227-A098-4DE0-8F94-7EC472EA64B0}.Release|x86.Build.0 = Release|Win32
		{2AD86326-0D4E-4781-AFB6-4506CD380F63}.Debug|x64.ActiveCfg = Debug|x64
		{2AD86326-0D4E-4781-AFB6-4506CD380F63}.Debug|x64.Build.0 = Debug|x64
		{2AD86326-0D4E-4781-AFB6-4506CD380F63}.Debug|x86.ActiveCfg = Debug|Win32
		{2AD86326-0D4E-4781-AFB6-4506CD380F63}.Debug|x86.Build.0 = Debug|Win32
		{2AD86326-0D4E-4781-AFB6-4506CD380F63}.Release|x64.ActiveCfg = Release|x64
		{2AD86326-0D4E-4781-AFB6-4506CD380F63}.Release|x64.Build.0 = Release|x64
		{2AD86326-0D4E-4781-AFB6-4506CD380F63}.Release|x86.ActiveCfg = Release|Win32
		{2AD86326-0D4E-4781-AFB6-4506CD380F63}.Release|x86.Build.0 = Release|Win32
		{78CFE93D-46D4-4259-A355-07975195576C}.Debug|x64.ActiveCfg = Debug|x64
		{78CFE93D-46D4-4259-A355-07975195576C}.Debug|x64.Build.0 = Debug|x64
		{78CFE93D-46D4-4259-A355-07975195576C}.Debug|x86.ActiveCfg = Debug|Win32
		{78CFE93D-46D4-4259-A355-07975195576C}.Debug|x86.Build.0 = Debug|Win32
		{78CFE93D-46D4-4259-A355-07975195576C}.Release|x64.ActiveCfg = Release|x64
		{78CFE93D-46D4-4259-A355-07975195576C}.Release|x64.Build.0 = Release|x64
		{78CFE93D-46D4-4259-A355-07975195576C}.Release|x86.ActiveCfg = Release|Win32
		{78CFE93D-46D4-4259-A355-07975195576C}.Release|x86.Build.0 = Release|Win32
		{1224E085-F24D-4773-A10B-E4D76F78CCEE}.Debug|x64.ActiveCfg = Debug|x64
		{1224E085-F24D-4773-A10B-E4D76F78CCEE}.Debug|x64.Build.0 = Debug|x64
		{1224E085-F24D-4773-A10B-E4D76F78CCEE}.Debug|x86.ActiveCfg = Debug|Win32
		{1224E085-F24D-4773-A10B-E4D76F78CCEE}.Debug|x86.Build.0 = Debug|Win32
		{1224E085-F24D-4773-A10B-E4D76F78CCEE}.Release|x64.ActiveCfg = Release|x64
		{1224E085-F24D-4773-A10B-E4D76F78CCEE}.Release|x64.Build.0 = Release|x64
		{1224E085-F24D-4773-A10B-E4D76F78CCEE}.Release|x86.ActiveCfg = Release|Win32
		{1224E085-F24D-4773-A10B-E4D76F78CCEE}.Release|x86.Build.0 = Release|Win32
		{C61EF432-9CEF-4CE8-B585-96A4E36D47DF}.Debug|x64.ActiveCfg = Debug|x64
		{C61EF432-9CEF-4CE8-B585-96A4E36D47DF}.Debug|x64.Build.0 = Debug|x64
		{C61EF432-9CEF-4CE8-B585-96A4E36D47DF}.Debug|x86.ActiveCfg = Debug|Win32
		{C61EF432-9CEF-4CE8-B585-96A4E36D47DF}.Debug|x86.Build.0 = Debug|Win32
		{C61EF432-9CEF-4CE8-B585-96A4E36D47DF}.Release|x64.ActiveCfg = Release|x64
		{C61EF432-9CEF-4CE8-B585-96A4E36D47DF}.Release|x64.Build.0 = Release|x64
		{C61EF432-9CEF-4CE8-B585-96A4E36D47DF}.Release|x86.ActiveCfg = Release|Win32
		{C61EF432-9CEF-4CE8-B585-96A4E36D47DF}.Release|x86.Build.0 = Release|Win32
		{7F7A4AC5-F0FF-4939-80E7-C1C0CCE36C91}.Debug|x64.ActiveCfg = Debug|x64
		{7F7A4AC5-F0FF-4939-80E7-C1C0CCE36C91}.Debug|x64.Build.0 = Debug|x64
		{7F7A4AC5-F0FF-4939-80E7-C1C0CCE36C91}.Debug|x86.ActiveCfg = Debug|Win32
		{7F7A4AC5-F0FF-4939-80E7-C1C0CCE36C91}.Debug|x86.Build.0 = Debug|Win32
		{7F7A4AC5-F0FF-4939-80E7-C1C0CCE36C91}.Release|x64.ActiveCfg = Release|x64
		{7F7A4AC5-F0FF-4939-80E7-C1C0CCE36C91}.Release|x64.Build.0 = Release|x64
		{7F7A4AC5-F0FF-4939-80E7-C1C0CCE36C91}.Release|x86.ActiveCfg = Release|Win32
		{7F7A4AC5-F0FF-4939-80E7-C1C0CCE36C91}.Release|x86.Build.0 = Release|Win32
		{9AAA1FED-DEDA-43B0-99D2-E1B2B8968F6D}.Debug|x64.ActiveCfg = Debug|x64
		{9AAA1FED-DEDA-43B0-99D2-E1B2B8968F6D}.Debug|x64.Build.0 = Debug|x64
		{9AAA1FED-DEDA-43B0-99D2-E1B2B8968F6D}.Debug|x86.ActiveCfg = Debug|Win32
		{9AAA1FED-DEDA-43B0-99D2-E1B2B8968F6D}.Debug|x86.Build.0 = Debug|Win32
		{9AAA1FED-DEDA-43B0-99D2-E1B2B8968F6D}.Release|x64.ActiveCfg = Release|x64
		{9AAA1FED-DEDA-43B0-99D2-E1B2B8968F6D}.Release|x64.Build.0 = Release|x64
		{9AAA1FED-DEDA-43B0-99D2-E1B2B8968F6D}.Release|x86.ActiveCfg = Release|Win32
		{9AAA1FED-DEDA-43B0-99D2-E1B2B8968F6D}.Release|x86.Build.0 = Release|Win32
		{9B9D6B18-D362-4EA7-9FD3-95A95BD93F21}.Debug|x64.ActiveCfg = Debug|x64
		{9B9D6B18-D362-4EA7-9FD3-95A95BD93F21}.Debug|x64.Build.0 = Debug|x64
		{9B9D6B18-D362-4EA7-9FD3-95A95BD93F21}.Debug|x86.ActiveCfg = Debug|Win32
		{9B9D6B18-D362-4EA7-9FD3-95A95BD93F21}.Debug|x86.Build.0 = Debug|Win32
		{9B9D6B18-D362-4EA7-9FD3-95A95BD93F21}.Release|x64.ActiveCfg = Release|x64
		{9B9D6B18-D362-4EA7-9FD3-95A95BD93F21}.Release|x64.Build.0 = Release|x64
		{9B9D6B18-D362-4EA7-9FD3-95A95BD93F21}.Release|x86.ActiveCfg = Release|Win32
		{9B9D6B18-D362-4EA7-9FD3-95A95BD93F21}.Release|x86.Build.0 = Release|Win32
		{E51D3219-7216-453F-BAB5-E43573537391}.Debug|x64.ActiveCfg = Debug|x64
		{E51D3219-7216-453F-BAB5-E43573537391}.Debug|x64.Build.0 = Debug|x64
		{E51D3219-7216-453F-BAB5-E43573537391}.Debug|x86.ActiveCfg = Debug|Win32
		{E51D3219-7216-453F-BAB5-E43573537391}.Debug|x86.Build.0 = Debug|Win32
		{E51D3219-7216-453F-BAB5-E43573537391}.Release|x64.ActiveCfg = Release|x64
		{E51D3219-7216-453F-BAB5-E43573537391}.Release|x64.Build.0 = Release|x64
		{E51D3219-7216-453F-BAB5-E43573537391}.Release|x86.ActiveCfg = Release|Win32
		{E51D3219-7216-453F-BAB5-E43573537391}.Release|x86.Build.0 = Release|Win32
		{15AAC47B-E98D-42B1-9220-C810A0DCBD28}.Debug|x64.ActiveCfg = Debug|x64
		{15AAC47B-E98D-42B1-9220-C810A0DCBD28}.Debug|x64.Build.0 = Debug|x64
		{15AAC47B-E98D-42B1-9220-C810A0DCBD28}.Debug|x86.ActiveCfg = Debug|Win32
		{15AAC47B-E98D-42B1-9220-C810A0DCBD28}.Debug|x86.Build.0 = Debug|Win32
		{15AAC47B-E98D-42B1-9220-C810A0DCBD28}.Release|x64.ActiveCfg = Release|x64
		{15AAC47B-E98D-42B1-9220-C810A0DCBD28}.Release|x64.Build.0 = Release|x64
		{15AAC47B-E98D-42B1-9220-C810A0DCBD28}.Release|x86.ActiveCfg = Release|Win32
		{15AAC47B-E98D-42B1-9220-C810A0DCBD28}.Release|x86.Build.0 = Release|Win32
		{E2EB3AAE-63E6-48C0-97E3-12CD7368476A}.Debug|x64.ActiveCfg = Debug|x64
		{E2EB3AAE-63E6-48C0-97E3-12CD7368476A}.Debug|x64.Build.0 = Debug|x64
		{E2EB3AAE-63E6-48C0-97E3-12CD7368476A}.Debug|x86.ActiveCfg = Debug|Win32
		{E2EB3AAE-63E6-48C0-97E3-12CD7368476A}.Debug|x86.Build.0 = Debug|Win32
		{E2EB3AAE-63E6-48C0-97E3-12CD7368476A}.Release|x64.ActiveCfg = Release|x64
		{E2EB3AAE-63E6-48C0-97E3-12CD7368476A}.Release|x64.Build.0 = Release|x64
		{E2EB3AAE-63E6-48C0-97E3-12CD7368476A}.Release|x86.ActiveCfg = Release|Win32
		{E2EB3AAE-63E6-48C0-97E3-12CD7368476A}.Release|x86.Build.0 = Release|Win32
		{32D10D2C-8473-4BC4-99A9-07D7C18B23D2}.Debug|x64.ActiveCfg = Debug|x64
		{32D10D2C-8473-4BC4-99A9-07D7C18B23D2}.Debug|x64.Build.0 = Debug|x64
		{32D10D2C-8473-4BC4-99A9-07D7C18B23D2}.Debug|x86.ActiveCfg = Debug|Win32
		{32D10D2C-8473-4BC4-99A9-07D7C18B23D2}.Debug|x86.Build.0 = Debug|Win32
		{32D10D2C-8473-4BC4-99A9-07D7C18B23D2}.Release|x64.ActiveCfg = Release|x64
		{32D10D2C-8473-4BC4-99A9-07D7C18B23D2}.Release|x64.Build.0 = Release|x64
		{32D10D2C-8473-4BC4-99A9-07D7C18B23D2}.Release|x86.ActiveCfg = Release|Win32
		{32D10D2C-8473-4BC4-99A9-07D7C18B23D2}.Release|x86.Build.0 = Release|Win32
		{BA8E4A79-2FC8-4D59-AB29-1C05D71114E0}.Debug|x64.ActiveCfg = Debug|x64
		{BA8E4A79-2FC8-4D59-AB29-1C05D71114E0}.Debug|x64.Build.0 = Debug|x64
		{BA8E4A79-2FC8-4D59-AB29-1C05D71114E0}.Debug|x86.ActiveCfg = Debug|Win32
		{BA8E4A79-2FC8-4D59-AB29-1C05D71114E0}.Debug|x86.Build.0 = Debug|Win32
		{BA8E4A79-2FC8-4D59-AB29-1C05D71114E0}.Release|x64.ActiveCfg = Release|x64
		{BA8E4A79-2FC8-4D59-AB29-1C05D71114E0}.Release|x64.Build.0 = Release|x64
		{BA8E4A79-2FC8-4D59-AB29-1C05D71114E0}.Release|x86.ActiveCfg = Release|Win32
		{BA8E4A79-2FC8-4D59-AB29-1C05D71114E0}.Release|x86.Build.0 = Release|Win32
		{6886119A-B244-4A65-8BE1-94637D3CB675}.Debug|x64.ActiveCfg = Debug|x64
		{6886119A-B244-4A65-8BE1-94637D3CB675}.Debug|x64.Build.0 = Debug|x64
		{6886119A-B244-4A65-8BE1-94637D3CB675}.Debug|x86.ActiveCfg = Debug|Win32
		{6886119A-B244-4A65-8BE1-94637D3CB675}.Debug|x86.Build.0 = Debug|Win32
		{6886119A-B244-4A65-8BE1-94637D3CB675}.Release|x64.ActiveCfg = Release|x64
		{6886119A-B244-4A65-8BE1-94637D3CB675}.Release|x64.Build.0 = Release|x64
		{6886119A-B244-4A65-8BE1-94637D3CB675}.Release|x86.ActiveCfg = Release|Win32
		{6886119A-B244-4A65-8BE1-94637D3CB675}.Release|x86.Build.0 = Release|Win32
		{92C29CB9-DE80-4876-BFE4-5A980A8087AF}.Debug|x64.ActiveCfg = Debug|x64
		{92C29CB9-DE80-4876-BFE4-5A980A8087AF}.Debug|x64.Build.0 = Debug|x64
		{92C29CB9-DE80-4876-BFE4-5A980A8087AF}.Debug|x86.ActiveCfg = Debug|Win32
		{92C29CB9-DE80-4876-BFE4-5A980A8087AF}.Debug|x86.Build.0 = Debug|Win32
		{92C29CB9-DE80-4876-BFE4-5A980A8087AF}.Release|x64.ActiveCfg = Release|x64
		{92C29CB9-DE80-4876-BFE4-5A980A8087AF}.Release|x64.Build.0 = Release|x64
		{92C29CB9-DE80-4876-BFE4-5A980A8087AF}.Release|x86.ActiveCfg = Release|Win32
		{92C29CB9-DE80-4876-BFE4-5A980A8087AF}.Release|x86.Build.0 = Release|Win32
		{AFD408A7-1EEE-4FC5-9C02-D005DABBAC59}.Debug|x64.ActiveCfg = Debug|x64
		{AFD408A7-1EEE-4FC5-9C02-D005DABBAC59}.Debug|x64.Build.0 = Debug|x64
		{AFD408A7-1EEE-4FC5-9C02-D005DABBAC59}.Debug|x86.ActiveCfg = Debug|Win32
		{AFD408A7-1EEE-4FC5-9C02-D005DABBAC59}.Debug|x86.Build.0 = Debug|Win32
		{AFD408A7-1EEE-4FC5-9C02-D005DABBAC59}.Release|x64.ActiveCfg = Release|x64
		{AFD408A7-1EEE-4FC5-9C02-D005DABBAC59}.Release|x64.Build.0 = Release|x64
		{AFD408A7-1EEE-4FC5-9C02-D005DABBAC59}.Release|x86.ActiveCfg = Release|Win32
		{AFD408A7-1EEE-4FC5-9C02-D005DABBAC59}.Release|x86.Build.0 = Release|Win32
		{F7E86256-8E5F-4085-BADF-3F672E03CC39}.Debug|x64.ActiveCfg = Debug|x64
		{F7E86256-8E5F-4085-BADF-3F672E03CC39}.Debug|x64.Build.0 = Debug|x64
		{F7E86256-8E5F-4085-BADF-3F672E03CC39}.Debug|x86.ActiveCfg = Debug|Win32
		{F7E86256-8E5F-4085-BADF-3F672E03CC39}.Debug|x86.Build.0 = Debug|Win32
		{F7E86256-8E5F-4085-BADF-3F672E03CC39}.Release|x64.ActiveCfg = Release|x64
		{F7E86256-8E5F-4085-BADF-3F672E03CC39}.Release|x64.Build.0 = Release|x64
		{F7E86256-8E5F-4085-BADF-3F672E03CC39}.Release|x86.ActiveCfg = Release|Win32
		{F7E86256-8E5F-4085-BADF-3F672E03CC39}.Release|x86.Build.0 = Release|Win32
		{7902B64F-A174-4EA9-BA83-043A7AFF2AA7}.Debug|x64.ActiveCfg = Debug|x64
		{7902B64F-A174-4EA9-BA83-043A7AFF2AA7}.Debug|x64.Build.0 = Debug|x64
		{7902B64F-A174-4EA9-BA83-043A7AFF2AA7}.Debug|x86.ActiveCfg = Debug|Win32
		{7902B64F-A174-4EA9-BA83-043A7AFF2AA7}.Debug|x86.Build.0 = Debug|Win32
		{7902B64F-A174-4EA9-BA83-043A7AFF2AA7}.Release|x64.ActiveCfg = Release|x64
		{7902B64F-A174-4EA9-BA83-043A7AFF2AA7}.Release|x64.Build.0 = Release|x64
		{7902B64F-A174-4EA9-BA83-043A7AFF2AA7}.Release|x86.ActiveCfg = Release|Win32
		{7902B64F-A174-4EA9-BA83-043A7AFF2AA7}.Release|x86.Build.0 = Release|Win32
		{1913F5A0-5359-4986-B845-2A8E229D302A}.Debug|x64.ActiveCfg = Debug|x64
		{1913F5A0-5359-4986-B845-2A8E229D302A}.Debug|x64.Build.0 = Debug|x64
		{1913F5A0-5359-4986-B845-2A8E229D302A}.Debug|x86.ActiveCfg = Debug|Win32
		{1913F5A0-5359-4986-B845-2A8E229D302A}.Debug|x86.Build.0 = Debug|Win32
		{1913F5A0-5359-4986-B845-2A8E229D302A}.Release|x64.ActiveCfg = Release|x64
		{1913F5A0-5359-4986-B845-2A8E229D302A}.Release|x64.Build.0 = Release|x64
		{1913F5A0-5359-4986-B845-2A8E229D302A}.Release|x86.ActiveCfg = Release|Win32
		{1913F5A0-5359-4986-B845-2A8E229D302A}.Release|x86.Build.0 = Release|Win32
		{7CAE3690-D585-46C5-A7F9-F1A068EB436A}.Debug|x64.ActiveCfg = Debug|x64
		{7CAE3690-D585-46C5-A7F9-F1A068EB436A}.Debug|x64.Build.0 = Debug|x64
		{7CAE3690-D585-46C5-A7F9-F1A068EB436A}.Debug|x86.ActiveCfg = Debug|Win32
		{7CAE3690-D585-46C5-A7F9-F1A068EB436A}.Debug|x86.Build.0 = Debug|Win32
		{7CAE3690-D585-46C5-A7F9-F1A068EB436A}.Release|x64.ActiveCfg = Release|x64
		{7CAE3690-D585-46C5-A7F9-F1A068EB436A}.Release|x64.Build.0 = Release|x64
		{7CAE3690-D585-46C5-A7F9-F1A068EB436A}.Release|x86.ActiveCfg = Release|Win32
		{7CAE3690-D585-46C5-A7F9-F1A068EB436A}.Release|x86.Build.0 = Release|Win32
		{646011D7-B2C9-45A4-B732-D0879ECE08E9}.Debug|x64.ActiveCfg = Debug|x64
		{646011D7-B2C9-45A4-B732-D0879ECE08E9}.Debug|x64.Build.0 = Debug|x64
		{646011D7-B2C9-45A4-B732-D0879ECE08E9}.Debug|x86.ActiveCfg = Debug|Win32
		{646011D7-B2C9-45A4-B732-D0879ECE08E9}.Debug|x86.Build.0 = Debug|Win32
		{646011D7-B2C9-45A4-B732-D0879ECE08E9}.Release|x64.ActiveCfg = Release|x64
		{646011D7-B2C9-45A4-B732-D0879ECE08E9}.Release|x64.Build.0 = Release|x64
		{646011D7-B2C9-45A4-B732-D0879ECE08E9}.Release|x86.ActiveCfg = Release|Win32
		{646011D7-B2C9-45A4-B732-D0879ECE08E9}.Release|x86.Build.0 = Release|Win32
		{4475522D-FBA9-499D-BD2B-E6CD8992813A}.Debug|x64.ActiveCfg = Debug|x64
		{4475522D-FBA9-499D-BD2B-E6CD8992813A}.Debug|x64.Build.0 = Debug|x64
		{4475522D-FBA9-499D-BD2B-E6CD8992813A}.Debug|x86.ActiveCfg = Debug|Win32
		{4475522D-FBA9-499D-BD2B-E6CD8992813A}.Debug|x86.Build.0 = Debug|Win32
		{4475522D-FBA9-499D-BD2B-E6CD8992813A}.Release|x64.ActiveCfg = Release|x64
		{4475522D-FBA9-499D-BD2B-E6CD8992813A}.Release|x64.Build.0 = Release|x64
		{4475522D-FBA9-499D-BD2B-E6CD8992813A}.Release|x86.ActiveCfg = Release|Win32
		{4475522D-FBA9-499D-BD2B-E6CD8992813A}.Release|x86.Build.0 = Release|Win32
		{8E544305-EA2E-43F7-9A0E-3F3DDE8B154B}.Debug|x64.ActiveCfg = Debug|x64
		{8E544305-EA2E-43F7-9A0E-3F3DDE8B154B}.Debug|x64.Build.0 = Debug|x64
		{8E544305-EA2E-43F7-9A0E-3F3DDE8B154B}.Debug|x86.ActiveCfg = Debug|Win32
		{8E544305-EA2E-43F7-9A0E-3F3DDE8B154B}.Debug|x86.Build.0 = Debug|Win32
		{8E544305-EA2E-43F7-9A0E-3F3DDE8B154B}.Release|x64.ActiveCfg = Release|x64
		{8E544305-EA2E-43F7-9A0E-3F3DDE8B154B}.Release|x64.Build.0 = Release|x64
		{8E544305-EA2E-43F7-9A0E-3F3DDE8B154B}.Release|x86.ActiveCfg = Release|Win32
		{8E544305-EA2E-43F7-9A0E-3F3DDE8B154B}.Release|x86.Build.0 = Release|Win32
		{2EADF158-BE7D-42B1-952A-1B7E6BFA7D8F}.Debug|x64.ActiveCfg = Debug|x64
		{2EADF158-BE7D-42B1-952A-1B7E6BFA7D8F}.Debug|x64.Build.0 = Debug|x64
		{2EADF158-BE7D-42B1-952A-1B7E6BFA7D8F}.Debug|x86.ActiveCfg = Debug|Win32
		{2EADF158-BE7D-42B1-952A-1B7E6BFA7D8F}.Debug|x86.Build.0 = Debug|Win32
		{2EADF158-BE7D-42B1-952A-1B7E6BFA7D8F}.Release|x64.ActiveCfg = Release|x64
		{2EADF158-BE7D-42B1-952A-1B7E6BFA7D8F}.Release|x64.Build.0 = Release|x64
		{2EADF158-BE7D-42B1-952A-1B7E6BFA7D8F}.Release|x86.ActiveCfg = Release|Win32
		{2EADF158-BE7D-42B1-952A-1B7E6BFA7D8F}.Release|x86.Build.0 = Release|Win32
		{547212DA-E1EF-4B9B-A862-085AFE345C72}.Debug|x64.ActiveCfg = Debug|x64
		{547212DA-E1EF-4B9B-A862-085AFE345C72}.Debug|x64.Build.0 = Debug|x64
		{547212DA-E1EF-4B9B-A862-085AFE345C72}.Debug|x86.ActiveCfg = Debug|Win32
		{547212DA-E1EF-4B9B-A862-085AFE345C72}.Debug|x86.Build.0 = Debug|Win32
		{547212DA-E1EF-4B9B-A862-085AFE345C72}.Release|x64.ActiveCfg = Release|x64
		{547212DA-E1EF-4B9B-A862-085AFE345C72}.Release|x64.Build.0 = Release|x64
		{547212DA-E1EF-4B9B-A862-085AFE345C72}.Release|x86.ActiveCfg = Release|Win32
		{547212DA-E1EF-4B9B-A862-085AFE345C72}.Release|x86.Build.0 = Release|Win32
		{DCBFA125-0E18-4470-BCE0-9A96636B481E}.Debug|x64.ActiveCfg = Debug|x64
		{DCBFA125-0E18-4470-BCE0-9A96636B481E}.Debug|x64.Build.0 = Debug|x64
		{DCBFA125-0E18-4470-BCE0-9A96636B481E}.Debug|x86.ActiveCfg = Debug|Win32
		{DCBFA125-0E18-4470-BCE0-9A96636B481E}.Debug|x86.Build.0 = Debug|Win32
		{DCBFA125-0E18-4470-BCE0-9A96636B481E}.Release|x64.ActiveCfg = Release|x64
		{DCBFA125-0E18-4470-BCE0-9A96636B481E}.Release|x64.Build.0 = Release|x64
		{DCBFA125-0E18-4470-BCE0-9A96636B481E}.Release|x86.ActiveCfg = Release|Win32
		{DCBFA125-0E18-4470-BCE0-9A96636B481E}.Release|x86.Build.0 = Release|Win32
		{E10D232C-4AEB-4379-BCDD-BF6B98BDB3F3}.Debug|x64.ActiveCfg = Debug|x64
		{E10D232C-4AEB-4379-BCDD-BF6B98BDB3F3}.Debug|x64.Build.0 = Debug|x64
		{E10D232C-4AEB-4379-BCDD-BF6B98BDB3F3}.Debug|x86.ActiveCfg = Debug|Win32
		{E10D232C-4AEB-4379-BCDD-BF6B98BDB3F3}.Debug|x86.Build.0 = Debug|Win32
		{E10D232C-4AEB-4379-BCDD-BF6B98BDB3F3}.Release|x64.ActiveCfg = Release|x64
		{E10D232C-4AEB-4379-BCDD-BF6B98BDB3F3}.Release|x64.Build.0 = Release|x64
		{E10D232C-4AEB-4379-BCDD-BF6B98BDB3F3}.Release|x86.ActiveCfg = Release|Win32
		{E10D232C-4AEB-4379-BCDD-BF6B98BDB3F3}.Release|x86.Build.0 = Release|Win32
		{DAA8E141-46CB-4A1C-80C1-EB08E454F618}.Debug|x64.ActiveCfg = Debug|x64
		{DAA8E141-46CB-4A1C-80C1-EB08E454F618}.Debug|x64.Build.0 = Debug|x64
		{DAA8E141-46CB-4A1C-80C1-EB08E454F618}.Debug|x86.ActiveCfg = Debug|Win32
		{DAA8E141-46CB-4A1C-80C1-EB08E454F618}.Debug|x86.Build.0 = Debug|Win32
		{DAA8E141-46CB-4A1C-80C1-EB08E454F618}.Release|x64.ActiveCfg = Release|x64
		{DAA8E141-46CB-4A1C-80C1-EB08E454F618}.Release|x64.Build.0 = Release|x64
		{DAA8E141-46CB-4A1C-80C1-EB08E454F618}.Release|x86.ActiveCfg = Release|Win32
		{DAA8E141-46CB-4A1C-80C1-EB08E454F618}.Release|x86.Build.0 = Release|Win32
		{25381DB1-C5BA-4D21-A8EC-793025E8F14F}.Debug|x64.ActiveCfg = Debug|x64
		{25381DB1-C5BA-4D21-A8EC-793025E8F14F}.Debug|x64.Build.0 = Debug|x64
		{25381DB1-C5BA-4D21-A8EC-793025E8F14F}.Debug|x86.ActiveCfg = Debug|Win32
		{25381DB1-C5BA-4D21-A8EC-793025E8F14F}.Debug|x86.Build.0 = Debug|Win32
		{25381DB1-C5BA-4D21-A8EC-793025E8F14F}.Release|x64.ActiveCfg = Release|x64
		{25381DB1-C5BA-4D21-A8EC-793025E8F14F}.Release|x64.Build.0 = Release|x64
		{25381DB1-C5BA-4D21-A8EC-793025E8F14F}.Release|x86.ActiveCfg = Release|Win32
		{25381DB1-C5BA-4D21-A8EC-793025E8F14F}.Release|x86.Build.0 = Release|Win32
		{64294636-AEAB-4AA5-AF1D-E8DC60EDFE36}.Debug|x64.ActiveCfg = Debug|x64
		{64294636-AEAB-4AA5-AF1D-E8DC60EDFE36}.Debug|x64.Build.0 = Debug|x64
		{64294636-AEAB-4AA5-AF1D-E8DC60EDFE36}.Debug|x86.ActiveCfg = Debug|Win32
		{64294636-AEAB-4AA5-AF1D-E8DC60EDFE36}.Debug|x86.Build.0 = Debug|Win32
		{64294636-AEAB-4AA5-AF1D-E8DC60EDFE36}.Release|x64.ActiveCfg = Release|x64
		{64294636-AEAB-4AA5-AF1D-E8DC60EDFE36}.Release|x64.Build.0 = Release|x64
		{64294636-AEAB-4AA5-AF1D-E8DC60EDFE36}.Release|x86.ActiveCfg = Release|Win32
		{64294636-AEAB-4AA5-AF1D-E8DC60EDFE36}.Release|x86.Build.0 = Release|Win32
		{5BDFC32D-A470-48D1-99F0-742FFFDA60B9}.Debug|x64.ActiveCfg = Debug|x64
		{5BDFC32D-A470-48D1-99F0-742FFFDA60B9}.Debug|x64.Build.0 = Debug|x64
		{5BDFC32D-A470-48D1-99F0-742FFFDA60B9}.Debug|x86.ActiveCfg = Debug|Win32
		{5BDFC32D-A470-48D1-99F0-742FFFDA60B9}.Debug|x86.Build.0 = Debug|Win32
		{5BDFC32D-A470-48D1-99F0-742FFFDA60B9}.Release|x64.ActiveCfg = Release|x64
		{5BDFC32D-A470-48D1-99F0-742FFFDA60B9}.Release|x64.Build.0 = Release|x64
		{5BDFC32D-A470-48D1-99F0-742FFFDA60B9}.Release|x86.ActiveCfg = Release|Win32
		{5BDFC32D-A470-48D1-99F0-742FFFDA60B9}.Release|x86.Build.0 = Release|Win32
		{30E5A671-4ADB-4676-BE2A-B86ED19BFD78}.Debug|x64.ActiveCfg = Debug|x64
		{30E5A671-4ADB-4676-BE2A-B86ED19BFD78}.Debug|x64.Build.0 = Debug|x64
		{30E5A671-4ADB-4676-BE2A-B86ED19BFD78}.Debug|x86.ActiveCfg = Debug|Win32
		{30E5A671-4ADB-4676-BE2A-B86ED19BFD78}.Debug|x86.Build.0 = Debug|Win32
		{30E5A671-4ADB-4676-BE2A-B86ED19BFD78}.Release|x64.ActiveCfg = Release|x64
		{30E5A671-4ADB-4676-BE2A-B86ED19BFD78}.Release|x64.Build.0 = Release|x64
		{30E5A671-4ADB-4676-BE2A-B86ED19BFD78}.Release|x86.ActiveCfg = Release|Win32
		{30E5A671-4ADB-4676-BE2A-B86ED19BFD78}.Release|x86.Build.0 = Release|Win32
		{48C8DF69-174D-4003-A7BC-C8886501E0B3}.Debug|x64.ActiveCfg = Debug|x64
		{48C8DF69-174D-4003-A7BC-C8886501E0B3}.Debug|x64.Build.0 = Debug|x64
		{48C8DF69-174D-4003-A7BC-C8886501E0B3}.Debug|x86.ActiveCfg = Debug|Win32
		{48C8DF69-174D-4003-A7BC-C8886501E0B3}.Debug|x86.Build.0 = Debug|Win32
		{48C8DF69-174D-4003-A7BC-C8886501E0B3}.Release|x64.ActiveCfg = Release|x64
		{48C8DF69-174D-4003-A7BC-C8886501E0B3}.Release|x64.Build.0 = Release|x64
		{48C8DF69-174D-4003-A7BC-C8886501E0B3}.Release|x86.ActiveCfg = Release|Win32
		{48C8DF69-174D-4003-A7BC-C8886501E0B3}.Release|x86.Build.0 = Release|Win32
	EndGlobalSection
	GlobalSection(SolutionProperties) = preSolution
		HideSolutionNode = FALSE
	EndGlobalSection
	GlobalSection(ExtensibilityGlobals) = postSolution
		SolutionGuid = {681CC6D1-01B0-450A-8B1F-5D29412462B2}
	EndGlobalSection
EndGlobal
