
Microsoft Visual Studio Solution File, Format Version 12.00
# Visual Studio Version 17
VisualStudioVersion = 17.7.34031.279
MinimumVisualStudioVersion = 10.0.40219.1
Project("{8BC9CEB8-8B4A-11D0-8D11-00A0C91BC942}") = "Bai003", "Bai003\Bai003.vcxproj", "{94489D2B-CE93-41FF-8C4F-EE2B86126FA6}"
EndProject
Project("{8BC9CEB8-8B4A-11D0-8D11-00A0C91BC942}") = "Bai008", "Bai008\Bai008.vcxproj", "{739C2058-6017-4CF9-92FB-D4E462752C4C}"
EndProject
Project("{8BC9CEB8-8B4A-11D0-8D11-00A0C91BC942}") = "Bai013", "Bai013\Bai013.vcxproj", "{65F11499-4D9A-4754-A385-E5221BDCD364}"
EndProject
Project("{8BC9CEB8-8B4A-11D0-8D11-00A0C91BC942}") = "Bai018", "Bai018\Bai018.vcxproj", "{9CC7FCF9-4F41-4DE4-8E29-AB6DE99EC4C7}"
EndProject
Project("{8BC9CEB8-8B4A-11D0-8D11-00A0C91BC942}") = "Bai023", "Bai023\Bai023.vcxproj", "{4AD848EE-D29F-44A6-90BA-889DED5F2957}"
EndProject
Project("{8BC9CEB8-8B4A-11D0-8D11-00A0C91BC942}") = "Bai028", "Bai028\Bai028.vcxproj", "{980C1028-5FA4-4DE6-8F6C-6E89947802ED}"
EndProject
Project("{8BC9CEB8-8B4A-11D0-8D11-00A0C91BC942}") = "Bai033", "Bai033\Bai033.vcxproj", "{CA2B3E04-B356-453B-972F-953D46BC39EC}"
EndProject
Project("{8BC9CEB8-8B4A-11D0-8D11-00A0C91BC942}") = "Bai038", "Bai038\Bai038.vcxproj", "{AAE4DF39-458B-463B-ADFE-91380C884AEF}"
EndProject
Project("{8BC9CEB8-8B4A-11D0-8D11-00A0C91BC942}") = "Bai043", "Bai043\Bai043.vcxproj", "{6CEADF16-EE08-49A8-BA72-063DDE1AD472}"
EndProject
Project("{8BC9CEB8-8B4A-11D0-8D11-00A0C91BC942}") = "Bai153", "Bai153\Bai153.vcxproj", "{7B8C87E9-96D5-4B6B-AEA8-7A32567E7746}"
EndProject
Project("{8BC9CEB8-8B4A-11D0-8D11-00A0C91BC942}") = "Bai048", "Bai048\Bai048.vcxproj", "{B01A16F5-A594-40B2-9E96-A05A521BD559}"
EndProject
Project("{8BC9CEB8-8B4A-11D0-8D11-00A0C91BC942}") = "Bai053", "Bai053\Bai053.vcxproj", "{67C5A1A0-DF0E-4EA8-86B5-B0060163DC00}"
EndProject
Project("{8BC9CEB8-8B4A-11D0-8D11-00A0C91BC942}") = "Bai058", "Bai058\Bai058.vcxproj", "{737DB298-144D-499F-9B28-A9379E6DE5E8}"
EndProject
Project("{8BC9CEB8-8B4A-11D0-8D11-00A0C91BC942}") = "Bai063", "Bai063\Bai063.vcxproj", "{08025F9A-082B-4AD1-A58D-B6D77AD7BB55}"
EndProject
Project("{8BC9CEB8-8B4A-11D0-8D11-00A0C91BC942}") = "Bai068", "Bai068\Bai068.vcxproj", "{B89E5B7E-73A3-40E1-9477-54574402918F}"
EndProject
Project("{8BC9CEB8-8B4A-11D0-8D11-00A0C91BC942}") = "Bai073", "Bai073\Bai073.vcxproj", "{D76B0025-D941-4180-A7C9-224C03A27C0C}"
EndProject
Project("{8BC9CEB8-8B4A-11D0-8D11-00A0C91BC942}") = "Bai078", "Bai078\Bai078.vcxproj", "{F348590F-831C-4670-BA0A-CE3BBB59D304}"
EndProject
Project("{8BC9CEB8-8B4A-11D0-8D11-00A0C91BC942}") = "Bai083", "Bai083\Bai083.vcxproj", "{36827FC8-59E2-4EC8-8AD2-888504729D19}"
EndProject
Project("{8BC9CEB8-8B4A-11D0-8D11-00A0C91BC942}") = "Bai088", "Bai088\Bai088.vcxproj", "{18CA75ED-689E-46E6-B3BC-80B4B11A48CB}"
EndProject
Project("{8BC9CEB8-8B4A-11D0-8D11-00A0C91BC942}") = "Bai093", "Bai093\Bai093.vcxproj", "{7A41088F-2A51-4473-B306-00D47B2E5E12}"
EndProject
Project("{8BC9CEB8-8B4A-11D0-8D11-00A0C91BC942}") = "Bai098", "Bai098\Bai098.vcxproj", "{06006A2C-68A1-4092-861B-F7B1C71B69BD}"
EndProject
Project("{8BC9CEB8-8B4A-11D0-8D11-00A0C91BC942}") = "Bai103", "Bai103\Bai103.vcxproj", "{4081E78C-A9FD-4EC0-B4C7-BB16CDBFCE8A}"
EndProject
Project("{8BC9CEB8-8B4A-11D0-8D11-00A0C91BC942}") = "Bai108", "Bai108\Bai108.vcxproj", "{C365D47D-9C0C-4FC8-BC2D-EC97D3103852}"
EndProject
Project("{8BC9CEB8-8B4A-11D0-8D11-00A0C91BC942}") = "Bai113", "Bai113\Bai113.vcxproj", "{841B0F85-A2CA-4682-8378-7F7980008C4C}"
EndProject
Project("{8BC9CEB8-8B4A-11D0-8D11-00A0C91BC942}") = "Bai118", "Bai118\Bai118.vcxproj", "{02A03AF9-4B89-49E8-AE09-83D2BA86059F}"
EndProject
Project("{8BC9CEB8-8B4A-11D0-8D11-00A0C91BC942}") = "Bai123", "Bai123\Bai123.vcxproj", "{05B462F2-9C5E-4B79-BC30-EDAF3A425D5F}"
EndProject
Project("{8BC9CEB8-8B4A-11D0-8D11-00A0C91BC942}") = "Bai128", "Bai128\Bai128.vcxproj", "{5727AA25-06D1-4B3F-A4AD-96F4640B45C2}"
EndProject
Project("{8BC9CEB8-8B4A-11D0-8D11-00A0C91BC942}") = "Bai133", "Bai133\Bai133.vcxproj", "{B9A285B6-2588-4A18-8595-97E3671E2BE7}"
EndProject
Project("{8BC9CEB8-8B4A-11D0-8D11-00A0C91BC942}") = "Bai138", "Bai138\Bai138.vcxproj", "{E94BF7E0-0998-4B20-B661-B50295B83B3F}"
EndProject
Project("{8BC9CEB8-8B4A-11D0-8D11-00A0C91BC942}") = "Bai143", "Bai143\Bai143.vcxproj", "{834B2569-CBAA-4E44-9B74-F08D6BF2D37C}"
EndProject
Project("{8BC9CEB8-8B4A-11D0-8D11-00A0C91BC942}") = "Bai158", "Bai158\Bai158.vcxproj", "{17B5BB49-6FD0-425E-A4B2-B2F8AC34481F}"
EndProject
Project("{8BC9CEB8-8B4A-11D0-8D11-00A0C91BC942}") = "Bai148", "Bai148\Bai148.vcxproj", "{C20A6065-1425-47B7-8ED9-8329A0EFF8BE}"
EndProject
Project("{8BC9CEB8-8B4A-11D0-8D11-00A0C91BC942}") = "Bai163", "Bai163\Bai163.vcxproj", "{B8326065-0980-4D52-8375-9053AAC637ED}"
EndProject
Project("{8BC9CEB8-8B4A-11D0-8D11-00A0C91BC942}") = "Bai168", "Bai168\Bai168.vcxproj", "{47C7579B-9C21-4C2C-807F-C547EB547BAB}"
EndProject
Project("{8BC9CEB8-8B4A-11D0-8D11-00A0C91BC942}") = "Bai173", "Bai173\Bai173.vcxproj", "{234111BD-F6A5-4E5F-8172-1B2C4AB8A895}"
EndProject
Project("{8BC9CEB8-8B4A-11D0-8D11-00A0C91BC942}") = "Bai178", "Bai178\Bai178.vcxproj", "{7302993B-2D71-47B6-A55F-819332723D0C}"
EndProject
Project("{8BC9CEB8-8B4A-11D0-8D11-00A0C91BC942}") = "Bai183", "Bai183\Bai183.vcxproj", "{671E40F1-626D-41CC-8ACB-7D7AF903442D}"
EndProject
Project("{8BC9CEB8-8B4A-11D0-8D11-00A0C91BC942}") = "Bai188", "Bai188\Bai188.vcxproj", "{9BC90C8A-CFF0-427A-A070-A21B45F537A1}"
EndProject
Project("{8BC9CEB8-8B4A-11D0-8D11-00A0C91BC942}") = "Bai193", "Bai193\Bai193.vcxproj", "{46B439FB-AAA8-4408-B9C3-76A542A6D33A}"
EndProject
Project("{8BC9CEB8-8B4A-11D0-8D11-00A0C91BC942}") = "Bai198", "Bai198\Bai198.vcxproj", "{369F7270-E4BF-4A4F-BF00-82A0011E3E10}"
EndProject
Project("{8BC9CEB8-8B4A-11D0-8D11-00A0C91BC942}") = "Bai203", "Bai203\Bai203.vcxproj", "{0A9D3077-25BD-47A6-9D13-74E73B6DACB7}"
EndProject
Project("{8BC9CEB8-8B4A-11D0-8D11-00A0C91BC942}") = "Bai208", "Bai208\Bai208.vcxproj", "{2DD35AC3-D5E3-4284-8FC6-D6A24782E9E6}"
EndProject
Project("{8BC9CEB8-8B4A-11D0-8D11-00A0C91BC942}") = "Bai213", "Bai213\Bai213.vcxproj", "{3659985F-B6AF-41D6-B841-C7CCCC2EAB26}"
EndProject
Project("{8BC9CEB8-8B4A-11D0-8D11-00A0C91BC942}") = "Bai218", "Bai218\Bai218.vcxproj", "{FE274AC0-A3C2-4C76-A643-4844E00532C6}"
EndProject
Project("{8BC9CEB8-8B4A-11D0-8D11-00A0C91BC942}") = "Bai223", "Bai223\Bai223.vcxproj", "{85A8A61F-DAF6-4E8C-AA3E-B316357B3388}"
EndProject
Project("{8BC9CEB8-8B4A-11D0-8D11-00A0C91BC942}") = "Bai228", "Bai228\Bai228.vcxproj", "{0B8B473E-4F98-4534-BBC6-5256F744CBE7}"
EndProject
Project("{8BC9CEB8-8B4A-11D0-8D11-00A0C91BC942}") = "Bai233", "Bai233\Bai233.vcxproj", "{76B6200A-1010-48A2-A500-AF240579EAC7}"
EndProject
Project("{8BC9CEB8-8B4A-11D0-8D11-00A0C91BC942}") = "Bai238", "Bai238\Bai238.vcxproj", "{EC45EC56-15FD-423E-896F-FC36636BBD6A}"
EndProject
Project("{8BC9CEB8-8B4A-11D0-8D11-00A0C91BC942}") = "Bai243", "Bai243\Bai243.vcxproj", "{7269B244-8ACF-479D-AE05-A07BF16CA3BD}"
EndProject
Project("{8BC9CEB8-8B4A-11D0-8D11-00A0C91BC942}") = "Bai248", "Bai248\Bai248.vcxproj", "{D808F0B1-BCA2-4DF2-9756-54FFA2C47525}"
EndProject
Project("{8BC9CEB8-8B4A-11D0-8D11-00A0C91BC942}") = "Bai253", "Bai253\Bai253.vcxproj", "{982E7851-E9C8-4C00-9456-9196F350A413}"
EndProject
Project("{8BC9CEB8-8B4A-11D0-8D11-00A0C91BC942}") = "Bai258", "Bai258\Bai258.vcxproj", "{72004059-85CD-43FA-ADAE-6B2F4269E8A6}"
EndProject
Project("{8BC9CEB8-8B4A-11D0-8D11-00A0C91BC942}") = "Bai263", "Bai263\Bai263.vcxproj", "{0B8D35AD-EEED-4507-8F64-9878D4B6CE9D}"
EndProject
Project("{8BC9CEB8-8B4A-11D0-8D11-00A0C91BC942}") = "Bai268", "Bai268\Bai268.vcxproj", "{DF2A1C6A-66CE-4062-B20C-AE5357A9EE60}"
EndProject
Project("{8BC9CEB8-8B4A-11D0-8D11-00A0C91BC942}") = "Bai273", "Bai273\Bai273.vcxproj", "{7861B07C-A45F-44D1-8398-84DF606253A2}"
EndProject
Project("{8BC9CEB8-8B4A-11D0-8D11-00A0C91BC942}") = "Bai278", "Bai278\Bai278.vcxproj", "{6882E483-BAB1-4FA0-9F7C-495634F7F9D1}"
EndProject
Project("{8BC9CEB8-8B4A-11D0-8D11-00A0C91BC942}") = "Bai283", "Bai283\Bai283.vcxproj", "{45EADB94-1208-457C-AE5D-A751F1B0533A}"
EndProject
Project("{8BC9CEB8-8B4A-11D0-8D11-00A0C91BC942}") = "Bai288", "Bai288\Bai288.vcxproj", "{24CE08CA-F868-4566-90A5-F2D0413A2468}"
EndProject
Global
	GlobalSection(SolutionConfigurationPlatforms) = preSolution
		Debug|x64 = Debug|x64
		Debug|x86 = Debug|x86
		Release|x64 = Release|x64
		Release|x86 = Release|x86
	EndGlobalSection
	GlobalSection(ProjectConfigurationPlatforms) = postSolution
		{94489D2B-CE93-41FF-8C4F-EE2B86126FA6}.Debug|x64.ActiveCfg = Debug|x64
		{94489D2B-CE93-41FF-8C4F-EE2B86126FA6}.Debug|x64.Build.0 = Debug|x64
		{94489D2B-CE93-41FF-8C4F-EE2B86126FA6}.Debug|x86.ActiveCfg = Debug|Win32
		{94489D2B-CE93-41FF-8C4F-EE2B86126FA6}.Debug|x86.Build.0 = Debug|Win32
		{94489D2B-CE93-41FF-8C4F-EE2B86126FA6}.Release|x64.ActiveCfg = Release|x64
		{94489D2B-CE93-41FF-8C4F-EE2B86126FA6}.Release|x64.Build.0 = Release|x64
		{94489D2B-CE93-41FF-8C4F-EE2B86126FA6}.Release|x86.ActiveCfg = Release|Win32
		{94489D2B-CE93-41FF-8C4F-EE2B86126FA6}.Release|x86.Build.0 = Release|Win32
		{739C2058-6017-4CF9-92FB-D4E462752C4C}.Debug|x64.ActiveCfg = Debug|x64
		{739C2058-6017-4CF9-92FB-D4E462752C4C}.Debug|x64.Build.0 = Debug|x64
		{739C2058-6017-4CF9-92FB-D4E462752C4C}.Debug|x86.ActiveCfg = Debug|Win32
		{739C2058-6017-4CF9-92FB-D4E462752C4C}.Debug|x86.Build.0 = Debug|Win32
		{739C2058-6017-4CF9-92FB-D4E462752C4C}.Release|x64.ActiveCfg = Release|x64
		{739C2058-6017-4CF9-92FB-D4E462752C4C}.Release|x64.Build.0 = Release|x64
		{739C2058-6017-4CF9-92FB-D4E462752C4C}.Release|x86.ActiveCfg = Release|Win32
		{739C2058-6017-4CF9-92FB-D4E462752C4C}.Release|x86.Build.0 = Release|Win32
		{65F11499-4D9A-4754-A385-E5221BDCD364}.Debug|x64.ActiveCfg = Debug|x64
		{65F11499-4D9A-4754-A385-E5221BDCD364}.Debug|x64.Build.0 = Debug|x64
		{65F11499-4D9A-4754-A385-E5221BDCD364}.Debug|x86.ActiveCfg = Debug|Win32
		{65F11499-4D9A-4754-A385-E5221BDCD364}.Debug|x86.Build.0 = Debug|Win32
		{65F11499-4D9A-4754-A385-E5221BDCD364}.Release|x64.ActiveCfg = Release|x64
		{65F11499-4D9A-4754-A385-E5221BDCD364}.Release|x64.Build.0 = Release|x64
		{65F11499-4D9A-4754-A385-E5221BDCD364}.Release|x86.ActiveCfg = Release|Win32
		{65F11499-4D9A-4754-A385-E5221BDCD364}.Release|x86.Build.0 = Release|Win32
		{9CC7FCF9-4F41-4DE4-8E29-AB6DE99EC4C7}.Debug|x64.ActiveCfg = Debug|x64
		{9CC7FCF9-4F41-4DE4-8E29-AB6DE99EC4C7}.Debug|x64.Build.0 = Debug|x64
		{9CC7FCF9-4F41-4DE4-8E29-AB6DE99EC4C7}.Debug|x86.ActiveCfg = Debug|Win32
		{9CC7FCF9-4F41-4DE4-8E29-AB6DE99EC4C7}.Debug|x86.Build.0 = Debug|Win32
		{9CC7FCF9-4F41-4DE4-8E29-AB6DE99EC4C7}.Release|x64.ActiveCfg = Release|x64
		{9CC7FCF9-4F41-4DE4-8E29-AB6DE99EC4C7}.Release|x64.Build.0 = Release|x64
		{9CC7FCF9-4F41-4DE4-8E29-AB6DE99EC4C7}.Release|x86.ActiveCfg = Release|Win32
		{9CC7FCF9-4F41-4DE4-8E29-AB6DE99EC4C7}.Release|x86.Build.0 = Release|Win32
		{4AD848EE-D29F-44A6-90BA-889DED5F2957}.Debug|x64.ActiveCfg = Debug|x64
		{4AD848EE-D29F-44A6-90BA-889DED5F2957}.Debug|x64.Build.0 = Debug|x64
		{4AD848EE-D29F-44A6-90BA-889DED5F2957}.Debug|x86.ActiveCfg = Debug|Win32
		{4AD848EE-D29F-44A6-90BA-889DED5F2957}.Debug|x86.Build.0 = Debug|Win32
		{4AD848EE-D29F-44A6-90BA-889DED5F2957}.Release|x64.ActiveCfg = Release|x64
		{4AD848EE-D29F-44A6-90BA-889DED5F2957}.Release|x64.Build.0 = Release|x64
		{4AD848EE-D29F-44A6-90BA-889DED5F2957}.Release|x86.ActiveCfg = Release|Win32
		{4AD848EE-D29F-44A6-90BA-889DED5F2957}.Release|x86.Build.0 = Release|Win32
		{980C1028-5FA4-4DE6-8F6C-6E89947802ED}.Debug|x64.ActiveCfg = Debug|x64
		{980C1028-5FA4-4DE6-8F6C-6E89947802ED}.Debug|x64.Build.0 = Debug|x64
		{980C1028-5FA4-4DE6-8F6C-6E89947802ED}.Debug|x86.ActiveCfg = Debug|Win32
		{980C1028-5FA4-4DE6-8F6C-6E89947802ED}.Debug|x86.Build.0 = Debug|Win32
		{980C1028-5FA4-4DE6-8F6C-6E89947802ED}.Release|x64.ActiveCfg = Release|x64
		{980C1028-5FA4-4DE6-8F6C-6E89947802ED}.Release|x64.Build.0 = Release|x64
		{980C1028-5FA4-4DE6-8F6C-6E89947802ED}.Release|x86.ActiveCfg = Release|Win32
		{980C1028-5FA4-4DE6-8F6C-6E89947802ED}.Release|x86.Build.0 = Release|Win32
		{CA2B3E04-B356-453B-972F-953D46BC39EC}.Debug|x64.ActiveCfg = Debug|x64
		{CA2B3E04-B356-453B-972F-953D46BC39EC}.Debug|x64.Build.0 = Debug|x64
		{CA2B3E04-B356-453B-972F-953D46BC39EC}.Debug|x86.ActiveCfg = Debug|Win32
		{CA2B3E04-B356-453B-972F-953D46BC39EC}.Debug|x86.Build.0 = Debug|Win32
		{CA2B3E04-B356-453B-972F-953D46BC39EC}.Release|x64.ActiveCfg = Release|x64
		{CA2B3E04-B356-453B-972F-953D46BC39EC}.Release|x64.Build.0 = Release|x64
		{CA2B3E04-B356-453B-972F-953D46BC39EC}.Release|x86.ActiveCfg = Release|Win32
		{CA2B3E04-B356-453B-972F-953D46BC39EC}.Release|x86.Build.0 = Release|Win32
		{AAE4DF39-458B-463B-ADFE-91380C884AEF}.Debug|x64.ActiveCfg = Debug|x64
		{AAE4DF39-458B-463B-ADFE-91380C884AEF}.Debug|x64.Build.0 = Debug|x64
		{AAE4DF39-458B-463B-ADFE-91380C884AEF}.Debug|x86.ActiveCfg = Debug|Win32
		{AAE4DF39-458B-463B-ADFE-91380C884AEF}.Debug|x86.Build.0 = Debug|Win32
		{AAE4DF39-458B-463B-ADFE-91380C884AEF}.Release|x64.ActiveCfg = Release|x64
		{AAE4DF39-458B-463B-ADFE-91380C884AEF}.Release|x64.Build.0 = Release|x64
		{AAE4DF39-458B-463B-ADFE-91380C884AEF}.Release|x86.ActiveCfg = Release|Win32
		{AAE4DF39-458B-463B-ADFE-91380C884AEF}.Release|x86.Build.0 = Release|Win32
		{6CEADF16-EE08-49A8-BA72-063DDE1AD472}.Debug|x64.ActiveCfg = Debug|x64
		{6CEADF16-EE08-49A8-BA72-063DDE1AD472}.Debug|x64.Build.0 = Debug|x64
		{6CEADF16-EE08-49A8-BA72-063DDE1AD472}.Debug|x86.ActiveCfg = Debug|Win32
		{6CEADF16-EE08-49A8-BA72-063DDE1AD472}.Debug|x86.Build.0 = Debug|Win32
		{6CEADF16-EE08-49A8-BA72-063DDE1AD472}.Release|x64.ActiveCfg = Release|x64
		{6CEADF16-EE08-49A8-BA72-063DDE1AD472}.Release|x64.Build.0 = Release|x64
		{6CEADF16-EE08-49A8-BA72-063DDE1AD472}.Release|x86.ActiveCfg = Release|Win32
		{6CEADF16-EE08-49A8-BA72-063DDE1AD472}.Release|x86.Build.0 = Release|Win32
		{7B8C87E9-96D5-4B6B-AEA8-7A32567E7746}.Debug|x64.ActiveCfg = Debug|x64
		{7B8C87E9-96D5-4B6B-AEA8-7A32567E7746}.Debug|x64.Build.0 = Debug|x64
		{7B8C87E9-96D5-4B6B-AEA8-7A32567E7746}.Debug|x86.ActiveCfg = Debug|Win32
		{7B8C87E9-96D5-4B6B-AEA8-7A32567E7746}.Debug|x86.Build.0 = Debug|Win32
		{7B8C87E9-96D5-4B6B-AEA8-7A32567E7746}.Release|x64.ActiveCfg = Release|x64
		{7B8C87E9-96D5-4B6B-AEA8-7A32567E7746}.Release|x64.Build.0 = Release|x64
		{7B8C87E9-96D5-4B6B-AEA8-7A32567E7746}.Release|x86.ActiveCfg = Release|Win32
		{7B8C87E9-96D5-4B6B-AEA8-7A32567E7746}.Release|x86.Build.0 = Release|Win32
		{B01A16F5-A594-40B2-9E96-A05A521BD559}.Debug|x64.ActiveCfg = Debug|x64
		{B01A16F5-A594-40B2-9E96-A05A521BD559}.Debug|x64.Build.0 = Debug|x64
		{B01A16F5-A594-40B2-9E96-A05A521BD559}.Debug|x86.ActiveCfg = Debug|Win32
		{B01A16F5-A594-40B2-9E96-A05A521BD559}.Debug|x86.Build.0 = Debug|Win32
		{B01A16F5-A594-40B2-9E96-A05A521BD559}.Release|x64.ActiveCfg = Release|x64
		{B01A16F5-A594-40B2-9E96-A05A521BD559}.Release|x64.Build.0 = Release|x64
		{B01A16F5-A594-40B2-9E96-A05A521BD559}.Release|x86.ActiveCfg = Release|Win32
		{B01A16F5-A594-40B2-9E96-A05A521BD559}.Release|x86.Build.0 = Release|Win32
		{67C5A1A0-DF0E-4EA8-86B5-B0060163DC00}.Debug|x64.ActiveCfg = Debug|x64
		{67C5A1A0-DF0E-4EA8-86B5-B0060163DC00}.Debug|x64.Build.0 = Debug|x64
		{67C5A1A0-DF0E-4EA8-86B5-B0060163DC00}.Debug|x86.ActiveCfg = Debug|Win32
		{67C5A1A0-DF0E-4EA8-86B5-B0060163DC00}.Debug|x86.Build.0 = Debug|Win32
		{67C5A1A0-DF0E-4EA8-86B5-B0060163DC00}.Release|x64.ActiveCfg = Release|x64
		{67C5A1A0-DF0E-4EA8-86B5-B0060163DC00}.Release|x64.Build.0 = Release|x64
		{67C5A1A0-DF0E-4EA8-86B5-B0060163DC00}.Release|x86.ActiveCfg = Release|Win32
		{67C5A1A0-DF0E-4EA8-86B5-B0060163DC00}.Release|x86.Build.0 = Release|Win32
		{737DB298-144D-499F-9B28-A9379E6DE5E8}.Debug|x64.ActiveCfg = Debug|x64
		{737DB298-144D-499F-9B28-A9379E6DE5E8}.Debug|x64.Build.0 = Debug|x64
		{737DB298-144D-499F-9B28-A9379E6DE5E8}.Debug|x86.ActiveCfg = Debug|Win32
		{737DB298-144D-499F-9B28-A9379E6DE5E8}.Debug|x86.Build.0 = Debug|Win32
		{737DB298-144D-499F-9B28-A9379E6DE5E8}.Release|x64.ActiveCfg = Release|x64
		{737DB298-144D-499F-9B28-A9379E6DE5E8}.Release|x64.Build.0 = Release|x64
		{737DB298-144D-499F-9B28-A9379E6DE5E8}.Release|x86.ActiveCfg = Release|Win32
		{737DB298-144D-499F-9B28-A9379E6DE5E8}.Release|x86.Build.0 = Release|Win32
		{08025F9A-082B-4AD1-A58D-B6D77AD7BB55}.Debug|x64.ActiveCfg = Debug|x64
		{08025F9A-082B-4AD1-A58D-B6D77AD7BB55}.Debug|x64.Build.0 = Debug|x64
		{08025F9A-082B-4AD1-A58D-B6D77AD7BB55}.Debug|x86.ActiveCfg = Debug|Win32
		{08025F9A-082B-4AD1-A58D-B6D77AD7BB55}.Debug|x86.Build.0 = Debug|Win32
		{08025F9A-082B-4AD1-A58D-B6D77AD7BB55}.Release|x64.ActiveCfg = Release|x64
		{08025F9A-082B-4AD1-A58D-B6D77AD7BB55}.Release|x64.Build.0 = Release|x64
		{08025F9A-082B-4AD1-A58D-B6D77AD7BB55}.Release|x86.ActiveCfg = Release|Win32
		{08025F9A-082B-4AD1-A58D-B6D77AD7BB55}.Release|x86.Build.0 = Release|Win32
		{B89E5B7E-73A3-40E1-9477-54574402918F}.Debug|x64.ActiveCfg = Debug|x64
		{B89E5B7E-73A3-40E1-9477-54574402918F}.Debug|x64.Build.0 = Debug|x64
		{B89E5B7E-73A3-40E1-9477-54574402918F}.Debug|x86.ActiveCfg = Debug|Win32
		{B89E5B7E-73A3-40E1-9477-54574402918F}.Debug|x86.Build.0 = Debug|Win32
		{B89E5B7E-73A3-40E1-9477-54574402918F}.Release|x64.ActiveCfg = Release|x64
		{B89E5B7E-73A3-40E1-9477-54574402918F}.Release|x64.Build.0 = Release|x64
		{B89E5B7E-73A3-40E1-9477-54574402918F}.Release|x86.ActiveCfg = Release|Win32
		{B89E5B7E-73A3-40E1-9477-54574402918F}.Release|x86.Build.0 = Release|Win32
		{D76B0025-D941-4180-A7C9-224C03A27C0C}.Debug|x64.ActiveCfg = Debug|x64
		{D76B0025-D941-4180-A7C9-224C03A27C0C}.Debug|x64.Build.0 = Debug|x64
		{D76B0025-D941-4180-A7C9-224C03A27C0C}.Debug|x86.ActiveCfg = Debug|Win32
		{D76B0025-D941-4180-A7C9-224C03A27C0C}.Debug|x86.Build.0 = Debug|Win32
		{D76B0025-D941-4180-A7C9-224C03A27C0C}.Release|x64.ActiveCfg = Release|x64
		{D76B0025-D941-4180-A7C9-224C03A27C0C}.Release|x64.Build.0 = Release|x64
		{D76B0025-D941-4180-A7C9-224C03A27C0C}.Release|x86.ActiveCfg = Release|Win32
		{D76B0025-D941-4180-A7C9-224C03A27C0C}.Release|x86.Build.0 = Release|Win32
		{F348590F-831C-4670-BA0A-CE3BBB59D304}.Debug|x64.ActiveCfg = Debug|x64
		{F348590F-831C-4670-BA0A-CE3BBB59D304}.Debug|x64.Build.0 = Debug|x64
		{F348590F-831C-4670-BA0A-CE3BBB59D304}.Debug|x86.ActiveCfg = Debug|Win32
		{F348590F-831C-4670-BA0A-CE3BBB59D304}.Debug|x86.Build.0 = Debug|Win32
		{F348590F-831C-4670-BA0A-CE3BBB59D304}.Release|x64.ActiveCfg = Release|x64
		{F348590F-831C-4670-BA0A-CE3BBB59D304}.Release|x64.Build.0 = Release|x64
		{F348590F-831C-4670-BA0A-CE3BBB59D304}.Release|x86.ActiveCfg = Release|Win32
		{F348590F-831C-4670-BA0A-CE3BBB59D304}.Release|x86.Build.0 = Release|Win32
		{36827FC8-59E2-4EC8-8AD2-888504729D19}.Debug|x64.ActiveCfg = Debug|x64
		{36827FC8-59E2-4EC8-8AD2-888504729D19}.Debug|x64.Build.0 = Debug|x64
		{36827FC8-59E2-4EC8-8AD2-888504729D19}.Debug|x86.ActiveCfg = Debug|Win32
		{36827FC8-59E2-4EC8-8AD2-888504729D19}.Debug|x86.Build.0 = Debug|Win32
		{36827FC8-59E2-4EC8-8AD2-888504729D19}.Release|x64.ActiveCfg = Release|x64
		{36827FC8-59E2-4EC8-8AD2-888504729D19}.Release|x64.Build.0 = Release|x64
		{36827FC8-59E2-4EC8-8AD2-888504729D19}.Release|x86.ActiveCfg = Release|Win32
		{36827FC8-59E2-4EC8-8AD2-888504729D19}.Release|x86.Build.0 = Release|Win32
		{18CA75ED-689E-46E6-B3BC-80B4B11A48CB}.Debug|x64.ActiveCfg = Debug|x64
		{18CA75ED-689E-46E6-B3BC-80B4B11A48CB}.Debug|x64.Build.0 = Debug|x64
		{18CA75ED-689E-46E6-B3BC-80B4B11A48CB}.Debug|x86.ActiveCfg = Debug|Win32
		{18CA75ED-689E-46E6-B3BC-80B4B11A48CB}.Debug|x86.Build.0 = Debug|Win32
		{18CA75ED-689E-46E6-B3BC-80B4B11A48CB}.Release|x64.ActiveCfg = Release|x64
		{18CA75ED-689E-46E6-B3BC-80B4B11A48CB}.Release|x64.Build.0 = Release|x64
		{18CA75ED-689E-46E6-B3BC-80B4B11A48CB}.Release|x86.ActiveCfg = Release|Win32
		{18CA75ED-689E-46E6-B3BC-80B4B11A48CB}.Release|x86.Build.0 = Release|Win32
		{7A41088F-2A51-4473-B306-00D47B2E5E12}.Debug|x64.ActiveCfg = Debug|x64
		{7A41088F-2A51-4473-B306-00D47B2E5E12}.Debug|x64.Build.0 = Debug|x64
		{7A41088F-2A51-4473-B306-00D47B2E5E12}.Debug|x86.ActiveCfg = Debug|Win32
		{7A41088F-2A51-4473-B306-00D47B2E5E12}.Debug|x86.Build.0 = Debug|Win32
		{7A41088F-2A51-4473-B306-00D47B2E5E12}.Release|x64.ActiveCfg = Release|x64
		{7A41088F-2A51-4473-B306-00D47B2E5E12}.Release|x64.Build.0 = Release|x64
		{7A41088F-2A51-4473-B306-00D47B2E5E12}.Release|x86.ActiveCfg = Release|Win32
		{7A41088F-2A51-4473-B306-00D47B2E5E12}.Release|x86.Build.0 = Release|Win32
		{06006A2C-68A1-4092-861B-F7B1C71B69BD}.Debug|x64.ActiveCfg = Debug|x64
		{06006A2C-68A1-4092-861B-F7B1C71B69BD}.Debug|x64.Build.0 = Debug|x64
		{06006A2C-68A1-4092-861B-F7B1C71B69BD}.Debug|x86.ActiveCfg = Debug|Win32
		{06006A2C-68A1-4092-861B-F7B1C71B69BD}.Debug|x86.Build.0 = Debug|Win32
		{06006A2C-68A1-4092-861B-F7B1C71B69BD}.Release|x64.ActiveCfg = Release|x64
		{06006A2C-68A1-4092-861B-F7B1C71B69BD}.Release|x64.Build.0 = Release|x64
		{06006A2C-68A1-4092-861B-F7B1C71B69BD}.Release|x86.ActiveCfg = Release|Win32
		{06006A2C-68A1-4092-861B-F7B1C71B69BD}.Release|x86.Build.0 = Release|Win32
		{4081E78C-A9FD-4EC0-B4C7-BB16CDBFCE8A}.Debug|x64.ActiveCfg = Debug|x64
		{4081E78C-A9FD-4EC0-B4C7-BB16CDBFCE8A}.Debug|x64.Build.0 = Debug|x64
		{4081E78C-A9FD-4EC0-B4C7-BB16CDBFCE8A}.Debug|x86.ActiveCfg = Debug|Win32
		{4081E78C-A9FD-4EC0-B4C7-BB16CDBFCE8A}.Debug|x86.Build.0 = Debug|Win32
		{4081E78C-A9FD-4EC0-B4C7-BB16CDBFCE8A}.Release|x64.ActiveCfg = Release|x64
		{4081E78C-A9FD-4EC0-B4C7-BB16CDBFCE8A}.Release|x64.Build.0 = Release|x64
		{4081E78C-A9FD-4EC0-B4C7-BB16CDBFCE8A}.Release|x86.ActiveCfg = Release|Win32
		{4081E78C-A9FD-4EC0-B4C7-BB16CDBFCE8A}.Release|x86.Build.0 = Release|Win32
		{C365D47D-9C0C-4FC8-BC2D-EC97D3103852}.Debug|x64.ActiveCfg = Debug|x64
		{C365D47D-9C0C-4FC8-BC2D-EC97D3103852}.Debug|x64.Build.0 = Debug|x64
		{C365D47D-9C0C-4FC8-BC2D-EC97D3103852}.Debug|x86.ActiveCfg = Debug|Win32
		{C365D47D-9C0C-4FC8-BC2D-EC97D3103852}.Debug|x86.Build.0 = Debug|Win32
		{C365D47D-9C0C-4FC8-BC2D-EC97D3103852}.Release|x64.ActiveCfg = Release|x64
		{C365D47D-9C0C-4FC8-BC2D-EC97D3103852}.Release|x64.Build.0 = Release|x64
		{C365D47D-9C0C-4FC8-BC2D-EC97D3103852}.Release|x86.ActiveCfg = Release|Win32
		{C365D47D-9C0C-4FC8-BC2D-EC97D3103852}.Release|x86.Build.0 = Release|Win32
		{841B0F85-A2CA-4682-8378-7F7980008C4C}.Debug|x64.ActiveCfg = Debug|x64
		{841B0F85-A2CA-4682-8378-7F7980008C4C}.Debug|x64.Build.0 = Debug|x64
		{841B0F85-A2CA-4682-8378-7F7980008C4C}.Debug|x86.ActiveCfg = Debug|Win32
		{841B0F85-A2CA-4682-8378-7F7980008C4C}.Debug|x86.Build.0 = Debug|Win32
		{841B0F85-A2CA-4682-8378-7F7980008C4C}.Release|x64.ActiveCfg = Release|x64
		{841B0F85-A2CA-4682-8378-7F7980008C4C}.Release|x64.Build.0 = Release|x64
		{841B0F85-A2CA-4682-8378-7F7980008C4C}.Release|x86.ActiveCfg = Release|Win32
		{841B0F85-A2CA-4682-8378-7F7980008C4C}.Release|x86.Build.0 = Release|Win32
		{02A03AF9-4B89-49E8-AE09-83D2BA86059F}.Debug|x64.ActiveCfg = Debug|x64
		{02A03AF9-4B89-49E8-AE09-83D2BA86059F}.Debug|x64.Build.0 = Debug|x64
		{02A03AF9-4B89-49E8-AE09-83D2BA86059F}.Debug|x86.ActiveCfg = Debug|Win32
		{02A03AF9-4B89-49E8-AE09-83D2BA86059F}.Debug|x86.Build.0 = Debug|Win32
		{02A03AF9-4B89-49E8-AE09-83D2BA86059F}.Release|x64.ActiveCfg = Release|x64
		{02A03AF9-4B89-49E8-AE09-83D2BA86059F}.Release|x64.Build.0 = Release|x64
		{02A03AF9-4B89-49E8-AE09-83D2BA86059F}.Release|x86.ActiveCfg = Release|Win32
		{02A03AF9-4B89-49E8-AE09-83D2BA86059F}.Release|x86.Build.0 = Release|Win32
		{05B462F2-9C5E-4B79-BC30-EDAF3A425D5F}.Debug|x64.ActiveCfg = Debug|x64
		{05B462F2-9C5E-4B79-BC30-EDAF3A425D5F}.Debug|x64.Build.0 = Debug|x64
		{05B462F2-9C5E-4B79-BC30-EDAF3A425D5F}.Debug|x86.ActiveCfg = Debug|Win32
		{05B462F2-9C5E-4B79-BC30-EDAF3A425D5F}.Debug|x86.Build.0 = Debug|Win32
		{05B462F2-9C5E-4B79-BC30-EDAF3A425D5F}.Release|x64.ActiveCfg = Release|x64
		{05B462F2-9C5E-4B79-BC30-EDAF3A425D5F}.Release|x64.Build.0 = Release|x64
		{05B462F2-9C5E-4B79-BC30-EDAF3A425D5F}.Release|x86.ActiveCfg = Release|Win32
		{05B462F2-9C5E-4B79-BC30-EDAF3A425D5F}.Release|x86.Build.0 = Release|Win32
		{5727AA25-06D1-4B3F-A4AD-96F4640B45C2}.Debug|x64.ActiveCfg = Debug|x64
		{5727AA25-06D1-4B3F-A4AD-96F4640B45C2}.Debug|x64.Build.0 = Debug|x64
		{5727AA25-06D1-4B3F-A4AD-96F4640B45C2}.Debug|x86.ActiveCfg = Debug|Win32
		{5727AA25-06D1-4B3F-A4AD-96F4640B45C2}.Debug|x86.Build.0 = Debug|Win32
		{5727AA25-06D1-4B3F-A4AD-96F4640B45C2}.Release|x64.ActiveCfg = Release|x64
		{5727AA25-06D1-4B3F-A4AD-96F4640B45C2}.Release|x64.Build.0 = Release|x64
		{5727AA25-06D1-4B3F-A4AD-96F4640B45C2}.Release|x86.ActiveCfg = Release|Win32
		{5727AA25-06D1-4B3F-A4AD-96F4640B45C2}.Release|x86.Build.0 = Release|Win32
		{B9A285B6-2588-4A18-8595-97E3671E2BE7}.Debug|x64.ActiveCfg = Debug|x64
		{B9A285B6-2588-4A18-8595-97E3671E2BE7}.Debug|x64.Build.0 = Debug|x64
		{B9A285B6-2588-4A18-8595-97E3671E2BE7}.Debug|x86.ActiveCfg = Debug|Win32
		{B9A285B6-2588-4A18-8595-97E3671E2BE7}.Debug|x86.Build.0 = Debug|Win32
		{B9A285B6-2588-4A18-8595-97E3671E2BE7}.Release|x64.ActiveCfg = Release|x64
		{B9A285B6-2588-4A18-8595-97E3671E2BE7}.Release|x64.Build.0 = Release|x64
		{B9A285B6-2588-4A18-8595-97E3671E2BE7}.Release|x86.ActiveCfg = Release|Win32
		{B9A285B6-2588-4A18-8595-97E3671E2BE7}.Release|x86.Build.0 = Release|Win32
		{E94BF7E0-0998-4B20-B661-B50295B83B3F}.Debug|x64.ActiveCfg = Debug|x64
		{E94BF7E0-0998-4B20-B661-B50295B83B3F}.Debug|x64.Build.0 = Debug|x64
		{E94BF7E0-0998-4B20-B661-B50295B83B3F}.Debug|x86.ActiveCfg = Debug|Win32
		{E94BF7E0-0998-4B20-B661-B50295B83B3F}.Debug|x86.Build.0 = Debug|Win32
		{E94BF7E0-0998-4B20-B661-B50295B83B3F}.Release|x64.ActiveCfg = Release|x64
		{E94BF7E0-0998-4B20-B661-B50295B83B3F}.Release|x64.Build.0 = Release|x64
		{E94BF7E0-0998-4B20-B661-B50295B83B3F}.Release|x86.ActiveCfg = Release|Win32
		{E94BF7E0-0998-4B20-B661-B50295B83B3F}.Release|x86.Build.0 = Release|Win32
		{834B2569-CBAA-4E44-9B74-F08D6BF2D37C}.Debug|x64.ActiveCfg = Debug|x64
		{834B2569-CBAA-4E44-9B74-F08D6BF2D37C}.Debug|x64.Build.0 = Debug|x64
		{834B2569-CBAA-4E44-9B74-F08D6BF2D37C}.Debug|x86.ActiveCfg = Debug|Win32
		{834B2569-CBAA-4E44-9B74-F08D6BF2D37C}.Debug|x86.Build.0 = Debug|Win32
		{834B2569-CBAA-4E44-9B74-F08D6BF2D37C}.Release|x64.ActiveCfg = Release|x64
		{834B2569-CBAA-4E44-9B74-F08D6BF2D37C}.Release|x64.Build.0 = Release|x64
		{834B2569-CBAA-4E44-9B74-F08D6BF2D37C}.Release|x86.ActiveCfg = Release|Win32
		{834B2569-CBAA-4E44-9B74-F08D6BF2D37C}.Release|x86.Build.0 = Release|Win32
		{17B5BB49-6FD0-425E-A4B2-B2F8AC34481F}.Debug|x64.ActiveCfg = Debug|x64
		{17B5BB49-6FD0-425E-A4B2-B2F8AC34481F}.Debug|x64.Build.0 = Debug|x64
		{17B5BB49-6FD0-425E-A4B2-B2F8AC34481F}.Debug|x86.ActiveCfg = Debug|Win32
		{17B5BB49-6FD0-425E-A4B2-B2F8AC34481F}.Debug|x86.Build.0 = Debug|Win32
		{17B5BB49-6FD0-425E-A4B2-B2F8AC34481F}.Release|x64.ActiveCfg = Release|x64
		{17B5BB49-6FD0-425E-A4B2-B2F8AC34481F}.Release|x64.Build.0 = Release|x64
		{17B5BB49-6FD0-425E-A4B2-B2F8AC34481F}.Release|x86.ActiveCfg = Release|Win32
		{17B5BB49-6FD0-425E-A4B2-B2F8AC34481F}.Release|x86.Build.0 = Release|Win32
		{C20A6065-1425-47B7-8ED9-8329A0EFF8BE}.Debug|x64.ActiveCfg = Debug|x64
		{C20A6065-1425-47B7-8ED9-8329A0EFF8BE}.Debug|x64.Build.0 = Debug|x64
		{C20A6065-1425-47B7-8ED9-8329A0EFF8BE}.Debug|x86.ActiveCfg = Debug|Win32
		{C20A6065-1425-47B7-8ED9-8329A0EFF8BE}.Debug|x86.Build.0 = Debug|Win32
		{C20A6065-1425-47B7-8ED9-8329A0EFF8BE}.Release|x64.ActiveCfg = Release|x64
		{C20A6065-1425-47B7-8ED9-8329A0EFF8BE}.Release|x64.Build.0 = Release|x64
		{C20A6065-1425-47B7-8ED9-8329A0EFF8BE}.Release|x86.ActiveCfg = Release|Win32
		{C20A6065-1425-47B7-8ED9-8329A0EFF8BE}.Release|x86.Build.0 = Release|Win32
		{B8326065-0980-4D52-8375-9053AAC637ED}.Debug|x64.ActiveCfg = Debug|x64
		{B8326065-0980-4D52-8375-9053AAC637ED}.Debug|x64.Build.0 = Debug|x64
		{B8326065-0980-4D52-8375-9053AAC637ED}.Debug|x86.ActiveCfg = Debug|Win32
		{B8326065-0980-4D52-8375-9053AAC637ED}.Debug|x86.Build.0 = Debug|Win32
		{B8326065-0980-4D52-8375-9053AAC637ED}.Release|x64.ActiveCfg = Release|x64
		{B8326065-0980-4D52-8375-9053AAC637ED}.Release|x64.Build.0 = Release|x64
		{B8326065-0980-4D52-8375-9053AAC637ED}.Release|x86.ActiveCfg = Release|Win32
		{B8326065-0980-4D52-8375-9053AAC637ED}.Release|x86.Build.0 = Release|Win32
		{47C7579B-9C21-4C2C-807F-C547EB547BAB}.Debug|x64.ActiveCfg = Debug|x64
		{47C7579B-9C21-4C2C-807F-C547EB547BAB}.Debug|x64.Build.0 = Debug|x64
		{47C7579B-9C21-4C2C-807F-C547EB547BAB}.Debug|x86.ActiveCfg = Debug|Win32
		{47C7579B-9C21-4C2C-807F-C547EB547BAB}.Debug|x86.Build.0 = Debug|Win32
		{47C7579B-9C21-4C2C-807F-C547EB547BAB}.Release|x64.ActiveCfg = Release|x64
		{47C7579B-9C21-4C2C-807F-C547EB547BAB}.Release|x64.Build.0 = Release|x64
		{47C7579B-9C21-4C2C-807F-C547EB547BAB}.Release|x86.ActiveCfg = Release|Win32
		{47C7579B-9C21-4C2C-807F-C547EB547BAB}.Release|x86.Build.0 = Release|Win32
		{234111BD-F6A5-4E5F-8172-1B2C4AB8A895}.Debug|x64.ActiveCfg = Debug|x64
		{234111BD-F6A5-4E5F-8172-1B2C4AB8A895}.Debug|x64.Build.0 = Debug|x64
		{234111BD-F6A5-4E5F-8172-1B2C4AB8A895}.Debug|x86.ActiveCfg = Debug|Win32
		{234111BD-F6A5-4E5F-8172-1B2C4AB8A895}.Debug|x86.Build.0 = Debug|Win32
		{234111BD-F6A5-4E5F-8172-1B2C4AB8A895}.Release|x64.ActiveCfg = Release|x64
		{234111BD-F6A5-4E5F-8172-1B2C4AB8A895}.Release|x64.Build.0 = Release|x64
		{234111BD-F6A5-4E5F-8172-1B2C4AB8A895}.Release|x86.ActiveCfg = Release|Win32
		{234111BD-F6A5-4E5F-8172-1B2C4AB8A895}.Release|x86.Build.0 = Release|Win32
		{7302993B-2D71-47B6-A55F-819332723D0C}.Debug|x64.ActiveCfg = Debug|x64
		{7302993B-2D71-47B6-A55F-819332723D0C}.Debug|x64.Build.0 = Debug|x64
		{7302993B-2D71-47B6-A55F-819332723D0C}.Debug|x86.ActiveCfg = Debug|Win32
		{7302993B-2D71-47B6-A55F-819332723D0C}.Debug|x86.Build.0 = Debug|Win32
		{7302993B-2D71-47B6-A55F-819332723D0C}.Release|x64.ActiveCfg = Release|x64
		{7302993B-2D71-47B6-A55F-819332723D0C}.Release|x64.Build.0 = Release|x64
		{7302993B-2D71-47B6-A55F-819332723D0C}.Release|x86.ActiveCfg = Release|Win32
		{7302993B-2D71-47B6-A55F-819332723D0C}.Release|x86.Build.0 = Release|Win32
		{671E40F1-626D-41CC-8ACB-7D7AF903442D}.Debug|x64.ActiveCfg = Debug|x64
		{671E40F1-626D-41CC-8ACB-7D7AF903442D}.Debug|x64.Build.0 = Debug|x64
		{671E40F1-626D-41CC-8ACB-7D7AF903442D}.Debug|x86.ActiveCfg = Debug|Win32
		{671E40F1-626D-41CC-8ACB-7D7AF903442D}.Debug|x86.Build.0 = Debug|Win32
		{671E40F1-626D-41CC-8ACB-7D7AF903442D}.Release|x64.ActiveCfg = Release|x64
		{671E40F1-626D-41CC-8ACB-7D7AF903442D}.Release|x64.Build.0 = Release|x64
		{671E40F1-626D-41CC-8ACB-7D7AF903442D}.Release|x86.ActiveCfg = Release|Win32
		{671E40F1-626D-41CC-8ACB-7D7AF903442D}.Release|x86.Build.0 = Release|Win32
		{9BC90C8A-CFF0-427A-A070-A21B45F537A1}.Debug|x64.ActiveCfg = Debug|x64
		{9BC90C8A-CFF0-427A-A070-A21B45F537A1}.Debug|x64.Build.0 = Debug|x64
		{9BC90C8A-CFF0-427A-A070-A21B45F537A1}.Debug|x86.ActiveCfg = Debug|Win32
		{9BC90C8A-CFF0-427A-A070-A21B45F537A1}.Debug|x86.Build.0 = Debug|Win32
		{9BC90C8A-CFF0-427A-A070-A21B45F537A1}.Release|x64.ActiveCfg = Release|x64
		{9BC90C8A-CFF0-427A-A070-A21B45F537A1}.Release|x64.Build.0 = Release|x64
		{9BC90C8A-CFF0-427A-A070-A21B45F537A1}.Release|x86.ActiveCfg = Release|Win32
		{9BC90C8A-CFF0-427A-A070-A21B45F537A1}.Release|x86.Build.0 = Release|Win32
		{46B439FB-AAA8-4408-B9C3-76A542A6D33A}.Debug|x64.ActiveCfg = Debug|x64
		{46B439FB-AAA8-4408-B9C3-76A542A6D33A}.Debug|x64.Build.0 = Debug|x64
		{46B439FB-AAA8-4408-B9C3-76A542A6D33A}.Debug|x86.ActiveCfg = Debug|Win32
		{46B439FB-AAA8-4408-B9C3-76A542A6D33A}.Debug|x86.Build.0 = Debug|Win32
		{46B439FB-AAA8-4408-B9C3-76A542A6D33A}.Release|x64.ActiveCfg = Release|x64
		{46B439FB-AAA8-4408-B9C3-76A542A6D33A}.Release|x64.Build.0 = Release|x64
		{46B439FB-AAA8-4408-B9C3-76A542A6D33A}.Release|x86.ActiveCfg = Release|Win32
		{46B439FB-AAA8-4408-B9C3-76A542A6D33A}.Release|x86.Build.0 = Release|Win32
		{369F7270-E4BF-4A4F-BF00-82A0011E3E10}.Debug|x64.ActiveCfg = Debug|x64
		{369F7270-E4BF-4A4F-BF00-82A0011E3E10}.Debug|x64.Build.0 = Debug|x64
		{369F7270-E4BF-4A4F-BF00-82A0011E3E10}.Debug|x86.ActiveCfg = Debug|Win32
		{369F7270-E4BF-4A4F-BF00-82A0011E3E10}.Debug|x86.Build.0 = Debug|Win32
		{369F7270-E4BF-4A4F-BF00-82A0011E3E10}.Release|x64.ActiveCfg = Release|x64
		{369F7270-E4BF-4A4F-BF00-82A0011E3E10}.Release|x64.Build.0 = Release|x64
		{369F7270-E4BF-4A4F-BF00-82A0011E3E10}.Release|x86.ActiveCfg = Release|Win32
		{369F7270-E4BF-4A4F-BF00-82A0011E3E10}.Release|x86.Build.0 = Release|Win32
		{0A9D3077-25BD-47A6-9D13-74E73B6DACB7}.Debug|x64.ActiveCfg = Debug|x64
		{0A9D3077-25BD-47A6-9D13-74E73B6DACB7}.Debug|x64.Build.0 = Debug|x64
		{0A9D3077-25BD-47A6-9D13-74E73B6DACB7}.Debug|x86.ActiveCfg = Debug|Win32
		{0A9D3077-25BD-47A6-9D13-74E73B6DACB7}.Debug|x86.Build.0 = Debug|Win32
		{0A9D3077-25BD-47A6-9D13-74E73B6DACB7}.Release|x64.ActiveCfg = Release|x64
		{0A9D3077-25BD-47A6-9D13-74E73B6DACB7}.Release|x64.Build.0 = Release|x64
		{0A9D3077-25BD-47A6-9D13-74E73B6DACB7}.Release|x86.ActiveCfg = Release|Win32
		{0A9D3077-25BD-47A6-9D13-74E73B6DACB7}.Release|x86.Build.0 = Release|Win32
		{2DD35AC3-D5E3-4284-8FC6-D6A24782E9E6}.Debug|x64.ActiveCfg = Debug|x64
		{2DD35AC3-D5E3-4284-8FC6-D6A24782E9E6}.Debug|x64.Build.0 = Debug|x64
		{2DD35AC3-D5E3-4284-8FC6-D6A24782E9E6}.Debug|x86.ActiveCfg = Debug|Win32
		{2DD35AC3-D5E3-4284-8FC6-D6A24782E9E6}.Debug|x86.Build.0 = Debug|Win32
		{2DD35AC3-D5E3-4284-8FC6-D6A24782E9E6}.Release|x64.ActiveCfg = Release|x64
		{2DD35AC3-D5E3-4284-8FC6-D6A24782E9E6}.Release|x64.Build.0 = Release|x64
		{2DD35AC3-D5E3-4284-8FC6-D6A24782E9E6}.Release|x86.ActiveCfg = Release|Win32
		{2DD35AC3-D5E3-4284-8FC6-D6A24782E9E6}.Release|x86.Build.0 = Release|Win32
		{3659985F-B6AF-41D6-B841-C7CCCC2EAB26}.Debug|x64.ActiveCfg = Debug|x64
		{3659985F-B6AF-41D6-B841-C7CCCC2EAB26}.Debug|x64.Build.0 = Debug|x64
		{3659985F-B6AF-41D6-B841-C7CCCC2EAB26}.Debug|x86.ActiveCfg = Debug|Win32
		{3659985F-B6AF-41D6-B841-C7CCCC2EAB26}.Debug|x86.Build.0 = Debug|Win32
		{3659985F-B6AF-41D6-B841-C7CCCC2EAB26}.Release|x64.ActiveCfg = Release|x64
		{3659985F-B6AF-41D6-B841-C7CCCC2EAB26}.Release|x64.Build.0 = Release|x64
		{3659985F-B6AF-41D6-B841-C7CCCC2EAB26}.Release|x86.ActiveCfg = Release|Win32
		{3659985F-B6AF-41D6-B841-C7CCCC2EAB26}.Release|x86.Build.0 = Release|Win32
		{FE274AC0-A3C2-4C76-A643-4844E00532C6}.Debug|x64.ActiveCfg = Debug|x64
		{FE274AC0-A3C2-4C76-A643-4844E00532C6}.Debug|x64.Build.0 = Debug|x64
		{FE274AC0-A3C2-4C76-A643-4844E00532C6}.Debug|x86.ActiveCfg = Debug|Win32
		{FE274AC0-A3C2-4C76-A643-4844E00532C6}.Debug|x86.Build.0 = Debug|Win32
		{FE274AC0-A3C2-4C76-A643-4844E00532C6}.Release|x64.ActiveCfg = Release|x64
		{FE274AC0-A3C2-4C76-A643-4844E00532C6}.Release|x64.Build.0 = Release|x64
		{FE274AC0-A3C2-4C76-A643-4844E00532C6}.Release|x86.ActiveCfg = Release|Win32
		{FE274AC0-A3C2-4C76-A643-4844E00532C6}.Release|x86.Build.0 = Release|Win32
		{85A8A61F-DAF6-4E8C-AA3E-B316357B3388}.Debug|x64.ActiveCfg = Debug|x64
		{85A8A61F-DAF6-4E8C-AA3E-B316357B3388}.Debug|x64.Build.0 = Debug|x64
		{85A8A61F-DAF6-4E8C-AA3E-B316357B3388}.Debug|x86.ActiveCfg = Debug|Win32
		{85A8A61F-DAF6-4E8C-AA3E-B316357B3388}.Debug|x86.Build.0 = Debug|Win32
		{85A8A61F-DAF6-4E8C-AA3E-B316357B3388}.Release|x64.ActiveCfg = Release|x64
		{85A8A61F-DAF6-4E8C-AA3E-B316357B3388}.Release|x64.Build.0 = Release|x64
		{85A8A61F-DAF6-4E8C-AA3E-B316357B3388}.Release|x86.ActiveCfg = Release|Win32
		{85A8A61F-DAF6-4E8C-AA3E-B316357B3388}.Release|x86.Build.0 = Release|Win32
		{0B8B473E-4F98-4534-BBC6-5256F744CBE7}.Debug|x64.ActiveCfg = Debug|x64
		{0B8B473E-4F98-4534-BBC6-5256F744CBE7}.Debug|x64.Build.0 = Debug|x64
		{0B8B473E-4F98-4534-BBC6-5256F744CBE7}.Debug|x86.ActiveCfg = Debug|Win32
		{0B8B473E-4F98-4534-BBC6-5256F744CBE7}.Debug|x86.Build.0 = Debug|Win32
		{0B8B473E-4F98-4534-BBC6-5256F744CBE7}.Release|x64.ActiveCfg = Release|x64
		{0B8B473E-4F98-4534-BBC6-5256F744CBE7}.Release|x64.Build.0 = Release|x64
		{0B8B473E-4F98-4534-BBC6-5256F744CBE7}.Release|x86.ActiveCfg = Release|Win32
		{0B8B473E-4F98-4534-BBC6-5256F744CBE7}.Release|x86.Build.0 = Release|Win32
		{76B6200A-1010-48A2-A500-AF240579EAC7}.Debug|x64.ActiveCfg = Debug|x64
		{76B6200A-1010-48A2-A500-AF240579EAC7}.Debug|x64.Build.0 = Debug|x64
		{76B6200A-1010-48A2-A500-AF240579EAC7}.Debug|x86.ActiveCfg = Debug|Win32
		{76B6200A-1010-48A2-A500-AF240579EAC7}.Debug|x86.Build.0 = Debug|Win32
		{76B6200A-1010-48A2-A500-AF240579EAC7}.Release|x64.ActiveCfg = Release|x64
		{76B6200A-1010-48A2-A500-AF240579EAC7}.Release|x64.Build.0 = Release|x64
		{76B6200A-1010-48A2-A500-AF240579EAC7}.Release|x86.ActiveCfg = Release|Win32
		{76B6200A-1010-48A2-A500-AF240579EAC7}.Release|x86.Build.0 = Release|Win32
		{EC45EC56-15FD-423E-896F-FC36636BBD6A}.Debug|x64.ActiveCfg = Debug|x64
		{EC45EC56-15FD-423E-896F-FC36636BBD6A}.Debug|x64.Build.0 = Debug|x64
		{EC45EC56-15FD-423E-896F-FC36636BBD6A}.Debug|x86.ActiveCfg = Debug|Win32
		{EC45EC56-15FD-423E-896F-FC36636BBD6A}.Debug|x86.Build.0 = Debug|Win32
		{EC45EC56-15FD-423E-896F-FC36636BBD6A}.Release|x64.ActiveCfg = Release|x64
		{EC45EC56-15FD-423E-896F-FC36636BBD6A}.Release|x64.Build.0 = Release|x64
		{EC45EC56-15FD-423E-896F-FC36636BBD6A}.Release|x86.ActiveCfg = Release|Win32
		{EC45EC56-15FD-423E-896F-FC36636BBD6A}.Release|x86.Build.0 = Release|Win32
		{7269B244-8ACF-479D-AE05-A07BF16CA3BD}.Debug|x64.ActiveCfg = Debug|x64
		{7269B244-8ACF-479D-AE05-A07BF16CA3BD}.Debug|x64.Build.0 = Debug|x64
		{7269B244-8ACF-479D-AE05-A07BF16CA3BD}.Debug|x86.ActiveCfg = Debug|Win32
		{7269B244-8ACF-479D-AE05-A07BF16CA3BD}.Debug|x86.Build.0 = Debug|Win32
		{7269B244-8ACF-479D-AE05-A07BF16CA3BD}.Release|x64.ActiveCfg = Release|x64
		{7269B244-8ACF-479D-AE05-A07BF16CA3BD}.Release|x64.Build.0 = Release|x64
		{7269B244-8ACF-479D-AE05-A07BF16CA3BD}.Release|x86.ActiveCfg = Release|Win32
		{7269B244-8ACF-479D-AE05-A07BF16CA3BD}.Release|x86.Build.0 = Release|Win32
		{D808F0B1-BCA2-4DF2-9756-54FFA2C47525}.Debug|x64.ActiveCfg = Debug|x64
		{D808F0B1-BCA2-4DF2-9756-54FFA2C47525}.Debug|x64.Build.0 = Debug|x64
		{D808F0B1-BCA2-4DF2-9756-54FFA2C47525}.Debug|x86.ActiveCfg = Debug|Win32
		{D808F0B1-BCA2-4DF2-9756-54FFA2C47525}.Debug|x86.Build.0 = Debug|Win32
		{D808F0B1-BCA2-4DF2-9756-54FFA2C47525}.Release|x64.ActiveCfg = Release|x64
		{D808F0B1-BCA2-4DF2-9756-54FFA2C47525}.Release|x64.Build.0 = Release|x64
		{D808F0B1-BCA2-4DF2-9756-54FFA2C47525}.Release|x86.ActiveCfg = Release|Win32
		{D808F0B1-BCA2-4DF2-9756-54FFA2C47525}.Release|x86.Build.0 = Release|Win32
		{982E7851-E9C8-4C00-9456-9196F350A413}.Debug|x64.ActiveCfg = Debug|x64
		{982E7851-E9C8-4C00-9456-9196F350A413}.Debug|x64.Build.0 = Debug|x64
		{982E7851-E9C8-4C00-9456-9196F350A413}.Debug|x86.ActiveCfg = Debug|Win32
		{982E7851-E9C8-4C00-9456-9196F350A413}.Debug|x86.Build.0 = Debug|Win32
		{982E7851-E9C8-4C00-9456-9196F350A413}.Release|x64.ActiveCfg = Release|x64
		{982E7851-E9C8-4C00-9456-9196F350A413}.Release|x64.Build.0 = Release|x64
		{982E7851-E9C8-4C00-9456-9196F350A413}.Release|x86.ActiveCfg = Release|Win32
		{982E7851-E9C8-4C00-9456-9196F350A413}.Release|x86.Build.0 = Release|Win32
		{72004059-85CD-43FA-ADAE-6B2F4269E8A6}.Debug|x64.ActiveCfg = Debug|x64
		{72004059-85CD-43FA-ADAE-6B2F4269E8A6}.Debug|x64.Build.0 = Debug|x64
		{72004059-85CD-43FA-ADAE-6B2F4269E8A6}.Debug|x86.ActiveCfg = Debug|Win32
		{72004059-85CD-43FA-ADAE-6B2F4269E8A6}.Debug|x86.Build.0 = Debug|Win32
		{72004059-85CD-43FA-ADAE-6B2F4269E8A6}.Release|x64.ActiveCfg = Release|x64
		{72004059-85CD-43FA-ADAE-6B2F4269E8A6}.Release|x64.Build.0 = Release|x64
		{72004059-85CD-43FA-ADAE-6B2F4269E8A6}.Release|x86.ActiveCfg = Release|Win32
		{72004059-85CD-43FA-ADAE-6B2F4269E8A6}.Release|x86.Build.0 = Release|Win32
		{0B8D35AD-EEED-4507-8F64-9878D4B6CE9D}.Debug|x64.ActiveCfg = Debug|x64
		{0B8D35AD-EEED-4507-8F64-9878D4B6CE9D}.Debug|x64.Build.0 = Debug|x64
		{0B8D35AD-EEED-4507-8F64-9878D4B6CE9D}.Debug|x86.ActiveCfg = Debug|Win32
		{0B8D35AD-EEED-4507-8F64-9878D4B6CE9D}.Debug|x86.Build.0 = Debug|Win32
		{0B8D35AD-EEED-4507-8F64-9878D4B6CE9D}.Release|x64.ActiveCfg = Release|x64
		{0B8D35AD-EEED-4507-8F64-9878D4B6CE9D}.Release|x64.Build.0 = Release|x64
		{0B8D35AD-EEED-4507-8F64-9878D4B6CE9D}.Release|x86.ActiveCfg = Release|Win32
		{0B8D35AD-EEED-4507-8F64-9878D4B6CE9D}.Release|x86.Build.0 = Release|Win32
		{DF2A1C6A-66CE-4062-B20C-AE5357A9EE60}.Debug|x64.ActiveCfg = Debug|x64
		{DF2A1C6A-66CE-4062-B20C-AE5357A9EE60}.Debug|x64.Build.0 = Debug|x64
		{DF2A1C6A-66CE-4062-B20C-AE5357A9EE60}.Debug|x86.ActiveCfg = Debug|Win32
		{DF2A1C6A-66CE-4062-B20C-AE5357A9EE60}.Debug|x86.Build.0 = Debug|Win32
		{DF2A1C6A-66CE-4062-B20C-AE5357A9EE60}.Release|x64.ActiveCfg = Release|x64
		{DF2A1C6A-66CE-4062-B20C-AE5357A9EE60}.Release|x64.Build.0 = Release|x64
		{DF2A1C6A-66CE-4062-B20C-AE5357A9EE60}.Release|x86.ActiveCfg = Release|Win32
		{DF2A1C6A-66CE-4062-B20C-AE5357A9EE60}.Release|x86.Build.0 = Release|Win32
		{7861B07C-A45F-44D1-8398-84DF606253A2}.Debug|x64.ActiveCfg = Debug|x64
		{7861B07C-A45F-44D1-8398-84DF606253A2}.Debug|x64.Build.0 = Debug|x64
		{7861B07C-A45F-44D1-8398-84DF606253A2}.Debug|x86.ActiveCfg = Debug|Win32
		{7861B07C-A45F-44D1-8398-84DF606253A2}.Debug|x86.Build.0 = Debug|Win32
		{7861B07C-A45F-44D1-8398-84DF606253A2}.Release|x64.ActiveCfg = Release|x64
		{7861B07C-A45F-44D1-8398-84DF606253A2}.Release|x64.Build.0 = Release|x64
		{7861B07C-A45F-44D1-8398-84DF606253A2}.Release|x86.ActiveCfg = Release|Win32
		{7861B07C-A45F-44D1-8398-84DF606253A2}.Release|x86.Build.0 = Release|Win32
		{6882E483-BAB1-4FA0-9F7C-495634F7F9D1}.Debug|x64.ActiveCfg = Debug|x64
		{6882E483-BAB1-4FA0-9F7C-495634F7F9D1}.Debug|x64.Build.0 = Debug|x64
		{6882E483-BAB1-4FA0-9F7C-495634F7F9D1}.Debug|x86.ActiveCfg = Debug|Win32
		{6882E483-BAB1-4FA0-9F7C-495634F7F9D1}.Debug|x86.Build.0 = Debug|Win32
		{6882E483-BAB1-4FA0-9F7C-495634F7F9D1}.Release|x64.ActiveCfg = Release|x64
		{6882E483-BAB1-4FA0-9F7C-495634F7F9D1}.Release|x64.Build.0 = Release|x64
		{6882E483-BAB1-4FA0-9F7C-495634F7F9D1}.Release|x86.ActiveCfg = Release|Win32
		{6882E483-BAB1-4FA0-9F7C-495634F7F9D1}.Release|x86.Build.0 = Release|Win32
		{45EADB94-1208-457C-AE5D-A751F1B0533A}.Debug|x64.ActiveCfg = Debug|x64
		{45EADB94-1208-457C-AE5D-A751F1B0533A}.Debug|x64.Build.0 = Debug|x64
		{45EADB94-1208-457C-AE5D-A751F1B0533A}.Debug|x86.ActiveCfg = Debug|Win32
		{45EADB94-1208-457C-AE5D-A751F1B0533A}.Debug|x86.Build.0 = Debug|Win32
		{45EADB94-1208-457C-AE5D-A751F1B0533A}.Release|x64.ActiveCfg = Release|x64
		{45EADB94-1208-457C-AE5D-A751F1B0533A}.Release|x64.Build.0 = Release|x64
		{45EADB94-1208-457C-AE5D-A751F1B0533A}.Release|x86.ActiveCfg = Release|Win32
		{45EADB94-1208-457C-AE5D-A751F1B0533A}.Release|x86.Build.0 = Release|Win32
		{24CE08CA-F868-4566-90A5-F2D0413A2468}.Debug|x64.ActiveCfg = Debug|x64
		{24CE08CA-F868-4566-90A5-F2D0413A2468}.Debug|x64.Build.0 = Debug|x64
		{24CE08CA-F868-4566-90A5-F2D0413A2468}.Debug|x86.ActiveCfg = Debug|Win32
		{24CE08CA-F868-4566-90A5-F2D0413A2468}.Debug|x86.Build.0 = Debug|Win32
		{24CE08CA-F868-4566-90A5-F2D0413A2468}.Release|x64.ActiveCfg = Release|x64
		{24CE08CA-F868-4566-90A5-F2D0413A2468}.Release|x64.Build.0 = Release|x64
		{24CE08CA-F868-4566-90A5-F2D0413A2468}.Release|x86.ActiveCfg = Release|Win32
		{24CE08CA-F868-4566-90A5-F2D0413A2468}.Release|x86.Build.0 = Release|Win32
	EndGlobalSection
	GlobalSection(SolutionProperties) = preSolution
		HideSolutionNode = FALSE
	EndGlobalSection
	GlobalSection(ExtensibilityGlobals) = postSolution
		SolutionGuid = {B43793D7-766A-4F98-98D3-217F679B5174}
	EndGlobalSection
EndGlobal
